// !$*UTF8*$!
{
	archiveVersion = 1;
	classes = {
	};
	objectVersion = 50;
	objects = {

/* Begin PBXBuildFile section */
		234FF21624C81EF9000D48AA /* AppDelegate.m in Sources */ = {isa = PBXBuildFile; fileRef = 234FF21524C81EF9000D48AA /* AppDelegate.m */; };
		234FF21924C81EF9000D48AA /* SceneDelegate.m in Sources */ = {isa = PBXBuildFile; fileRef = 234FF21824C81EF9000D48AA /* SceneDelegate.m */; };
		234FF21C24C81EF9000D48AA /* ViewController.m in Sources */ = {isa = PBXBuildFile; fileRef = 234FF21B24C81EF9000D48AA /* ViewController.m */; };
		234FF21F24C81EF9000D48AA /* Main.storyboard in Resources */ = {isa = PBXBuildFile; fileRef = 234FF21D24C81EF9000D48AA /* Main.storyboard */; };
		234FF22124C81EFC000D48AA /* Assets.xcassets in Resources */ = {isa = PBXBuildFile; fileRef = 234FF22024C81EFC000D48AA /* Assets.xcassets */; };
		234FF22424C81EFC000D48AA /* LaunchScreen.storyboard in Resources */ = {isa = PBXBuildFile; fileRef = 234FF22224C81EFC000D48AA /* LaunchScreen.storyboard */; };
		234FF22724C81EFC000D48AA /* main.m in Sources */ = {isa = PBXBuildFile; fileRef = 234FF22624C81EFC000D48AA /* main.m */; };
		234FF23124C81EFC000D48AA /* CAGradientLayer____Tests.m in Sources */ = {isa = PBXBuildFile; fileRef = 234FF23024C81EFC000D48AA /* CAGradientLayer____Tests.m */; };
		234FF23C24C81EFC000D48AA /* CAGradientLayer____UITests.m in Sources */ = {isa = PBXBuildFile; fileRef = 234FF23B24C81EFC000D48AA /* CAGradientLayer____UITests.m */; };
/* End PBXBuildFile section */

/* Begin PBXContainerItemProxy section */
		234FF22D24C81EFC000D48AA /* PBXContainerItemProxy */ = {
			isa = PBXContainerItemProxy;
			containerPortal = 234FF20924C81EF9000D48AA /* Project object */;
			proxyType = 1;
			remoteGlobalIDString = 234FF21024C81EF9000D48AA;
			remoteInfo = "CAGradientLayer实现渐变";
		};
		234FF23824C81EFC000D48AA /* PBXContainerItemProxy */ = {
			isa = PBXContainerItemProxy;
			containerPortal = 234FF20924C81EF9000D48AA /* Project object */;
			proxyType = 1;
			remoteGlobalIDString = 234FF21024C81EF9000D48AA;
			remoteInfo = "CAGradientLayer实现渐变";
		};
/* End PBXContainerItemProxy section */

/* Begin PBXFileReference section */
		234FF21124C81EF9000D48AA /* CAGradientLayer实现渐变.app */ = {isa = PBXFileReference; explicitFileType = wrapper.application; includeInIndex = 0; path = "CAGradientLayer实现渐变.app"; sourceTree = BUILT_PRODUCTS_DIR; };
		234FF21424C81EF9000D48AA /* AppDelegate.h */ = {isa = PBXFileReference; lastKnownFileType = sourcecode.c.h; path = AppDelegate.h; sourceTree = "<group>"; };
		234FF21524C81EF9000D48AA /* AppDelegate.m */ = {isa = PBXFileReference; lastKnownFileType = sourcecode.c.objc; path = AppDelegate.m; sourceTree = "<group>"; };
		234FF21724C81EF9000D48AA /* SceneDelegate.h */ = {isa = PBXFileReference; lastKnownFileType = sourcecode.c.h; path = SceneDelegate.h; sourceTree = "<group>"; };
		234FF21824C81EF9000D48AA /* SceneDelegate.m */ = {isa = PBXFileReference; lastKnownFileType = sourcecode.c.objc; path = SceneDelegate.m; sourceTree = "<group>"; };
		234FF21A24C81EF9000D48AA /* ViewController.h */ = {isa = PBXFileReference; lastKnownFileType = sourcecode.c.h; path = ViewController.h; sourceTree = "<group>"; };
		234FF21B24C81EF9000D48AA /* ViewController.m */ = {isa = PBXFileReference; lastKnownFileType = sourcecode.c.objc; path = ViewController.m; sourceTree = "<group>"; };
		234FF21E24C81EF9000D48AA /* Base */ = {isa = PBXFileReference; lastKnownFileType = file.storyboard; name = Base; path = Base.lproj/Main.storyboard; sourceTree = "<group>"; };
		234FF22024C81EFC000D48AA /* Assets.xcassets */ = {isa = PBXFileReference; lastKnownFileType = folder.assetcatalog; path = Assets.xcassets; sourceTree = "<group>"; };
		234FF22324C81EFC000D48AA /* Base */ = {isa = PBXFileReference; lastKnownFileType = file.storyboard; name = Base; path = Base.lproj/LaunchScreen.storyboard; sourceTree = "<group>"; };
		234FF22524C81EFC000D48AA /* Info.plist */ = {isa = PBXFileReference; lastKnownFileType = text.plist.xml; path = Info.plist; sourceTree = "<group>"; };
		234FF22624C81EFC000D48AA /* main.m */ = {isa = PBXFileReference; lastKnownFileType = sourcecode.c.objc; path = main.m; sourceTree = "<group>"; };
		234FF22C24C81EFC000D48AA /* CAGradientLayer实现渐变Tests.xctest */ = {isa = PBXFileReference; explicitFileType = wrapper.cfbundle; includeInIndex = 0; path = "CAGradientLayer实现渐变Tests.xctest"; sourceTree = BUILT_PRODUCTS_DIR; };
		234FF23024C81EFC000D48AA /* CAGradientLayer____Tests.m */ = {isa = PBXFileReference; lastKnownFileType = sourcecode.c.objc; path = "CAGradientLayer____Tests.m"; sourceTree = "<group>"; };
		234FF23224C81EFC000D48AA /* Info.plist */ = {isa = PBXFileReference; lastKnownFileType = text.plist.xml; path = Info.plist; sourceTree = "<group>"; };
		234FF23724C81EFC000D48AA /* CAGradientLayer实现渐变UITests.xctest */ = {isa = PBXFileReference; explicitFileType = wrapper.cfbundle; includeInIndex = 0; path = "CAGradientLayer实现渐变UITests.xctest"; sourceTree = BUILT_PRODUCTS_DIR; };
		234FF23B24C81EFC000D48AA /* CAGradientLayer____UITests.m */ = {isa = PBXFileReference; lastKnownFileType = sourcecode.c.objc; path = "CAGradientLayer____UITests.m"; sourceTree = "<group>"; };
		234FF23D24C81EFC000D48AA /* Info.plist */ = {isa = PBXFileReference; lastKnownFileType = text.plist.xml; path = Info.plist; sourceTree = "<group>"; };
/* End PBXFileReference section */

/* Begin PBXFrameworksBuildPhase section */
		234FF20E24C81EF9000D48AA /* Frameworks */ = {
			isa = PBXFrameworksBuildPhase;
			buildActionMask = 2147483647;
			files = (
			);
			runOnlyForDeploymentPostprocessing = 0;
		};
		234FF22924C81EFC000D48AA /* Frameworks */ = {
			isa = PBXFrameworksBuildPhase;
			buildActionMask = 2147483647;
			files = (
			);
			runOnlyForDeploymentPostprocessing = 0;
		};
		234FF23424C81EFC000D48AA /* Frameworks */ = {
			isa = PBXFrameworksBuildPhase;
			buildActionMask = 2147483647;
			files = (
			);
			runOnlyForDeploymentPostprocessing = 0;
		};
/* End PBXFrameworksBuildPhase section */

/* Begin PBXGroup section */
		234FF20824C81EF9000D48AA = {
			isa = PBXGroup;
			children = (
				234FF21324C81EF9000D48AA /* CAGradientLayer实现渐变 */,
				234FF22F24C81EFC000D48AA /* CAGradientLayer实现渐变Tests */,
				234FF23A24C81EFC000D48AA /* CAGradientLayer实现渐变UITests */,
				234FF21224C81EF9000D48AA /* Products */,
			);
			sourceTree = "<group>";
		};
		234FF21224C81EF9000D48AA /* Products */ = {
			isa = PBXGroup;
			children = (
				234FF21124C81EF9000D48AA /* CAGradientLayer实现渐变.app */,
				234FF22C24C81EFC000D48AA /* CAGradientLayer实现渐变Tests.xctest */,
				234FF23724C81EFC000D48AA /* CAGradientLayer实现渐变UITests.xctest */,
			);
			name = Products;
			sourceTree = "<group>";
		};
		234FF21324C81EF9000D48AA /* CAGradientLayer实现渐变 */ = {
			isa = PBXGroup;
			children = (
				234FF21424C81EF9000D48AA /* AppDelegate.h */,
				234FF21524C81EF9000D48AA /* AppDelegate.m */,
				234FF21724C81EF9000D48AA /* SceneDelegate.h */,
				234FF21824C81EF9000D48AA /* SceneDelegate.m */,
				234FF21A24C81EF9000D48AA /* ViewController.h */,
				234FF21B24C81EF9000D48AA /* ViewController.m */,
				234FF21D24C81EF9000D48AA /* Main.storyboard */,
				234FF22024C81EFC000D48AA /* Assets.xcassets */,
				234FF22224C81EFC000D48AA /* LaunchScreen.storyboard */,
				234FF22524C81EFC000D48AA /* Info.plist */,
				234FF22624C81EFC000D48AA /* main.m */,
			);
			path = "CAGradientLayer实现渐变";
			sourceTree = "<group>";
		};
		234FF22F24C81EFC000D48AA /* CAGradientLayer实现渐变Tests */ = {
			isa = PBXGroup;
			children = (
				234FF23024C81EFC000D48AA /* CAGradientLayer____Tests.m */,
				234FF23224C81EFC000D48AA /* Info.plist */,
			);
			path = "CAGradientLayer实现渐变Tests";
			sourceTree = "<group>";
		};
		234FF23A24C81EFC000D48AA /* CAGradientLayer实现渐变UITests */ = {
			isa = PBXGroup;
			children = (
				234FF23B24C81EFC000D48AA /* CAGradientLayer____UITests.m */,
				234FF23D24C81EFC000D48AA /* Info.plist */,
			);
			path = "CAGradientLayer实现渐变UITests";
			sourceTree = "<group>";
		};
/* End PBXGroup section */

/* Begin PBXNativeTarget section */
		234FF21024C81EF9000D48AA /* CAGradientLayer实现渐变 */ = {
			isa = PBXNativeTarget;
			buildConfigurationList = 234FF24024C81EFC000D48AA /* Build configuration list for PBXNativeTarget "CAGradientLayer实现渐变" */;
			buildPhases = (
				234FF20D24C81EF9000D48AA /* Sources */,
				234FF20E24C81EF9000D48AA /* Frameworks */,
				234FF20F24C81EF9000D48AA /* Resources */,
			);
			buildRules = (
			);
			dependencies = (
			);
			name = "CAGradientLayer实现渐变";
			productName = "CAGradientLayer实现渐变";
			productReference = 234FF21124C81EF9000D48AA /* CAGradientLayer实现渐变.app */;
			productType = "com.apple.product-type.application";
		};
		234FF22B24C81EFC000D48AA /* CAGradientLayer实现渐变Tests */ = {
			isa = PBXNativeTarget;
			buildConfigurationList = 234FF24324C81EFC000D48AA /* Build configuration list for PBXNativeTarget "CAGradientLayer实现渐变Tests" */;
			buildPhases = (
				234FF22824C81EFC000D48AA /* Sources */,
				234FF22924C81EFC000D48AA /* Frameworks */,
				234FF22A24C81EFC000D48AA /* Resources */,
			);
			buildRules = (
			);
			dependencies = (
				234FF22E24C81EFC000D48AA /* PBXTargetDependency */,
			);
			name = "CAGradientLayer实现渐变Tests";
			productName = "CAGradientLayer实现渐变Tests";
			productReference = 234FF22C24C81EFC000D48AA /* CAGradientLayer实现渐变Tests.xctest */;
			productType = "com.apple.product-type.bundle.unit-test";
		};
		234FF23624C81EFC000D48AA /* CAGradientLayer实现渐变UITests */ = {
			isa = PBXNativeTarget;
			buildConfigurationList = 234FF24624C81EFC000D48AA /* Build configuration list for PBXNativeTarget "CAGradientLayer实现渐变UITests" */;
			buildPhases = (
				234FF23324C81EFC000D48AA /* Sources */,
				234FF23424C81EFC000D48AA /* Frameworks */,
				234FF23524C81EFC000D48AA /* Resources */,
			);
			buildRules = (
			);
			dependencies = (
				234FF23924C81EFC000D48AA /* PBXTargetDependency */,
			);
			name = "CAGradientLayer实现渐变UITests";
			productName = "CAGradientLayer实现渐变UITests";
			productReference = 234FF23724C81EFC000D48AA /* CAGradientLayer实现渐变UITests.xctest */;
			productType = "com.apple.product-type.bundle.ui-testing";
		};
/* End PBXNativeTarget section */

/* Begin PBXProject section */
		234FF20924C81EF9000D48AA /* Project object */ = {
			isa = PBXProject;
			attributes = {
				LastUpgradeCheck = 1130;
				ORGANIZATIONNAME = lvguangda;
				TargetAttributes = {
					234FF21024C81EF9000D48AA = {
						CreatedOnToolsVersion = 11.3;
					};
					234FF22B24C81EFC000D48AA = {
						CreatedOnToolsVersion = 11.3;
						TestTargetID = 234FF21024C81EF9000D48AA;
					};
					234FF23624C81EFC000D48AA = {
						CreatedOnToolsVersion = 11.3;
						TestTargetID = 234FF21024C81EF9000D48AA;
					};
				};
			};
			buildConfigurationList = 234FF20C24C81EF9000D48AA /* Build configuration list for PBXProject "CAGradientLayer实现渐变" */;
			compatibilityVersion = "Xcode 9.3";
			developmentRegion = en;
			hasScannedForEncodings = 0;
			knownRegions = (
				en,
				Base,
			);
			mainGroup = 234FF20824C81EF9000D48AA;
			productRefGroup = 234FF21224C81EF9000D48AA /* Products */;
			projectDirPath = "";
			projectRoot = "";
			targets = (
				234FF21024C81EF9000D48AA /* CAGradientLayer实现渐变 */,
				234FF22B24C81EFC000D48AA /* CAGradientLayer实现渐变Tests */,
				234FF23624C81EFC000D48AA /* CAGradientLayer实现渐变UITests */,
			);
		};
/* End PBXProject section */

/* Begin PBXResourcesBuildPhase section */
		234FF20F24C81EF9000D48AA /* Resources */ = {
			isa = PBXResourcesBuildPhase;
			buildActionMask = 2147483647;
			files = (
				234FF22424C81EFC000D48AA /* LaunchScreen.storyboard in Resources */,
				234FF22124C81EFC000D48AA /* Assets.xcassets in Resources */,
				234FF21F24C81EF9000D48AA /* Main.storyboard in Resources */,
			);
			runOnlyForDeploymentPostprocessing = 0;
		};
		234FF22A24C81EFC000D48AA /* Resources */ = {
			isa = PBXResourcesBuildPhase;
			buildActionMask = 2147483647;
			files = (
			);
			runOnlyForDeploymentPostprocessing = 0;
		};
		234FF23524C81EFC000D48AA /* Resources */ = {
			isa = PBXResourcesBuildPhase;
			buildActionMask = 2147483647;
			files = (
			);
			runOnlyForDeploymentPostprocessing = 0;
		};
/* End PBXResourcesBuildPhase section */

/* Begin PBXSourcesBuildPhase section */
		234FF20D24C81EF9000D48AA /* Sources */ = {
			isa = PBXSourcesBuildPhase;
			buildActionMask = 2147483647;
			files = (
				234FF21C24C81EF9000D48AA /* ViewController.m in Sources */,
				234FF21624C81EF9000D48AA /* AppDelegate.m in Sources */,
				234FF22724C81EFC000D48AA /* main.m in Sources */,
				234FF21924C81EF9000D48AA /* SceneDelegate.m in Sources */,
			);
			runOnlyForDeploymentPostprocessing = 0;
		};
		234FF22824C81EFC000D48AA /* Sources */ = {
			isa = PBXSourcesBuildPhase;
			buildActionMask = 2147483647;
			files = (
				234FF23124C81EFC000D48AA /* CAGradientLayer____Tests.m in Sources */,
			);
			runOnlyForDeploymentPostprocessing = 0;
		};
		234FF23324C81EFC000D48AA /* Sources */ = {
			isa = PBXSourcesBuildPhase;
			buildActionMask = 2147483647;
			files = (
				234FF23C24C81EFC000D48AA /* CAGradientLayer____UITests.m in Sources */,
			);
			runOnlyForDeploymentPostprocessing = 0;
		};
/* End PBXSourcesBuildPhase section */

/* Begin PBXTargetDependency section */
		234FF22E24C81EFC000D48AA /* PBXTargetDependency */ = {
			isa = PBXTargetDependency;
			target = 234FF21024C81EF9000D48AA /* CAGradientLayer实现渐变 */;
			targetProxy = 234FF22D24C81EFC000D48AA /* PBXContainerItemProxy */;
		};
		234FF23924C81EFC000D48AA /* PBXTargetDependency */ = {
			isa = PBXTargetDependency;
			target = 234FF21024C81EF9000D48AA /* CAGradientLayer实现渐变 */;
			targetProxy = 234FF23824C81EFC000D48AA /* PBXContainerItemProxy */;
		};
/* End PBXTargetDependency section */

/* Begin PBXVariantGroup section */
		234FF21D24C81EF9000D48AA /* Main.storyboard */ = {
			isa = PBXVariantGroup;
			children = (
				234FF21E24C81EF9000D48AA /* Base */,
			);
			name = Main.storyboard;
			sourceTree = "<group>";
		};
		234FF22224C81EFC000D48AA /* LaunchScreen.storyboard */ = {
			isa = PBXVariantGroup;
			children = (
				234FF22324C81EFC000D48AA /* Base */,
			);
			name = LaunchScreen.storyboard;
			sourceTree = "<group>";
		};
/* End PBXVariantGroup section */

/* Begin XCBuildConfiguration section */
		234FF23E24C81EFC000D48AA /* Debug */ = {
			isa = XCBuildConfiguration;
			buildSettings = {
				ALWAYS_SEARCH_USER_PATHS = NO;
				CLANG_ANALYZER_NONNULL = YES;
				CLANG_ANALYZER_NUMBER_OBJECT_CONVERSION = YES_AGGRESSIVE;
				CLANG_CXX_LANGUAGE_STANDARD = "gnu++14";
				CLANG_CXX_LIBRARY = "libc++";
				CLANG_ENABLE_MODULES = YES;
				CLANG_ENABLE_OBJC_ARC = YES;
				CLANG_ENABLE_OBJC_WEAK = YES;
				CLANG_WARN_BLOCK_CAPTURE_AUTORELEASING = YES;
				CLANG_WARN_BOOL_CONVERSION = YES;
				CLANG_WARN_COMMA = YES;
				CLANG_WARN_CONSTANT_CONVERSION = YES;
				CLANG_WARN_DEPRECATED_OBJC_IMPLEMENTATIONS = YES;
				CLANG_WARN_DIRECT_OBJC_ISA_USAGE = YES_ERROR;
				CLANG_WARN_DOCUMENTATION_COMMENTS = YES;
				CLANG_WARN_EMPTY_BODY = YES;
				CLANG_WARN_ENUM_CONVERSION = YES;
				CLANG_WARN_INFINITE_RECURSION = YES;
				CLANG_WARN_INT_CONVERSION = YES;
				CLANG_WARN_NON_LITERAL_NULL_CONVERSION = YES;
				CLANG_WARN_OBJC_IMPLICIT_RETAIN_SELF = YES;
				CLANG_WARN_OBJC_LITERAL_CONVERSION = YES;
				CLANG_WARN_OBJC_ROOT_CLASS = YES_ERROR;
				CLANG_WARN_RANGE_LOOP_ANALYSIS = YES;
				CLANG_WARN_STRICT_PROTOTYPES = YES;
				CLANG_WARN_SUSPICIOUS_MOVE = YES;
				CLANG_WARN_UNGUARDED_AVAILABILITY = YES_AGGRESSIVE;
				CLANG_WARN_UNREACHABLE_CODE = YES;
				CLANG_WARN__DUPLICATE_METHOD_MATCH = YES;
				COPY_PHASE_STRIP = NO;
				DEBUG_INFORMATION_FORMAT = dwarf;
				ENABLE_STRICT_OBJC_MSGSEND = YES;
				ENABLE_TESTABILITY = YES;
				GCC_C_LANGUAGE_STANDARD = gnu11;
				GCC_DYNAMIC_NO_PIC = NO;
				GCC_NO_COMMON_BLOCKS = YES;
				GCC_OPTIMIZATION_LEVEL = 0;
				GCC_PREPROCESSOR_DEFINITIONS = (
					"DEBUG=1",
					"$(inherited)",
				);
				GCC_WARN_64_TO_32_BIT_CONVERSION = YES;
				GCC_WARN_ABOUT_RETURN_TYPE = YES_ERROR;
				GCC_WARN_UNDECLARED_SELECTOR = YES;
				GCC_WARN_UNINITIALIZED_AUTOS = YES_AGGRESSIVE;
				GCC_WARN_UNUSED_FUNCTION = YES;
				GCC_WARN_UNUSED_VARIABLE = YES;
				IPHONEOS_DEPLOYMENT_TARGET = 13.5;
				MTL_ENABLE_DEBUG_INFO = INCLUDE_SOURCE;
				MTL_FAST_MATH = YES;
				ONLY_ACTIVE_ARCH = YES;
				SDKROOT = iphoneos;
			};
			name = Debug;
		};
		234FF23F24C81EFC000D48AA /* Release */ = {
			isa = XCBuildConfiguration;
			buildSettings = {
				ALWAYS_SEARCH_USER_PATHS = NO;
				CLANG_ANALYZER_NONNULL = YES;
				CLANG_ANALYZER_NUMBER_OBJECT_CONVERSION = YES_AGGRESSIVE;
				CLANG_CXX_LANGUAGE_STANDARD = "gnu++14";
				CLANG_CXX_LIBRARY = "libc++";
				CLANG_ENABLE_MODULES = YES;
				CLANG_ENABLE_OBJC_ARC = YES;
				CLANG_ENABLE_OBJC_WEAK = YES;
				CLANG_WARN_BLOCK_CAPTURE_AUTORELEASING = YES;
				CLANG_WARN_BOOL_CONVERSION = YES;
				CLANG_WARN_COMMA = YES;
				CLANG_WARN_CONSTANT_CONVERSION = YES;
				CLANG_WARN_DEPRECATED_OBJC_IMPLEMENTATIONS = YES;
				CLANG_WARN_DIRECT_OBJC_ISA_USAGE = YES_ERROR;
				CLANG_WARN_DOCUMENTATION_COMMENTS = YES;
				CLANG_WARN_EMPTY_BODY = YES;
				CLANG_WARN_ENUM_CONVERSION = YES;
				CLANG_WARN_INFINITE_RECURSION = YES;
				CLANG_WARN_INT_CONVERSION = YES;
				CLANG_WARN_NON_LITERAL_NULL_CONVERSION = YES;
				CLANG_WARN_OBJC_IMPLICIT_RETAIN_SELF = YES;
				CLANG_WARN_OBJC_LITERAL_CONVERSION = YES;
				CLANG_WARN_OBJC_ROOT_CLASS = YES_ERROR;
				CLANG_WARN_RANGE_LOOP_ANALYSIS = YES;
				CLANG_WARN_STRICT_PROTOTYPES = YES;
				CLANG_WARN_SUSPICIOUS_MOVE = YES;
				CLANG_WARN_UNGUARDED_AVAILABILITY = YES_AGGRESSIVE;
				CLANG_WARN_UNREACHABLE_CODE = YES;
				CLANG_WARN__DUPLICATE_METHOD_MATCH = YES;
				COPY_PHASE_STRIP = NO;
				DEBUG_INFORMATION_FORMAT = "dwarf-with-dsym";
				ENABLE_NS_ASSERTIONS = NO;
				ENABLE_STRICT_OBJC_MSGSEND = YES;
				GCC_C_LANGUAGE_STANDARD = gnu11;
				GCC_NO_COMMON_BLOCKS = YES;
				GCC_WARN_64_TO_32_BIT_CONVERSION = YES;
				GCC_WARN_ABOUT_RETURN_TYPE = YES_ERROR;
				GCC_WARN_UNDECLARED_SELECTOR = YES;
				GCC_WARN_UNINITIALIZED_AUTOS = YES_AGGRESSIVE;
				GCC_WARN_UNUSED_FUNCTION = YES;
				GCC_WARN_UNUSED_VARIABLE = YES;
				IPHONEOS_DEPLOYMENT_TARGET = 13.5;
				MTL_ENABLE_DEBUG_INFO = NO;
				MTL_FAST_MATH = YES;
				SDKROOT = iphoneos;
				VALIDATE_PRODUCT = YES;
			};
			name = Release;
		};
		234FF24124C81EFC000D48AA /* Debug */ = {
			isa = XCBuildConfiguration;
			buildSettings = {
				ASSETCATALOG_COMPILER_APPICON_NAME = AppIcon;
				CODE_SIGN_STYLE = Automatic;
				DEVELOPMENT_TEAM = MC32WL4XZA;
				INFOPLIST_FILE = "CAGradientLayer实现渐变/Info.plist";
				IPHONEOS_DEPLOYMENT_TARGET = 13.2;
				LD_RUNPATH_SEARCH_PATHS = (
					"$(inherited)",
					"@executable_path/Frameworks",
				);
				PRODUCT_BUNDLE_IDENTIFIER = "com.vmei.vmei.CAGradientLayer----";
				PRODUCT_NAME = "$(TARGET_NAME)";
				TARGETED_DEVICE_FAMILY = "1,2";
			};
			name = Debug;
		};
		234FF24224C81EFC000D48AA /* Release */ = {
			isa = XCBuildConfiguration;
			buildSettings = {
				ASSETCATALOG_COMPILER_APPICON_NAME = AppIcon;
				CODE_SIGN_STYLE = Automatic;
				DEVELOPMENT_TEAM = MC32WL4XZA;
				INFOPLIST_FILE = "CAGradientLayer实现渐变/Info.plist";
				IPHONEOS_DEPLOYMENT_TARGET = 13.2;
				LD_RUNPATH_SEARCH_PATHS = (
					"$(inherited)",
					"@executable_path/Frameworks",
				);
				PRODUCT_BUNDLE_IDENTIFIER = "com.vmei.vmei.CAGradientLayer----";
				PRODUCT_NAME = "$(TARGET_NAME)";
				TARGETED_DEVICE_FAMILY = "1,2";
			};
			name = Release;
		};
		234FF24424C81EFC000D48AA /* Debug */ = {
			isa = XCBuildConfiguration;
			buildSettings = {
				BUNDLE_LOADER = "$(TEST_HOST)";
				CODE_SIGN_STYLE = Automatic;
				DEVELOPMENT_TEAM = MC32WL4XZA;
				INFOPLIST_FILE = "CAGradientLayer实现渐变Tests/Info.plist";
				IPHONEOS_DEPLOYMENT_TARGET = 13.5;
				LD_RUNPATH_SEARCH_PATHS = (
					"$(inherited)",
					"@executable_path/Frameworks",
					"@loader_path/Frameworks",
				);
				PRODUCT_BUNDLE_IDENTIFIER = "com.vmei.vmei.CAGradientLayer----Tests";
				PRODUCT_NAME = "$(TARGET_NAME)";
				TARGETED_DEVICE_FAMILY = "1,2";
				TEST_HOST = "$(BUILT_PRODUCTS_DIR)/CAGradientLayer实现渐变.app/CAGradientLayer实现渐变";
			};
			name = Debug;
		};
		234FF24524C81EFC000D48AA /* Release */ = {
			isa = XCBuildConfiguration;
			buildSettings = {
				BUNDLE_LOADER = "$(TEST_HOST)";
				CODE_SIGN_STYLE = Automatic;
				DEVELOPMENT_TEAM = MC32WL4XZA;
				INFOPLIST_FILE = "CAGradientLayer实现渐变Tests/Info.plist";
				IPHONEOS_DEPLOYMENT_TARGET = 13.5;
				LD_RUNPATH_SEARCH_PATHS = (
					"$(inherited)",
					"@executable_path/Frameworks",
					"@loader_path/Frameworks",
				);
				PRODUCT_BUNDLE_IDENTIFIER = "com.vmei.vmei.CAGradientLayer----Tests";
				PRODUCT_NAME = "$(TARGET_NAME)";
				TARGETED_DEVICE_FAMILY = "1,2";
				TEST_HOST = "$(BUILT_PRODUCTS_DIR)/CAGradientLayer实现渐变.app/CAGradientLayer实现渐变";
			};
			name = Release;
		};
		234FF24724C81EFC000D48AA /* Debug */ = {
			isa = XCBuildConfiguration;
			buildSettings = {
				CODE_SIGN_STYLE = Automatic;
				DEVELOPMENT_TEAM = MC32WL4XZA;
				INFOPLIST_FILE = "CAGradientLayer实现渐变UITests/Info.plist";
				LD_RUNPATH_SEARCH_PATHS = (
					"$(inherited)",
					"@executable_path/Frameworks",
					"@loader_path/Frameworks",
				);
				PRODUCT_BUNDLE_IDENTIFIER = "com.vmei.vmei.CAGradientLayer----UITests";
				PRODUCT_NAME = "$(TARGET_NAME)";
				TARGETED_DEVICE_FAMILY = "1,2";
				TEST_TARGET_NAME = "CAGradientLayer实现渐变";
			};
			name = Debug;
		};
		234FF24824C81EFC000D48AA /* Release */ = {
			isa = XCBuildConfiguration;
			buildSettings = {
				CODE_SIGN_STYLE = Automatic;
				DEVELOPMENT_TEAM = MC32WL4XZA;
				INFOPLIST_FILE = "CAGradientLayer实现渐变UITests/Info.plist";
				LD_RUNPATH_SEARCH_PATHS = (
					"$(inherited)",
					"@executable_path/Frameworks",
					"@loader_path/Frameworks",
				);
				PRODUCT_BUNDLE_IDENTIFIER = "com.vmei.vmei.CAGradientLayer----UITests";
				PRODUCT_NAME = "$(TARGET_NAME)";
				TARGETED_DEVICE_FAMILY = "1,2";
				TEST_TARGET_NAME = "CAGradientLayer实现渐变";
			};
			name = Release;
		};
/* End XCBuildConfiguration section */

/* Begin XCConfigurationList section */
		234FF20C24C81EF9000D48AA /* Build configuration list for PBXProject "CAGradientLayer实现渐变" */ = {
			isa = XCConfigurationList;
			buildConfigurations = (
				234FF23E24C81EFC000D48AA /* Debug */,
				234FF23F24C81EFC000D48AA /* Release */,
			);
			defaultConfigurationIsVisible = 0;
			defaultConfigurationName = Release;
		};
		234FF24024C81EFC000D48AA /* Build configuration list for PBXNativeTarget "CAGradientLayer实现渐变" */ = {
			isa = XCConfigurationList;
			buildConfigurations = (
				234FF24124C81EFC000D48AA /* Debug */,
				234FF24224C81EFC000D48AA /* Release */,
			);
			defaultConfigurationIsVisible = 0;
			defaultConfigurationName = Release;
		};
		234FF24324C81EFC000D48AA /* Build configuration list for PBXNativeTarget "CAGradientLayer实现渐变Tests" */ = {
			isa = XCConfigurationList;
			buildConfigurations = (
				234FF24424C81EFC000D48AA /* Debug */,
				234FF24524C81EFC000D48AA /* Release */,
			);
			defaultConfigurationIsVisible = 0;
			defaultConfigurationName = Release;
		};
		234FF24624C81EFC000D48AA /* Build configuration list for PBXNativeTarget "CAGradientLayer实现渐变UITests" */ = {
			isa = XCConfigurationList;
			buildConfigurations = (
				234FF24724C81EFC000D48AA /* Debug */,
				234FF24824C81EFC000D48AA /* Release */,
			);
			defaultConfigurationIsVisible = 0;
			defaultConfigurationName = Release;
		};
/* End XCConfigurationList section */
	};
	rootObject = 234FF20924C81EF9000D48AA /* Project object */;
}
