// !$*UTF8*$!
{
	archiveVersion = 1;
	classes = {
	};
	objectVersion = 50;
	objects = {

/* Begin PBXBuildFile section */
		0C5DA0B34446CBDD019DE3C3 /* libPods-AppleNote.a in Frameworks */ = {isa = PBXBuildFile; fileRef = 482F2B05428C840A26CA1911 /* libPods-AppleNote.a */; };
		2363BA1C230B9EC200D81AA4 /* ANNavigationController.swift in Sources */ = {isa = PBXBuildFile; fileRef = 2363BA1B230B9EC200D81AA4 /* ANNavigationController.swift */; };
		2363BA21230BC13C00D81AA4 /* APBaseVC.swift in Sources */ = {isa = PBXBuildFile; fileRef = 2363BA20230BC13C00D81AA4 /* APBaseVC.swift */; };
		2363BA23230BC17600D81AA4 /* APNoteVC.swift in Sources */ = {isa = PBXBuildFile; fileRef = 2363BA22230BC17600D81AA4 /* APNoteVC.swift */; };
		2363BA25230BC1C200D81AA4 /* APShoppingVC.swift in Sources */ = {isa = PBXBuildFile; fileRef = 2363BA24230BC1C200D81AA4 /* APShoppingVC.swift */; };
		2363BA29230BC5B200D81AA4 /* APBaseTableView.swift in Sources */ = {isa = PBXBuildFile; fileRef = 2363BA28230BC5B200D81AA4 /* APBaseTableView.swift */; };
		2363BA2B230BC5F000D81AA4 /* APNoteTableView.swift in Sources */ = {isa = PBXBuildFile; fileRef = 2363BA2A230BC5F000D81AA4 /* APNoteTableView.swift */; };
		2363BA6B230CF24600D81AA4 /* APModel.swift in Sources */ = {isa = PBXBuildFile; fileRef = 2363BA6A230CF24600D81AA4 /* APModel.swift */; };
		23B0391623068410002174E6 /* Podfile in Resources */ = {isa = PBXBuildFile; fileRef = 23B0391523068410002174E6 /* Podfile */; };
		23B0391823068927002174E6 /* ANTabBarController.swift in Sources */ = {isa = PBXBuildFile; fileRef = 23B0391723068927002174E6 /* ANTabBarController.swift */; };
		23D3CD6523177A9D009C9941 /* APNoteCell.swift in Sources */ = {isa = PBXBuildFile; fileRef = 23D3CD6423177A9D009C9941 /* APNoteCell.swift */; };
		C4054F8022DF2C2E0065CFB2 /* AppDelegate.swift in Sources */ = {isa = PBXBuildFile; fileRef = C4054F7F22DF2C2E0065CFB2 /* AppDelegate.swift */; };
		C4054F8222DF2C2E0065CFB2 /* ViewController.swift in Sources */ = {isa = PBXBuildFile; fileRef = C4054F8122DF2C2E0065CFB2 /* ViewController.swift */; };
		C4054F8722DF2C300065CFB2 /* Assets.xcassets in Resources */ = {isa = PBXBuildFile; fileRef = C4054F8622DF2C300065CFB2 /* Assets.xcassets */; };
		C4054F8A22DF2C300065CFB2 /* LaunchScreen.storyboard in Resources */ = {isa = PBXBuildFile; fileRef = C4054F8822DF2C300065CFB2 /* LaunchScreen.storyboard */; };
		C4054F9522DF2C300065CFB2 /* AppleNoteTests.swift in Sources */ = {isa = PBXBuildFile; fileRef = C4054F9422DF2C300065CFB2 /* AppleNoteTests.swift */; };
		C4054FA022DF2C300065CFB2 /* AppleNoteUITests.swift in Sources */ = {isa = PBXBuildFile; fileRef = C4054F9F22DF2C300065CFB2 /* AppleNoteUITests.swift */; };
/* End PBXBuildFile section */

/* Begin PBXContainerItemProxy section */
		C4054F9122DF2C300065CFB2 /* PBXContainerItemProxy */ = {
			isa = PBXContainerItemProxy;
			containerPortal = C4054F7422DF2C2E0065CFB2 /* Project object */;
			proxyType = 1;
			remoteGlobalIDString = C4054F7B22DF2C2E0065CFB2;
			remoteInfo = AppleNote;
		};
		C4054F9C22DF2C300065CFB2 /* PBXContainerItemProxy */ = {
			isa = PBXContainerItemProxy;
			containerPortal = C4054F7422DF2C2E0065CFB2 /* Project object */;
			proxyType = 1;
			remoteGlobalIDString = C4054F7B22DF2C2E0065CFB2;
			remoteInfo = AppleNote;
		};
/* End PBXContainerItemProxy section */

/* Begin PBXFileReference section */
		018F9B7A3B7DB6712635CA80 /* Pods-AppleNote.release.xcconfig */ = {isa = PBXFileReference; includeInIndex = 1; lastKnownFileType = text.xcconfig; name = "Pods-AppleNote.release.xcconfig"; path = "Pods/Target Support Files/Pods-AppleNote/Pods-AppleNote.release.xcconfig"; sourceTree = "<group>"; };
		2363BA1B230B9EC200D81AA4 /* ANNavigationController.swift */ = {isa = PBXFileReference; lastKnownFileType = sourcecode.swift; path = ANNavigationController.swift; sourceTree = "<group>"; };
		2363BA20230BC13C00D81AA4 /* APBaseVC.swift */ = {isa = PBXFileReference; lastKnownFileType = sourcecode.swift; path = APBaseVC.swift; sourceTree = "<group>"; };
		2363BA22230BC17600D81AA4 /* APNoteVC.swift */ = {isa = PBXFileReference; lastKnownFileType = sourcecode.swift; path = APNoteVC.swift; sourceTree = "<group>"; };
		2363BA24230BC1C200D81AA4 /* APShoppingVC.swift */ = {isa = PBXFileReference; lastKnownFileType = sourcecode.swift; path = APShoppingVC.swift; sourceTree = "<group>"; };
		2363BA28230BC5B200D81AA4 /* APBaseTableView.swift */ = {isa = PBXFileReference; lastKnownFileType = sourcecode.swift; path = APBaseTableView.swift; sourceTree = "<group>"; };
		2363BA2A230BC5F000D81AA4 /* APNoteTableView.swift */ = {isa = PBXFileReference; lastKnownFileType = sourcecode.swift; path = APNoteTableView.swift; sourceTree = "<group>"; };
		2363BA6A230CF24600D81AA4 /* APModel.swift */ = {isa = PBXFileReference; lastKnownFileType = sourcecode.swift; path = APModel.swift; sourceTree = "<group>"; };
		23B0391523068410002174E6 /* Podfile */ = {isa = PBXFileReference; lastKnownFileType = text; path = Podfile; sourceTree = "<group>"; xcLanguageSpecificationIdentifier = xcode.lang.ruby; };
		23B0391723068927002174E6 /* ANTabBarController.swift */ = {isa = PBXFileReference; lastKnownFileType = sourcecode.swift; path = ANTabBarController.swift; sourceTree = "<group>"; };
		23B0398C2306C63B002174E6 /* PCH.h */ = {isa = PBXFileReference; lastKnownFileType = sourcecode.c.h; path = PCH.h; sourceTree = "<group>"; };
		23B0398D2306C64F002174E6 /* APHeaderFile.h */ = {isa = PBXFileReference; lastKnownFileType = sourcecode.c.h; path = APHeaderFile.h; sourceTree = "<group>"; };
		23D3CD6423177A9D009C9941 /* APNoteCell.swift */ = {isa = PBXFileReference; lastKnownFileType = sourcecode.swift; path = APNoteCell.swift; sourceTree = "<group>"; };
		482F2B05428C840A26CA1911 /* libPods-AppleNote.a */ = {isa = PBXFileReference; explicitFileType = archive.ar; includeInIndex = 0; path = "libPods-AppleNote.a"; sourceTree = BUILT_PRODUCTS_DIR; };
		B7837FBDF83BA540E66B2C2E /* Pods-AppleNote.debug.xcconfig */ = {isa = PBXFileReference; includeInIndex = 1; lastKnownFileType = text.xcconfig; name = "Pods-AppleNote.debug.xcconfig"; path = "Pods/Target Support Files/Pods-AppleNote/Pods-AppleNote.debug.xcconfig"; sourceTree = "<group>"; };
		C4054F7C22DF2C2E0065CFB2 /* AppleNote.app */ = {isa = PBXFileReference; explicitFileType = wrapper.application; includeInIndex = 0; path = AppleNote.app; sourceTree = BUILT_PRODUCTS_DIR; };
		C4054F7F22DF2C2E0065CFB2 /* AppDelegate.swift */ = {isa = PBXFileReference; lastKnownFileType = sourcecode.swift; path = AppDelegate.swift; sourceTree = "<group>"; };
		C4054F8122DF2C2E0065CFB2 /* ViewController.swift */ = {isa = PBXFileReference; lastKnownFileType = sourcecode.swift; path = ViewController.swift; sourceTree = "<group>"; };
		C4054F8622DF2C300065CFB2 /* Assets.xcassets */ = {isa = PBXFileReference; lastKnownFileType = folder.assetcatalog; path = Assets.xcassets; sourceTree = "<group>"; };
		C4054F8922DF2C300065CFB2 /* Base */ = {isa = PBXFileReference; lastKnownFileType = file.storyboard; name = Base; path = Base.lproj/LaunchScreen.storyboard; sourceTree = "<group>"; };
		C4054F8B22DF2C300065CFB2 /* Info.plist */ = {isa = PBXFileReference; lastKnownFileType = text.plist.xml; path = Info.plist; sourceTree = "<group>"; };
		C4054F9022DF2C300065CFB2 /* AppleNoteTests.xctest */ = {isa = PBXFileReference; explicitFileType = wrapper.cfbundle; includeInIndex = 0; path = AppleNoteTests.xctest; sourceTree = BUILT_PRODUCTS_DIR; };
		C4054F9422DF2C300065CFB2 /* AppleNoteTests.swift */ = {isa = PBXFileReference; lastKnownFileType = sourcecode.swift; path = AppleNoteTests.swift; sourceTree = "<group>"; };
		C4054F9622DF2C300065CFB2 /* Info.plist */ = {isa = PBXFileReference; lastKnownFileType = text.plist.xml; path = Info.plist; sourceTree = "<group>"; };
		C4054F9B22DF2C300065CFB2 /* AppleNoteUITests.xctest */ = {isa = PBXFileReference; explicitFileType = wrapper.cfbundle; includeInIndex = 0; path = AppleNoteUITests.xctest; sourceTree = BUILT_PRODUCTS_DIR; };
		C4054F9F22DF2C300065CFB2 /* AppleNoteUITests.swift */ = {isa = PBXFileReference; lastKnownFileType = sourcecode.swift; path = AppleNoteUITests.swift; sourceTree = "<group>"; };
		C4054FA122DF2C300065CFB2 /* Info.plist */ = {isa = PBXFileReference; lastKnownFileType = text.plist.xml; path = Info.plist; sourceTree = "<group>"; };
/* End PBXFileReference section */

/* Begin PBXFrameworksBuildPhase section */
		C4054F7922DF2C2E0065CFB2 /* Frameworks */ = {
			isa = PBXFrameworksBuildPhase;
			buildActionMask = 2147483647;
			files = (
				0C5DA0B34446CBDD019DE3C3 /* libPods-AppleNote.a in Frameworks */,
			);
			runOnlyForDeploymentPostprocessing = 0;
		};
		C4054F8D22DF2C300065CFB2 /* Frameworks */ = {
			isa = PBXFrameworksBuildPhase;
			buildActionMask = 2147483647;
			files = (
			);
			runOnlyForDeploymentPostprocessing = 0;
		};
		C4054F9822DF2C300065CFB2 /* Frameworks */ = {
			isa = PBXFrameworksBuildPhase;
			buildActionMask = 2147483647;
			files = (
			);
			runOnlyForDeploymentPostprocessing = 0;
		};
/* End PBXFrameworksBuildPhase section */

/* Begin PBXGroup section */
		2363BA1D230B9EEE00D81AA4 /* Entry */ = {
			isa = PBXGroup;
			children = (
				23B0391723068927002174E6 /* ANTabBarController.swift */,
				2363BA1B230B9EC200D81AA4 /* ANNavigationController.swift */,
				2363BA20230BC13C00D81AA4 /* APBaseVC.swift */,
				2363BA22230BC17600D81AA4 /* APNoteVC.swift */,
				2363BA24230BC1C200D81AA4 /* APShoppingVC.swift */,
			);
			path = Entry;
			sourceTree = "<group>";
		};
		2363BA1E230B9F5B00D81AA4 /* Main */ = {
			isa = PBXGroup;
			children = (
				C4054F7F22DF2C2E0065CFB2 /* AppDelegate.swift */,
				C4054F8122DF2C2E0065CFB2 /* ViewController.swift */,
				C4054F8622DF2C300065CFB2 /* Assets.xcassets */,
				C4054F8822DF2C300065CFB2 /* LaunchScreen.storyboard */,
				C4054F8B22DF2C300065CFB2 /* Info.plist */,
			);
			path = Main;
			sourceTree = "<group>";
		};
		2363BA1F230BC11B00D81AA4 /* Class */ = {
			isa = PBXGroup;
			children = (
			);
			path = Class;
			sourceTree = "<group>";
		};
		2363BA26230BC56A00D81AA4 /* View */ = {
			isa = PBXGroup;
			children = (
				2363BA28230BC5B200D81AA4 /* APBaseTableView.swift */,
				2363BA2A230BC5F000D81AA4 /* APNoteTableView.swift */,
				23D3CD6423177A9D009C9941 /* APNoteCell.swift */,
			);
			path = View;
			sourceTree = "<group>";
		};
		2363BA27230BC57500D81AA4 /* Model */ = {
			isa = PBXGroup;
			children = (
				2363BA6A230CF24600D81AA4 /* APModel.swift */,
			);
			path = Model;
			sourceTree = "<group>";
		};
		23B0398A2306C4C9002174E6 /* SYSTEM */ = {
			isa = PBXGroup;
			children = (
				23B0398C2306C63B002174E6 /* PCH.h */,
				23B0398D2306C64F002174E6 /* APHeaderFile.h */,
			);
			path = SYSTEM;
			sourceTree = "<group>";
		};
		C4054F7322DF2C2E0065CFB2 = {
			isa = PBXGroup;
			children = (
				23B0391523068410002174E6 /* Podfile */,
				C4054F7E22DF2C2E0065CFB2 /* AppleNote */,
				C4054F9322DF2C300065CFB2 /* AppleNoteTests */,
				C4054F9E22DF2C300065CFB2 /* AppleNoteUITests */,
				C4054F7D22DF2C2E0065CFB2 /* Products */,
				F861E24EE4B7BC866B5B84F8 /* Pods */,
				C9CCA3885EA6C368432413C5 /* Frameworks */,
			);
			sourceTree = "<group>";
		};
		C4054F7D22DF2C2E0065CFB2 /* Products */ = {
			isa = PBXGroup;
			children = (
				C4054F7C22DF2C2E0065CFB2 /* AppleNote.app */,
				C4054F9022DF2C300065CFB2 /* AppleNoteTests.xctest */,
				C4054F9B22DF2C300065CFB2 /* AppleNoteUITests.xctest */,
			);
			name = Products;
			sourceTree = "<group>";
		};
		C4054F7E22DF2C2E0065CFB2 /* AppleNote */ = {
			isa = PBXGroup;
			children = (
				2363BA27230BC57500D81AA4 /* Model */,
				2363BA26230BC56A00D81AA4 /* View */,
				2363BA1F230BC11B00D81AA4 /* Class */,
				2363BA1E230B9F5B00D81AA4 /* Main */,
				2363BA1D230B9EEE00D81AA4 /* Entry */,
				23B0398A2306C4C9002174E6 /* SYSTEM */,
			);
			path = AppleNote;
			sourceTree = "<group>";
		};
		C4054F9322DF2C300065CFB2 /* AppleNoteTests */ = {
			isa = PBXGroup;
			children = (
				C4054F9422DF2C300065CFB2 /* AppleNoteTests.swift */,
				C4054F9622DF2C300065CFB2 /* Info.plist */,
			);
			path = AppleNoteTests;
			sourceTree = "<group>";
		};
		C4054F9E22DF2C300065CFB2 /* AppleNoteUITests */ = {
			isa = PBXGroup;
			children = (
				C4054F9F22DF2C300065CFB2 /* AppleNoteUITests.swift */,
				C4054FA122DF2C300065CFB2 /* Info.plist */,
			);
			path = AppleNoteUITests;
			sourceTree = "<group>";
		};
		C9CCA3885EA6C368432413C5 /* Frameworks */ = {
			isa = PBXGroup;
			children = (
				482F2B05428C840A26CA1911 /* libPods-AppleNote.a */,
			);
			name = Frameworks;
			sourceTree = "<group>";
		};
		F861E24EE4B7BC866B5B84F8 /* Pods */ = {
			isa = PBXGroup;
			children = (
				B7837FBDF83BA540E66B2C2E /* Pods-AppleNote.debug.xcconfig */,
				018F9B7A3B7DB6712635CA80 /* Pods-AppleNote.release.xcconfig */,
			);
			name = Pods;
			sourceTree = "<group>";
		};
/* End PBXGroup section */

/* Begin PBXNativeTarget section */
		C4054F7B22DF2C2E0065CFB2 /* AppleNote */ = {
			isa = PBXNativeTarget;
			buildConfigurationList = C4054FA422DF2C300065CFB2 /* Build configuration list for PBXNativeTarget "AppleNote" */;
			buildPhases = (
				B2B8A01E0BA7DD48DDA572F8 /* [CP] Check Pods Manifest.lock */,
				C4054F7822DF2C2E0065CFB2 /* Sources */,
				C4054F7922DF2C2E0065CFB2 /* Frameworks */,
				C4054F7A22DF2C2E0065CFB2 /* Resources */,
			);
			buildRules = (
			);
			dependencies = (
			);
			name = AppleNote;
			productName = AppleNote;
			productReference = C4054F7C22DF2C2E0065CFB2 /* AppleNote.app */;
			productType = "com.apple.product-type.application";
		};
		C4054F8F22DF2C300065CFB2 /* AppleNoteTests */ = {
			isa = PBXNativeTarget;
			buildConfigurationList = C4054FA722DF2C300065CFB2 /* Build configuration list for PBXNativeTarget "AppleNoteTests" */;
			buildPhases = (
				C4054F8C22DF2C300065CFB2 /* Sources */,
				C4054F8D22DF2C300065CFB2 /* Frameworks */,
				C4054F8E22DF2C300065CFB2 /* Resources */,
			);
			buildRules = (
			);
			dependencies = (
				C4054F9222DF2C300065CFB2 /* PBXTargetDependency */,
			);
			name = AppleNoteTests;
			productName = AppleNoteTests;
			productReference = C4054F9022DF2C300065CFB2 /* AppleNoteTests.xctest */;
			productType = "com.apple.product-type.bundle.unit-test";
		};
		C4054F9A22DF2C300065CFB2 /* AppleNoteUITests */ = {
			isa = PBXNativeTarget;
			buildConfigurationList = C4054FAA22DF2C300065CFB2 /* Build configuration list for PBXNativeTarget "AppleNoteUITests" */;
			buildPhases = (
				C4054F9722DF2C300065CFB2 /* Sources */,
				C4054F9822DF2C300065CFB2 /* Frameworks */,
				C4054F9922DF2C300065CFB2 /* Resources */,
			);
			buildRules = (
			);
			dependencies = (
				C4054F9D22DF2C300065CFB2 /* PBXTargetDependency */,
			);
			name = AppleNoteUITests;
			productName = AppleNoteUITests;
			productReference = C4054F9B22DF2C300065CFB2 /* AppleNoteUITests.xctest */;
			productType = "com.apple.product-type.bundle.ui-testing";
		};
/* End PBXNativeTarget section */

/* Begin PBXProject section */
		C4054F7422DF2C2E0065CFB2 /* Project object */ = {
			isa = PBXProject;
			attributes = {
				LastSwiftUpdateCheck = 1020;
				LastUpgradeCheck = 1020;
				ORGANIZATIONNAME = mingcol;
				TargetAttributes = {
					C4054F7B22DF2C2E0065CFB2 = {
						CreatedOnToolsVersion = 10.2.1;
					};
					C4054F8F22DF2C300065CFB2 = {
						CreatedOnToolsVersion = 10.2.1;
						TestTargetID = C4054F7B22DF2C2E0065CFB2;
					};
					C4054F9A22DF2C300065CFB2 = {
						CreatedOnToolsVersion = 10.2.1;
						TestTargetID = C4054F7B22DF2C2E0065CFB2;
					};
				};
			};
			buildConfigurationList = C4054F7722DF2C2E0065CFB2 /* Build configuration list for PBXProject "AppleNote" */;
			compatibilityVersion = "Xcode 9.3";
			developmentRegion = en;
			hasScannedForEncodings = 0;
			knownRegions = (
				en,
				Base,
			);
			mainGroup = C4054F7322DF2C2E0065CFB2;
			productRefGroup = C4054F7D22DF2C2E0065CFB2 /* Products */;
			projectDirPath = "";
			projectRoot = "";
			targets = (
				C4054F7B22DF2C2E0065CFB2 /* AppleNote */,
				C4054F8F22DF2C300065CFB2 /* AppleNoteTests */,
				C4054F9A22DF2C300065CFB2 /* AppleNoteUITests */,
			);
		};
/* End PBXProject section */

/* Begin PBXResourcesBuildPhase section */
		C4054F7A22DF2C2E0065CFB2 /* Resources */ = {
			isa = PBXResourcesBuildPhase;
			buildActionMask = 2147483647;
			files = (
				C4054F8A22DF2C300065CFB2 /* LaunchScreen.storyboard in Resources */,
				C4054F8722DF2C300065CFB2 /* Assets.xcassets in Resources */,
				23B0391623068410002174E6 /* Podfile in Resources */,
			);
			runOnlyForDeploymentPostprocessing = 0;
		};
		C4054F8E22DF2C300065CFB2 /* Resources */ = {
			isa = PBXResourcesBuildPhase;
			buildActionMask = 2147483647;
			files = (
			);
			runOnlyForDeploymentPostprocessing = 0;
		};
		C4054F9922DF2C300065CFB2 /* Resources */ = {
			isa = PBXResourcesBuildPhase;
			buildActionMask = 2147483647;
			files = (
			);
			runOnlyForDeploymentPostprocessing = 0;
		};
/* End PBXResourcesBuildPhase section */

/* Begin PBXShellScriptBuildPhase section */
		B2B8A01E0BA7DD48DDA572F8 /* [CP] Check Pods Manifest.lock */ = {
			isa = PBXShellScriptBuildPhase;
			buildActionMask = 2147483647;
			files = (
			);
			inputFileListPaths = (
			);
			inputPaths = (
				"${PODS_PODFILE_DIR_PATH}/Podfile.lock",
				"${PODS_ROOT}/Manifest.lock",
			);
			name = "[CP] Check Pods Manifest.lock";
			outputFileListPaths = (
			);
			outputPaths = (
				"$(DERIVED_FILE_DIR)/Pods-AppleNote-checkManifestLockResult.txt",
			);
			runOnlyForDeploymentPostprocessing = 0;
			shellPath = /bin/sh;
			shellScript = "diff \"${PODS_PODFILE_DIR_PATH}/Podfile.lock\" \"${PODS_ROOT}/Manifest.lock\" > /dev/null\nif [ $? != 0 ] ; then\n    # print error to STDERR\n    echo \"error: The sandbox is not in sync with the Podfile.lock. Run 'pod install' or update your CocoaPods installation.\" >&2\n    exit 1\nfi\n# This output is used by Xcode 'outputs' to avoid re-running this script phase.\necho \"SUCCESS\" > \"${SCRIPT_OUTPUT_FILE_0}\"\n";
			showEnvVarsInLog = 0;
		};
/* End PBXShellScriptBuildPhase section */

/* Begin PBXSourcesBuildPhase section */
		C4054F7822DF2C2E0065CFB2 /* Sources */ = {
			isa = PBXSourcesBuildPhase;
			buildActionMask = 2147483647;
			files = (
				C4054F8222DF2C2E0065CFB2 /* ViewController.swift in Sources */,
				2363BA25230BC1C200D81AA4 /* APShoppingVC.swift in Sources */,
				23D3CD6523177A9D009C9941 /* APNoteCell.swift in Sources */,
				C4054F8022DF2C2E0065CFB2 /* AppDelegate.swift in Sources */,
				2363BA1C230B9EC200D81AA4 /* ANNavigationController.swift in Sources */,
				2363BA6B230CF24600D81AA4 /* APModel.swift in Sources */,
				2363BA2B230BC5F000D81AA4 /* APNoteTableView.swift in Sources */,
				2363BA21230BC13C00D81AA4 /* APBaseVC.swift in Sources */,
				23B0391823068927002174E6 /* ANTabBarController.swift in Sources */,
				2363BA23230BC17600D81AA4 /* APNoteVC.swift in Sources */,
				2363BA29230BC5B200D81AA4 /* APBaseTableView.swift in Sources */,
			);
			runOnlyForDeploymentPostprocessing = 0;
		};
		C4054F8C22DF2C300065CFB2 /* Sources */ = {
			isa = PBXSourcesBuildPhase;
			buildActionMask = 2147483647;
			files = (
				C4054F9522DF2C300065CFB2 /* AppleNoteTests.swift in Sources */,
			);
			runOnlyForDeploymentPostprocessing = 0;
		};
		C4054F9722DF2C300065CFB2 /* Sources */ = {
			isa = PBXSourcesBuildPhase;
			buildActionMask = 2147483647;
			files = (
				C4054FA022DF2C300065CFB2 /* AppleNoteUITests.swift in Sources */,
			);
			runOnlyForDeploymentPostprocessing = 0;
		};
/* End PBXSourcesBuildPhase section */

/* Begin PBXTargetDependency section */
		C4054F9222DF2C300065CFB2 /* PBXTargetDependency */ = {
			isa = PBXTargetDependency;
			target = C4054F7B22DF2C2E0065CFB2 /* AppleNote */;
			targetProxy = C4054F9122DF2C300065CFB2 /* PBXContainerItemProxy */;
		};
		C4054F9D22DF2C300065CFB2 /* PBXTargetDependency */ = {
			isa = PBXTargetDependency;
			target = C4054F7B22DF2C2E0065CFB2 /* AppleNote */;
			targetProxy = C4054F9C22DF2C300065CFB2 /* PBXContainerItemProxy */;
		};
/* End PBXTargetDependency section */

/* Begin PBXVariantGroup section */
		C4054F8822DF2C300065CFB2 /* LaunchScreen.storyboard */ = {
			isa = PBXVariantGroup;
			children = (
				C4054F8922DF2C300065CFB2 /* Base */,
			);
			name = LaunchScreen.storyboard;
			sourceTree = "<group>";
		};
/* End PBXVariantGroup section */

/* Begin XCBuildConfiguration section */
		C4054FA222DF2C300065CFB2 /* Debug */ = {
			isa = XCBuildConfiguration;
			buildSettings = {
				ALWAYS_SEARCH_USER_PATHS = NO;
				CLANG_ANALYZER_NONNULL = YES;
				CLANG_ANALYZER_NUMBER_OBJECT_CONVERSION = YES_AGGRESSIVE;
				CLANG_CXX_LANGUAGE_STANDARD = "gnu++14";
				CLANG_CXX_LIBRARY = "libc++";
				CLANG_ENABLE_MODULES = YES;
				CLANG_ENABLE_OBJC_ARC = YES;
				CLANG_ENABLE_OBJC_WEAK = YES;
				CLANG_WARN_BLOCK_CAPTURE_AUTORELEASING = YES;
				CLANG_WARN_BOOL_CONVERSION = YES;
				CLANG_WARN_COMMA = YES;
				CLANG_WARN_CONSTANT_CONVERSION = YES;
				CLANG_WARN_DEPRECATED_OBJC_IMPLEMENTATIONS = YES;
				CLANG_WARN_DIRECT_OBJC_ISA_USAGE = YES_ERROR;
				CLANG_WARN_DOCUMENTATION_COMMENTS = YES;
				CLANG_WARN_EMPTY_BODY = YES;
				CLANG_WARN_ENUM_CONVERSION = YES;
				CLANG_WARN_INFINITE_RECURSION = YES;
				CLANG_WARN_INT_CONVERSION = YES;
				CLANG_WARN_NON_LITERAL_NULL_CONVERSION = YES;
				CLANG_WARN_OBJC_IMPLICIT_RETAIN_SELF = YES;
				CLANG_WARN_OBJC_LITERAL_CONVERSION = YES;
				CLANG_WARN_OBJC_ROOT_CLASS = YES_ERROR;
				CLANG_WARN_RANGE_LOOP_ANALYSIS = YES;
				CLANG_WARN_STRICT_PROTOTYPES = YES;
				CLANG_WARN_SUSPICIOUS_MOVE = YES;
				CLANG_WARN_UNGUARDED_AVAILABILITY = YES_AGGRESSIVE;
				CLANG_WARN_UNREACHABLE_CODE = YES;
				CLANG_WARN__DUPLICATE_METHOD_MATCH = YES;
				CODE_SIGN_IDENTITY = "iPhone Developer";
				COPY_PHASE_STRIP = NO;
				DEBUG_INFORMATION_FORMAT = dwarf;
				ENABLE_STRICT_OBJC_MSGSEND = YES;
				ENABLE_TESTABILITY = YES;
				GCC_C_LANGUAGE_STANDARD = gnu11;
				GCC_DYNAMIC_NO_PIC = NO;
				GCC_NO_COMMON_BLOCKS = YES;
				GCC_OPTIMIZATION_LEVEL = 0;
				GCC_PREPROCESSOR_DEFINITIONS = (
					"DEBUG=1",
					"$(inherited)",
				);
				GCC_WARN_64_TO_32_BIT_CONVERSION = YES;
				GCC_WARN_ABOUT_RETURN_TYPE = YES_ERROR;
				GCC_WARN_UNDECLARED_SELECTOR = YES;
				GCC_WARN_UNINITIALIZED_AUTOS = YES_AGGRESSIVE;
				GCC_WARN_UNUSED_FUNCTION = YES;
				GCC_WARN_UNUSED_VARIABLE = YES;
				IPHONEOS_DEPLOYMENT_TARGET = 12.2;
				MTL_ENABLE_DEBUG_INFO = INCLUDE_SOURCE;
				MTL_FAST_MATH = YES;
				ONLY_ACTIVE_ARCH = YES;
				SDKROOT = iphoneos;
				SWIFT_ACTIVE_COMPILATION_CONDITIONS = DEBUG;
				SWIFT_OPTIMIZATION_LEVEL = "-Onone";
			};
			name = Debug;
		};
		C4054FA322DF2C300065CFB2 /* Release */ = {
			isa = XCBuildConfiguration;
			buildSettings = {
				ALWAYS_SEARCH_USER_PATHS = NO;
				CLANG_ANALYZER_NONNULL = YES;
				CLANG_ANALYZER_NUMBER_OBJECT_CONVERSION = YES_AGGRESSIVE;
				CLANG_CXX_LANGUAGE_STANDARD = "gnu++14";
				CLANG_CXX_LIBRARY = "libc++";
				CLANG_ENABLE_MODULES = YES;
				CLANG_ENABLE_OBJC_ARC = YES;
				CLANG_ENABLE_OBJC_WEAK = YES;
				CLANG_WARN_BLOCK_CAPTURE_AUTORELEASING = YES;
				CLANG_WARN_BOOL_CONVERSION = YES;
				CLANG_WARN_COMMA = YES;
				CLANG_WARN_CONSTANT_CONVERSION = YES;
				CLANG_WARN_DEPRECATED_OBJC_IMPLEMENTATIONS = YES;
				CLANG_WARN_DIRECT_OBJC_ISA_USAGE = YES_ERROR;
				CLANG_WARN_DOCUMENTATION_COMMENTS = YES;
				CLANG_WARN_EMPTY_BODY = YES;
				CLANG_WARN_ENUM_CONVERSION = YES;
				CLANG_WARN_INFINITE_RECURSION = YES;
				CLANG_WARN_INT_CONVERSION = YES;
				CLANG_WARN_NON_LITERAL_NULL_CONVERSION = YES;
				CLANG_WARN_OBJC_IMPLICIT_RETAIN_SELF = YES;
				CLANG_WARN_OBJC_LITERAL_CONVERSION = YES;
				CLANG_WARN_OBJC_ROOT_CLASS = YES_ERROR;
				CLANG_WARN_RANGE_LOOP_ANALYSIS = YES;
				CLANG_WARN_STRICT_PROTOTYPES = YES;
				CLANG_WARN_SUSPICIOUS_MOVE = YES;
				CLANG_WARN_UNGUARDED_AVAILABILITY = YES_AGGRESSIVE;
				CLANG_WARN_UNREACHABLE_CODE = YES;
				CLANG_WARN__DUPLICATE_METHOD_MATCH = YES;
				CODE_SIGN_IDENTITY = "iPhone Developer";
				COPY_PHASE_STRIP = NO;
				DEBUG_INFORMATION_FORMAT = "dwarf-with-dsym";
				ENABLE_NS_ASSERTIONS = NO;
				ENABLE_STRICT_OBJC_MSGSEND = YES;
				GCC_C_LANGUAGE_STANDARD = gnu11;
				GCC_NO_COMMON_BLOCKS = YES;
				GCC_WARN_64_TO_32_BIT_CONVERSION = YES;
				GCC_WARN_ABOUT_RETURN_TYPE = YES_ERROR;
				GCC_WARN_UNDECLARED_SELECTOR = YES;
				GCC_WARN_UNINITIALIZED_AUTOS = YES_AGGRESSIVE;
				GCC_WARN_UNUSED_FUNCTION = YES;
				GCC_WARN_UNUSED_VARIABLE = YES;
				IPHONEOS_DEPLOYMENT_TARGET = 12.2;
				MTL_ENABLE_DEBUG_INFO = NO;
				MTL_FAST_MATH = YES;
				SDKROOT = iphoneos;
				SWIFT_COMPILATION_MODE = wholemodule;
				SWIFT_OPTIMIZATION_LEVEL = "-O";
				VALIDATE_PRODUCT = YES;
			};
			name = Release;
		};
		C4054FA522DF2C300065CFB2 /* Debug */ = {
			isa = XCBuildConfiguration;
			baseConfigurationReference = B7837FBDF83BA540E66B2C2E /* Pods-AppleNote.debug.xcconfig */;
			buildSettings = {
				ASSETCATALOG_COMPILER_APPICON_NAME = AppIcon;
				CODE_SIGN_STYLE = Automatic;
				DEVELOPMENT_TEAM = ER6GDQC543;
				INFOPLIST_FILE = AppleNote/Main/Info.plist;
				IPHONEOS_DEPLOYMENT_TARGET = 10.0;
				LD_RUNPATH_SEARCH_PATHS = (
					"$(inherited)",
					"@executable_path/Frameworks",
				);
				PRODUCT_BUNDLE_IDENTIFIER = com.mingcol.AppleNote;
				PRODUCT_NAME = "$(TARGET_NAME)";
				SWIFT_OBJC_BRIDGING_HEADER = "$(SRCROOT)/AppleNote/SYSTEM/APHeaderFile.h";
				SWIFT_VERSION = 5.0;
				TARGETED_DEVICE_FAMILY = "1,2";
			};
			name = Debug;
		};
		C4054FA622DF2C300065CFB2 /* Release */ = {
			isa = XCBuildConfiguration;
			baseConfigurationReference = 018F9B7A3B7DB6712635CA80 /* Pods-AppleNote.release.xcconfig */;
			buildSettings = {
				ASSETCATALOG_COMPILER_APPICON_NAME = AppIcon;
				CODE_SIGN_STYLE = Automatic;
				DEVELOPMENT_TEAM = ER6GDQC543;
				INFOPLIST_FILE = AppleNote/Main/Info.plist;
				IPHONEOS_DEPLOYMENT_TARGET = 10.0;
				LD_RUNPATH_SEARCH_PATHS = (
					"$(inherited)",
					"@executable_path/Frameworks",
				);
				PRODUCT_BUNDLE_IDENTIFIER = com.mingcol.AppleNote;
				PRODUCT_NAME = "$(TARGET_NAME)";
				SWIFT_OBJC_BRIDGING_HEADER = "$(SRCROOT)/AppleNote/SYSTEM/APHeaderFile.h";
				SWIFT_VERSION = 5.0;
				TARGETED_DEVICE_FAMILY = "1,2";
			};
			name = Release;
		};
		C4054FA822DF2C300065CFB2 /* Debug */ = {
			isa = XCBuildConfiguration;
			buildSettings = {
				ALWAYS_EMBED_SWIFT_STANDARD_LIBRARIES = YES;
				BUNDLE_LOADER = "$(TEST_HOST)";
				CODE_SIGN_STYLE = Automatic;
				DEVELOPMENT_TEAM = ER6GDQC543;
				INFOPLIST_FILE = AppleNoteTests/Info.plist;
				LD_RUNPATH_SEARCH_PATHS = (
					"$(inherited)",
					"@executable_path/Frameworks",
					"@loader_path/Frameworks",
				);
				PRODUCT_BUNDLE_IDENTIFIER = com.mingcol.AppleNoteTests;
				PRODUCT_NAME = "$(TARGET_NAME)";
				SWIFT_VERSION = 5.0;
				TARGETED_DEVICE_FAMILY = "1,2";
				TEST_HOST = "$(BUILT_PRODUCTS_DIR)/AppleNote.app/AppleNote";
			};
			name = Debug;
		};
		C4054FA922DF2C300065CFB2 /* Release */ = {
			isa = XCBuildConfiguration;
			buildSettings = {
				ALWAYS_EMBED_SWIFT_STANDARD_LIBRARIES = YES;
				BUNDLE_LOADER = "$(TEST_HOST)";
				CODE_SIGN_STYLE = Automatic;
				DEVELOPMENT_TEAM = ER6GDQC543;
				INFOPLIST_FILE = AppleNoteTests/Info.plist;
				LD_RUNPATH_SEARCH_PATHS = (
					"$(inherited)",
					"@executable_path/Frameworks",
					"@loader_path/Frameworks",
				);
				PRODUCT_BUNDLE_IDENTIFIER = com.mingcol.AppleNoteTests;
				PRODUCT_NAME = "$(TARGET_NAME)";
				SWIFT_VERSION = 5.0;
				TARGETED_DEVICE_FAMILY = "1,2";
				TEST_HOST = "$(BUILT_PRODUCTS_DIR)/AppleNote.app/AppleNote";
			};
			name = Release;
		};
		C4054FAB22DF2C300065CFB2 /* Debug */ = {
			isa = XCBuildConfiguration;
			buildSettings = {
				ALWAYS_EMBED_SWIFT_STANDARD_LIBRARIES = YES;
				CODE_SIGN_STYLE = Automatic;
				DEVELOPMENT_TEAM = ER6GDQC543;
				INFOPLIST_FILE = AppleNoteUITests/Info.plist;
				LD_RUNPATH_SEARCH_PATHS = (
					"$(inherited)",
					"@executable_path/Frameworks",
					"@loader_path/Frameworks",
				);
				PRODUCT_BUNDLE_IDENTIFIER = com.mingcol.AppleNoteUITests;
				PRODUCT_NAME = "$(TARGET_NAME)";
				SWIFT_VERSION = 5.0;
				TARGETED_DEVICE_FAMILY = "1,2";
				TEST_TARGET_NAME = AppleNote;
			};
			name = Debug;
		};
		C4054FAC22DF2C300065CFB2 /* Release */ = {
			isa = XCBuildConfiguration;
			buildSettings = {
				ALWAYS_EMBED_SWIFT_STANDARD_LIBRARIES = YES;
				CODE_SIGN_STYLE = Automatic;
				DEVELOPMENT_TEAM = ER6GDQC543;
				INFOPLIST_FILE = AppleNoteUITests/Info.plist;
				LD_RUNPATH_SEARCH_PATHS = (
					"$(inherited)",
					"@executable_path/Frameworks",
					"@loader_path/Frameworks",
				);
				PRODUCT_BUNDLE_IDENTIFIER = com.mingcol.AppleNoteUITests;
				PRODUCT_NAME = "$(TARGET_NAME)";
				SWIFT_VERSION = 5.0;
				TARGETED_DEVICE_FAMILY = "1,2";
				TEST_TARGET_NAME = AppleNote;
			};
			name = Release;
		};
/* End XCBuildConfiguration section */

/* Begin XCConfigurationList section */
		C4054F7722DF2C2E0065CFB2 /* Build configuration list for PBXProject "AppleNote" */ = {
			isa = XCConfigurationList;
			buildConfigurations = (
				C4054FA222DF2C300065CFB2 /* Debug */,
				C4054FA322DF2C300065CFB2 /* Release */,
			);
			defaultConfigurationIsVisible = 0;
			defaultConfigurationName = Release;
		};
		C4054FA422DF2C300065CFB2 /* Build configuration list for PBXNativeTarget "AppleNote" */ = {
			isa = XCConfigurationList;
			buildConfigurations = (
				C4054FA522DF2C300065CFB2 /* Debug */,
				C4054FA622DF2C300065CFB2 /* Release */,
			);
			defaultConfigurationIsVisible = 0;
			defaultConfigurationName = Release;
		};
		C4054FA722DF2C300065CFB2 /* Build configuration list for PBXNativeTarget "AppleNoteTests" */ = {
			isa = XCConfigurationList;
			buildConfigurations = (
				C4054FA822DF2C300065CFB2 /* Debug */,
				C4054FA922DF2C300065CFB2 /* Release */,
			);
			defaultConfigurationIsVisible = 0;
			defaultConfigurationName = Release;
		};
		C4054FAA22DF2C300065CFB2 /* Build configuration list for PBXNativeTarget "AppleNoteUITests" */ = {
			isa = XCConfigurationList;
			buildConfigurations = (
				C4054FAB22DF2C300065CFB2 /* Debug */,
				C4054FAC22DF2C300065CFB2 /* Release */,
			);
			defaultConfigurationIsVisible = 0;
			defaultConfigurationName = Release;
		};
/* End XCConfigurationList section */
	};
	rootObject = C4054F7422DF2C2E0065CFB2 /* Project object */;
}
