// !$*UTF8*$!
{
	archiveVersion = 1;
	classes = {
	};
	objectVersion = 50;
	objects = {

/* Begin PBXBuildFile section */
		23B036D92304E6CC002174E6 /* AppDelegate.m in Sources */ = {isa = PBXBuildFile; fileRef = 23B036D82304E6CC002174E6 /* AppDelegate.m */; };
		23B036DC2304E6CC002174E6 /* ViewController.m in Sources */ = {isa = PBXBuildFile; fileRef = 23B036DB2304E6CC002174E6 /* ViewController.m */; };
		23B036DF2304E6CD002174E6 /* Main.storyboard in Resources */ = {isa = PBXBuildFile; fileRef = 23B036DD2304E6CD002174E6 /* Main.storyboard */; };
		23B036E12304E6CD002174E6 /* Assets.xcassets in Resources */ = {isa = PBXBuildFile; fileRef = 23B036E02304E6CD002174E6 /* Assets.xcassets */; };
		23B036E42304E6CD002174E6 /* LaunchScreen.storyboard in Resources */ = {isa = PBXBuildFile; fileRef = 23B036E22304E6CD002174E6 /* LaunchScreen.storyboard */; };
		23B036E72304E6CD002174E6 /* main.m in Sources */ = {isa = PBXBuildFile; fileRef = 23B036E62304E6CD002174E6 /* main.m */; };
		23B036F12304E6CD002174E6 /* __WMPlayerTests.m in Sources */ = {isa = PBXBuildFile; fileRef = 23B036F02304E6CD002174E6 /* __WMPlayerTests.m */; };
		23B036FC2304E6CD002174E6 /* __WMPlayerUITests.m in Sources */ = {isa = PBXBuildFile; fileRef = 23B036FB2304E6CD002174E6 /* __WMPlayerUITests.m */; };
		23B0370A2304E6E6002174E6 /* Podfile in Resources */ = {isa = PBXBuildFile; fileRef = 23B037092304E6E6002174E6 /* Podfile */; };
		23B0370C2304EA5E002174E6 /* 4k.m4v in Resources */ = {isa = PBXBuildFile; fileRef = 23B0370B2304EA5E002174E6 /* 4k.m4v */; };
		F42194E732B42BA469C5AC23 /* libPods-试用WMPlayer.a in Frameworks */ = {isa = PBXBuildFile; fileRef = F20E3D615496EC7F2DABF9B7 /* libPods-试用WMPlayer.a */; };
/* End PBXBuildFile section */

/* Begin PBXContainerItemProxy section */
		23B036ED2304E6CD002174E6 /* PBXContainerItemProxy */ = {
			isa = PBXContainerItemProxy;
			containerPortal = 23B036CC2304E6CC002174E6 /* Project object */;
			proxyType = 1;
			remoteGlobalIDString = 23B036D32304E6CC002174E6;
			remoteInfo = "试用WMPlayer";
		};
		23B036F82304E6CD002174E6 /* PBXContainerItemProxy */ = {
			isa = PBXContainerItemProxy;
			containerPortal = 23B036CC2304E6CC002174E6 /* Project object */;
			proxyType = 1;
			remoteGlobalIDString = 23B036D32304E6CC002174E6;
			remoteInfo = "试用WMPlayer";
		};
/* End PBXContainerItemProxy section */

/* Begin PBXFileReference section */
		19939C60195D7727290073DB /* Pods-试用WMPlayer.debug.xcconfig */ = {isa = PBXFileReference; includeInIndex = 1; lastKnownFileType = text.xcconfig; name = "Pods-试用WMPlayer.debug.xcconfig"; path = "Pods/Target Support Files/Pods-试用WMPlayer/Pods-试用WMPlayer.debug.xcconfig"; sourceTree = "<group>"; };
		23B036D42304E6CC002174E6 /* 试用WMPlayer.app */ = {isa = PBXFileReference; explicitFileType = wrapper.application; includeInIndex = 0; path = "试用WMPlayer.app"; sourceTree = BUILT_PRODUCTS_DIR; };
		23B036D72304E6CC002174E6 /* AppDelegate.h */ = {isa = PBXFileReference; lastKnownFileType = sourcecode.c.h; path = AppDelegate.h; sourceTree = "<group>"; };
		23B036D82304E6CC002174E6 /* AppDelegate.m */ = {isa = PBXFileReference; lastKnownFileType = sourcecode.c.objc; path = AppDelegate.m; sourceTree = "<group>"; };
		23B036DA2304E6CC002174E6 /* ViewController.h */ = {isa = PBXFileReference; lastKnownFileType = sourcecode.c.h; path = ViewController.h; sourceTree = "<group>"; };
		23B036DB2304E6CC002174E6 /* ViewController.m */ = {isa = PBXFileReference; lastKnownFileType = sourcecode.c.objc; path = ViewController.m; sourceTree = "<group>"; };
		23B036DE2304E6CD002174E6 /* Base */ = {isa = PBXFileReference; lastKnownFileType = file.storyboard; name = Base; path = Base.lproj/Main.storyboard; sourceTree = "<group>"; };
		23B036E02304E6CD002174E6 /* Assets.xcassets */ = {isa = PBXFileReference; lastKnownFileType = folder.assetcatalog; path = Assets.xcassets; sourceTree = "<group>"; };
		23B036E32304E6CD002174E6 /* Base */ = {isa = PBXFileReference; lastKnownFileType = file.storyboard; name = Base; path = Base.lproj/LaunchScreen.storyboard; sourceTree = "<group>"; };
		23B036E52304E6CD002174E6 /* Info.plist */ = {isa = PBXFileReference; lastKnownFileType = text.plist.xml; path = Info.plist; sourceTree = "<group>"; };
		23B036E62304E6CD002174E6 /* main.m */ = {isa = PBXFileReference; lastKnownFileType = sourcecode.c.objc; path = main.m; sourceTree = "<group>"; };
		23B036EC2304E6CD002174E6 /* 试用WMPlayerTests.xctest */ = {isa = PBXFileReference; explicitFileType = wrapper.cfbundle; includeInIndex = 0; path = "试用WMPlayerTests.xctest"; sourceTree = BUILT_PRODUCTS_DIR; };
		23B036F02304E6CD002174E6 /* __WMPlayerTests.m */ = {isa = PBXFileReference; lastKnownFileType = sourcecode.c.objc; path = __WMPlayerTests.m; sourceTree = "<group>"; };
		23B036F22304E6CD002174E6 /* Info.plist */ = {isa = PBXFileReference; lastKnownFileType = text.plist.xml; path = Info.plist; sourceTree = "<group>"; };
		23B036F72304E6CD002174E6 /* 试用WMPlayerUITests.xctest */ = {isa = PBXFileReference; explicitFileType = wrapper.cfbundle; includeInIndex = 0; path = "试用WMPlayerUITests.xctest"; sourceTree = BUILT_PRODUCTS_DIR; };
		23B036FB2304E6CD002174E6 /* __WMPlayerUITests.m */ = {isa = PBXFileReference; lastKnownFileType = sourcecode.c.objc; path = __WMPlayerUITests.m; sourceTree = "<group>"; };
		23B036FD2304E6CD002174E6 /* Info.plist */ = {isa = PBXFileReference; lastKnownFileType = text.plist.xml; path = Info.plist; sourceTree = "<group>"; };
		23B037092304E6E6002174E6 /* Podfile */ = {isa = PBXFileReference; lastKnownFileType = text; path = Podfile; sourceTree = "<group>"; };
		23B0370B2304EA5E002174E6 /* 4k.m4v */ = {isa = PBXFileReference; lastKnownFileType = file; path = 4k.m4v; sourceTree = "<group>"; };
		DEE60894A755DADC18DD71BE /* Pods-试用WMPlayer.release.xcconfig */ = {isa = PBXFileReference; includeInIndex = 1; lastKnownFileType = text.xcconfig; name = "Pods-试用WMPlayer.release.xcconfig"; path = "Pods/Target Support Files/Pods-试用WMPlayer/Pods-试用WMPlayer.release.xcconfig"; sourceTree = "<group>"; };
		F20E3D615496EC7F2DABF9B7 /* libPods-试用WMPlayer.a */ = {isa = PBXFileReference; explicitFileType = archive.ar; includeInIndex = 0; path = "libPods-试用WMPlayer.a"; sourceTree = BUILT_PRODUCTS_DIR; };
/* End PBXFileReference section */

/* Begin PBXFrameworksBuildPhase section */
		23B036D12304E6CC002174E6 /* Frameworks */ = {
			isa = PBXFrameworksBuildPhase;
			buildActionMask = 2147483647;
			files = (
				F42194E732B42BA469C5AC23 /* libPods-试用WMPlayer.a in Frameworks */,
			);
			runOnlyForDeploymentPostprocessing = 0;
		};
		23B036E92304E6CD002174E6 /* Frameworks */ = {
			isa = PBXFrameworksBuildPhase;
			buildActionMask = 2147483647;
			files = (
			);
			runOnlyForDeploymentPostprocessing = 0;
		};
		23B036F42304E6CD002174E6 /* Frameworks */ = {
			isa = PBXFrameworksBuildPhase;
			buildActionMask = 2147483647;
			files = (
			);
			runOnlyForDeploymentPostprocessing = 0;
		};
/* End PBXFrameworksBuildPhase section */

/* Begin PBXGroup section */
		16596C9A75D1CC09402C0C9E /* Frameworks */ = {
			isa = PBXGroup;
			children = (
				F20E3D615496EC7F2DABF9B7 /* libPods-试用WMPlayer.a */,
			);
			name = Frameworks;
			sourceTree = "<group>";
		};
		23B036CB2304E6CC002174E6 = {
			isa = PBXGroup;
			children = (
				23B037092304E6E6002174E6 /* Podfile */,
				23B036D62304E6CC002174E6 /* 试用WMPlayer */,
				23B036EF2304E6CD002174E6 /* 试用WMPlayerTests */,
				23B036FA2304E6CD002174E6 /* 试用WMPlayerUITests */,
				23B036D52304E6CC002174E6 /* Products */,
				44458B95C634EE564B1FE92A /* Pods */,
				16596C9A75D1CC09402C0C9E /* Frameworks */,
			);
			sourceTree = "<group>";
		};
		23B036D52304E6CC002174E6 /* Products */ = {
			isa = PBXGroup;
			children = (
				23B036D42304E6CC002174E6 /* 试用WMPlayer.app */,
				23B036EC2304E6CD002174E6 /* 试用WMPlayerTests.xctest */,
				23B036F72304E6CD002174E6 /* 试用WMPlayerUITests.xctest */,
			);
			name = Products;
			sourceTree = "<group>";
		};
		23B036D62304E6CC002174E6 /* 试用WMPlayer */ = {
			isa = PBXGroup;
			children = (
				23B0370B2304EA5E002174E6 /* 4k.m4v */,
				23B036D72304E6CC002174E6 /* AppDelegate.h */,
				23B036D82304E6CC002174E6 /* AppDelegate.m */,
				23B036DA2304E6CC002174E6 /* ViewController.h */,
				23B036DB2304E6CC002174E6 /* ViewController.m */,
				23B036DD2304E6CD002174E6 /* Main.storyboard */,
				23B036E02304E6CD002174E6 /* Assets.xcassets */,
				23B036E22304E6CD002174E6 /* LaunchScreen.storyboard */,
				23B036E52304E6CD002174E6 /* Info.plist */,
				23B036E62304E6CD002174E6 /* main.m */,
			);
			path = "试用WMPlayer";
			sourceTree = "<group>";
		};
		23B036EF2304E6CD002174E6 /* 试用WMPlayerTests */ = {
			isa = PBXGroup;
			children = (
				23B036F02304E6CD002174E6 /* __WMPlayerTests.m */,
				23B036F22304E6CD002174E6 /* Info.plist */,
			);
			path = "试用WMPlayerTests";
			sourceTree = "<group>";
		};
		23B036FA2304E6CD002174E6 /* 试用WMPlayerUITests */ = {
			isa = PBXGroup;
			children = (
				23B036FB2304E6CD002174E6 /* __WMPlayerUITests.m */,
				23B036FD2304E6CD002174E6 /* Info.plist */,
			);
			path = "试用WMPlayerUITests";
			sourceTree = "<group>";
		};
		44458B95C634EE564B1FE92A /* Pods */ = {
			isa = PBXGroup;
			children = (
				19939C60195D7727290073DB /* Pods-试用WMPlayer.debug.xcconfig */,
				DEE60894A755DADC18DD71BE /* Pods-试用WMPlayer.release.xcconfig */,
			);
			name = Pods;
			sourceTree = "<group>";
		};
/* End PBXGroup section */

/* Begin PBXNativeTarget section */
		23B036D32304E6CC002174E6 /* 试用WMPlayer */ = {
			isa = PBXNativeTarget;
			buildConfigurationList = 23B037002304E6CD002174E6 /* Build configuration list for PBXNativeTarget "试用WMPlayer" */;
			buildPhases = (
				F35F665753395A67F5B3B863 /* [CP] Check Pods Manifest.lock */,
				23B036D02304E6CC002174E6 /* Sources */,
				23B036D12304E6CC002174E6 /* Frameworks */,
				23B036D22304E6CC002174E6 /* Resources */,
				BB71B808080DF958A5495CD2 /* [CP] Copy Pods Resources */,
			);
			buildRules = (
			);
			dependencies = (
			);
			name = "试用WMPlayer";
			productName = "试用WMPlayer";
			productReference = 23B036D42304E6CC002174E6 /* 试用WMPlayer.app */;
			productType = "com.apple.product-type.application";
		};
		23B036EB2304E6CD002174E6 /* 试用WMPlayerTests */ = {
			isa = PBXNativeTarget;
			buildConfigurationList = 23B037032304E6CD002174E6 /* Build configuration list for PBXNativeTarget "试用WMPlayerTests" */;
			buildPhases = (
				23B036E82304E6CD002174E6 /* Sources */,
				23B036E92304E6CD002174E6 /* Frameworks */,
				23B036EA2304E6CD002174E6 /* Resources */,
			);
			buildRules = (
			);
			dependencies = (
				23B036EE2304E6CD002174E6 /* PBXTargetDependency */,
			);
			name = "试用WMPlayerTests";
			productName = "试用WMPlayerTests";
			productReference = 23B036EC2304E6CD002174E6 /* 试用WMPlayerTests.xctest */;
			productType = "com.apple.product-type.bundle.unit-test";
		};
		23B036F62304E6CD002174E6 /* 试用WMPlayerUITests */ = {
			isa = PBXNativeTarget;
			buildConfigurationList = 23B037062304E6CD002174E6 /* Build configuration list for PBXNativeTarget "试用WMPlayerUITests" */;
			buildPhases = (
				23B036F32304E6CD002174E6 /* Sources */,
				23B036F42304E6CD002174E6 /* Frameworks */,
				23B036F52304E6CD002174E6 /* Resources */,
			);
			buildRules = (
			);
			dependencies = (
				23B036F92304E6CD002174E6 /* PBXTargetDependency */,
			);
			name = "试用WMPlayerUITests";
			productName = "试用WMPlayerUITests";
			productReference = 23B036F72304E6CD002174E6 /* 试用WMPlayerUITests.xctest */;
			productType = "com.apple.product-type.bundle.ui-testing";
		};
/* End PBXNativeTarget section */

/* Begin PBXProject section */
		23B036CC2304E6CC002174E6 /* Project object */ = {
			isa = PBXProject;
			attributes = {
				LastUpgradeCheck = 1030;
				ORGANIZATIONNAME = "https://github.com/GGTechnology";
				TargetAttributes = {
					23B036D32304E6CC002174E6 = {
						CreatedOnToolsVersion = 10.3;
					};
					23B036EB2304E6CD002174E6 = {
						CreatedOnToolsVersion = 10.3;
						TestTargetID = 23B036D32304E6CC002174E6;
					};
					23B036F62304E6CD002174E6 = {
						CreatedOnToolsVersion = 10.3;
						TestTargetID = 23B036D32304E6CC002174E6;
					};
				};
			};
			buildConfigurationList = 23B036CF2304E6CC002174E6 /* Build configuration list for PBXProject "试用WMPlayer" */;
			compatibilityVersion = "Xcode 9.3";
			developmentRegion = en;
			hasScannedForEncodings = 0;
			knownRegions = (
				en,
				Base,
			);
			mainGroup = 23B036CB2304E6CC002174E6;
			productRefGroup = 23B036D52304E6CC002174E6 /* Products */;
			projectDirPath = "";
			projectRoot = "";
			targets = (
				23B036D32304E6CC002174E6 /* 试用WMPlayer */,
				23B036EB2304E6CD002174E6 /* 试用WMPlayerTests */,
				23B036F62304E6CD002174E6 /* 试用WMPlayerUITests */,
			);
		};
/* End PBXProject section */

/* Begin PBXResourcesBuildPhase section */
		23B036D22304E6CC002174E6 /* Resources */ = {
			isa = PBXResourcesBuildPhase;
			buildActionMask = 2147483647;
			files = (
				23B0370C2304EA5E002174E6 /* 4k.m4v in Resources */,
				23B036E42304E6CD002174E6 /* LaunchScreen.storyboard in Resources */,
				23B036E12304E6CD002174E6 /* Assets.xcassets in Resources */,
				23B0370A2304E6E6002174E6 /* Podfile in Resources */,
				23B036DF2304E6CD002174E6 /* Main.storyboard in Resources */,
			);
			runOnlyForDeploymentPostprocessing = 0;
		};
		23B036EA2304E6CD002174E6 /* Resources */ = {
			isa = PBXResourcesBuildPhase;
			buildActionMask = 2147483647;
			files = (
			);
			runOnlyForDeploymentPostprocessing = 0;
		};
		23B036F52304E6CD002174E6 /* Resources */ = {
			isa = PBXResourcesBuildPhase;
			buildActionMask = 2147483647;
			files = (
			);
			runOnlyForDeploymentPostprocessing = 0;
		};
/* End PBXResourcesBuildPhase section */

/* Begin PBXShellScriptBuildPhase section */
		BB71B808080DF958A5495CD2 /* [CP] Copy Pods Resources */ = {
			isa = PBXShellScriptBuildPhase;
			buildActionMask = 2147483647;
			files = (
			);
			inputFileListPaths = (
			);
			inputPaths = (
				"${SRCROOT}/Pods/Target Support Files/Pods-试用WMPlayer/Pods-试用WMPlayer-resources.sh",
				"${PODS_ROOT}/WMPlayer/WMPlayer/WMPlayer.bundle",
			);
			name = "[CP] Copy Pods Resources";
			outputFileListPaths = (
			);
			outputPaths = (
				"${TARGET_BUILD_DIR}/${UNLOCALIZED_RESOURCES_FOLDER_PATH}/WMPlayer.bundle",
			);
			runOnlyForDeploymentPostprocessing = 0;
			shellPath = /bin/sh;
			shellScript = "\"${SRCROOT}/Pods/Target Support Files/Pods-试用WMPlayer/Pods-试用WMPlayer-resources.sh\"\n";
			showEnvVarsInLog = 0;
		};
		F35F665753395A67F5B3B863 /* [CP] Check Pods Manifest.lock */ = {
			isa = PBXShellScriptBuildPhase;
			buildActionMask = 2147483647;
			files = (
			);
			inputFileListPaths = (
			);
			inputPaths = (
				"${PODS_PODFILE_DIR_PATH}/Podfile.lock",
				"${PODS_ROOT}/Manifest.lock",
			);
			name = "[CP] Check Pods Manifest.lock";
			outputFileListPaths = (
			);
			outputPaths = (
				"$(DERIVED_FILE_DIR)/Pods-试用WMPlayer-checkManifestLockResult.txt",
			);
			runOnlyForDeploymentPostprocessing = 0;
			shellPath = /bin/sh;
			shellScript = "diff \"${PODS_PODFILE_DIR_PATH}/Podfile.lock\" \"${PODS_ROOT}/Manifest.lock\" > /dev/null\nif [ $? != 0 ] ; then\n    # print error to STDERR\n    echo \"error: The sandbox is not in sync with the Podfile.lock. Run 'pod install' or update your CocoaPods installation.\" >&2\n    exit 1\nfi\n# This output is used by Xcode 'outputs' to avoid re-running this script phase.\necho \"SUCCESS\" > \"${SCRIPT_OUTPUT_FILE_0}\"\n";
			showEnvVarsInLog = 0;
		};
/* End PBXShellScriptBuildPhase section */

/* Begin PBXSourcesBuildPhase section */
		23B036D02304E6CC002174E6 /* Sources */ = {
			isa = PBXSourcesBuildPhase;
			buildActionMask = 2147483647;
			files = (
				23B036DC2304E6CC002174E6 /* ViewController.m in Sources */,
				23B036E72304E6CD002174E6 /* main.m in Sources */,
				23B036D92304E6CC002174E6 /* AppDelegate.m in Sources */,
			);
			runOnlyForDeploymentPostprocessing = 0;
		};
		23B036E82304E6CD002174E6 /* Sources */ = {
			isa = PBXSourcesBuildPhase;
			buildActionMask = 2147483647;
			files = (
				23B036F12304E6CD002174E6 /* __WMPlayerTests.m in Sources */,
			);
			runOnlyForDeploymentPostprocessing = 0;
		};
		23B036F32304E6CD002174E6 /* Sources */ = {
			isa = PBXSourcesBuildPhase;
			buildActionMask = 2147483647;
			files = (
				23B036FC2304E6CD002174E6 /* __WMPlayerUITests.m in Sources */,
			);
			runOnlyForDeploymentPostprocessing = 0;
		};
/* End PBXSourcesBuildPhase section */

/* Begin PBXTargetDependency section */
		23B036EE2304E6CD002174E6 /* PBXTargetDependency */ = {
			isa = PBXTargetDependency;
			target = 23B036D32304E6CC002174E6 /* 试用WMPlayer */;
			targetProxy = 23B036ED2304E6CD002174E6 /* PBXContainerItemProxy */;
		};
		23B036F92304E6CD002174E6 /* PBXTargetDependency */ = {
			isa = PBXTargetDependency;
			target = 23B036D32304E6CC002174E6 /* 试用WMPlayer */;
			targetProxy = 23B036F82304E6CD002174E6 /* PBXContainerItemProxy */;
		};
/* End PBXTargetDependency section */

/* Begin PBXVariantGroup section */
		23B036DD2304E6CD002174E6 /* Main.storyboard */ = {
			isa = PBXVariantGroup;
			children = (
				23B036DE2304E6CD002174E6 /* Base */,
			);
			name = Main.storyboard;
			sourceTree = "<group>";
		};
		23B036E22304E6CD002174E6 /* LaunchScreen.storyboard */ = {
			isa = PBXVariantGroup;
			children = (
				23B036E32304E6CD002174E6 /* Base */,
			);
			name = LaunchScreen.storyboard;
			sourceTree = "<group>";
		};
/* End PBXVariantGroup section */

/* Begin XCBuildConfiguration section */
		23B036FE2304E6CD002174E6 /* Debug */ = {
			isa = XCBuildConfiguration;
			buildSettings = {
				ALWAYS_SEARCH_USER_PATHS = NO;
				CLANG_ANALYZER_NONNULL = YES;
				CLANG_ANALYZER_NUMBER_OBJECT_CONVERSION = YES_AGGRESSIVE;
				CLANG_CXX_LANGUAGE_STANDARD = "gnu++14";
				CLANG_CXX_LIBRARY = "libc++";
				CLANG_ENABLE_MODULES = YES;
				CLANG_ENABLE_OBJC_ARC = YES;
				CLANG_ENABLE_OBJC_WEAK = YES;
				CLANG_WARN_BLOCK_CAPTURE_AUTORELEASING = YES;
				CLANG_WARN_BOOL_CONVERSION = YES;
				CLANG_WARN_COMMA = YES;
				CLANG_WARN_CONSTANT_CONVERSION = YES;
				CLANG_WARN_DEPRECATED_OBJC_IMPLEMENTATIONS = YES;
				CLANG_WARN_DIRECT_OBJC_ISA_USAGE = YES_ERROR;
				CLANG_WARN_DOCUMENTATION_COMMENTS = YES;
				CLANG_WARN_EMPTY_BODY = YES;
				CLANG_WARN_ENUM_CONVERSION = YES;
				CLANG_WARN_INFINITE_RECURSION = YES;
				CLANG_WARN_INT_CONVERSION = YES;
				CLANG_WARN_NON_LITERAL_NULL_CONVERSION = YES;
				CLANG_WARN_OBJC_IMPLICIT_RETAIN_SELF = YES;
				CLANG_WARN_OBJC_LITERAL_CONVERSION = YES;
				CLANG_WARN_OBJC_ROOT_CLASS = YES_ERROR;
				CLANG_WARN_RANGE_LOOP_ANALYSIS = YES;
				CLANG_WARN_STRICT_PROTOTYPES = YES;
				CLANG_WARN_SUSPICIOUS_MOVE = YES;
				CLANG_WARN_UNGUARDED_AVAILABILITY = YES_AGGRESSIVE;
				CLANG_WARN_UNREACHABLE_CODE = YES;
				CLANG_WARN__DUPLICATE_METHOD_MATCH = YES;
				CODE_SIGN_IDENTITY = "iPhone Developer";
				COPY_PHASE_STRIP = NO;
				DEBUG_INFORMATION_FORMAT = dwarf;
				ENABLE_STRICT_OBJC_MSGSEND = YES;
				ENABLE_TESTABILITY = YES;
				GCC_C_LANGUAGE_STANDARD = gnu11;
				GCC_DYNAMIC_NO_PIC = NO;
				GCC_NO_COMMON_BLOCKS = YES;
				GCC_OPTIMIZATION_LEVEL = 0;
				GCC_PREPROCESSOR_DEFINITIONS = (
					"DEBUG=1",
					"$(inherited)",
				);
				GCC_WARN_64_TO_32_BIT_CONVERSION = YES;
				GCC_WARN_ABOUT_RETURN_TYPE = YES_ERROR;
				GCC_WARN_UNDECLARED_SELECTOR = YES;
				GCC_WARN_UNINITIALIZED_AUTOS = YES_AGGRESSIVE;
				GCC_WARN_UNUSED_FUNCTION = YES;
				GCC_WARN_UNUSED_VARIABLE = YES;
				IPHONEOS_DEPLOYMENT_TARGET = 12.4;
				MTL_ENABLE_DEBUG_INFO = INCLUDE_SOURCE;
				MTL_FAST_MATH = YES;
				ONLY_ACTIVE_ARCH = YES;
				SDKROOT = iphoneos;
			};
			name = Debug;
		};
		23B036FF2304E6CD002174E6 /* Release */ = {
			isa = XCBuildConfiguration;
			buildSettings = {
				ALWAYS_SEARCH_USER_PATHS = NO;
				CLANG_ANALYZER_NONNULL = YES;
				CLANG_ANALYZER_NUMBER_OBJECT_CONVERSION = YES_AGGRESSIVE;
				CLANG_CXX_LANGUAGE_STANDARD = "gnu++14";
				CLANG_CXX_LIBRARY = "libc++";
				CLANG_ENABLE_MODULES = YES;
				CLANG_ENABLE_OBJC_ARC = YES;
				CLANG_ENABLE_OBJC_WEAK = YES;
				CLANG_WARN_BLOCK_CAPTURE_AUTORELEASING = YES;
				CLANG_WARN_BOOL_CONVERSION = YES;
				CLANG_WARN_COMMA = YES;
				CLANG_WARN_CONSTANT_CONVERSION = YES;
				CLANG_WARN_DEPRECATED_OBJC_IMPLEMENTATIONS = YES;
				CLANG_WARN_DIRECT_OBJC_ISA_USAGE = YES_ERROR;
				CLANG_WARN_DOCUMENTATION_COMMENTS = YES;
				CLANG_WARN_EMPTY_BODY = YES;
				CLANG_WARN_ENUM_CONVERSION = YES;
				CLANG_WARN_INFINITE_RECURSION = YES;
				CLANG_WARN_INT_CONVERSION = YES;
				CLANG_WARN_NON_LITERAL_NULL_CONVERSION = YES;
				CLANG_WARN_OBJC_IMPLICIT_RETAIN_SELF = YES;
				CLANG_WARN_OBJC_LITERAL_CONVERSION = YES;
				CLANG_WARN_OBJC_ROOT_CLASS = YES_ERROR;
				CLANG_WARN_RANGE_LOOP_ANALYSIS = YES;
				CLANG_WARN_STRICT_PROTOTYPES = YES;
				CLANG_WARN_SUSPICIOUS_MOVE = YES;
				CLANG_WARN_UNGUARDED_AVAILABILITY = YES_AGGRESSIVE;
				CLANG_WARN_UNREACHABLE_CODE = YES;
				CLANG_WARN__DUPLICATE_METHOD_MATCH = YES;
				CODE_SIGN_IDENTITY = "iPhone Developer";
				COPY_PHASE_STRIP = NO;
				DEBUG_INFORMATION_FORMAT = "dwarf-with-dsym";
				ENABLE_NS_ASSERTIONS = NO;
				ENABLE_STRICT_OBJC_MSGSEND = YES;
				GCC_C_LANGUAGE_STANDARD = gnu11;
				GCC_NO_COMMON_BLOCKS = YES;
				GCC_WARN_64_TO_32_BIT_CONVERSION = YES;
				GCC_WARN_ABOUT_RETURN_TYPE = YES_ERROR;
				GCC_WARN_UNDECLARED_SELECTOR = YES;
				GCC_WARN_UNINITIALIZED_AUTOS = YES_AGGRESSIVE;
				GCC_WARN_UNUSED_FUNCTION = YES;
				GCC_WARN_UNUSED_VARIABLE = YES;
				IPHONEOS_DEPLOYMENT_TARGET = 12.4;
				MTL_ENABLE_DEBUG_INFO = NO;
				MTL_FAST_MATH = YES;
				SDKROOT = iphoneos;
				VALIDATE_PRODUCT = YES;
			};
			name = Release;
		};
		23B037012304E6CD002174E6 /* Debug */ = {
			isa = XCBuildConfiguration;
			baseConfigurationReference = 19939C60195D7727290073DB /* Pods-试用WMPlayer.debug.xcconfig */;
			buildSettings = {
				ASSETCATALOG_COMPILER_APPICON_NAME = AppIcon;
				CODE_SIGN_STYLE = Automatic;
				DEVELOPMENT_TEAM = MC32WL4XZA;
				INFOPLIST_FILE = "试用WMPlayer/Info.plist";
				LD_RUNPATH_SEARCH_PATHS = (
					"$(inherited)",
					"@executable_path/Frameworks",
				);
				PRODUCT_BUNDLE_IDENTIFIER = "https---github.com-GGTechnology.--WMPlayer";
				PRODUCT_NAME = "$(TARGET_NAME)";
				TARGETED_DEVICE_FAMILY = "1,2";
			};
			name = Debug;
		};
		23B037022304E6CD002174E6 /* Release */ = {
			isa = XCBuildConfiguration;
			baseConfigurationReference = DEE60894A755DADC18DD71BE /* Pods-试用WMPlayer.release.xcconfig */;
			buildSettings = {
				ASSETCATALOG_COMPILER_APPICON_NAME = AppIcon;
				CODE_SIGN_STYLE = Automatic;
				DEVELOPMENT_TEAM = MC32WL4XZA;
				INFOPLIST_FILE = "试用WMPlayer/Info.plist";
				LD_RUNPATH_SEARCH_PATHS = (
					"$(inherited)",
					"@executable_path/Frameworks",
				);
				PRODUCT_BUNDLE_IDENTIFIER = "https---github.com-GGTechnology.--WMPlayer";
				PRODUCT_NAME = "$(TARGET_NAME)";
				TARGETED_DEVICE_FAMILY = "1,2";
			};
			name = Release;
		};
		23B037042304E6CD002174E6 /* Debug */ = {
			isa = XCBuildConfiguration;
			buildSettings = {
				BUNDLE_LOADER = "$(TEST_HOST)";
				CODE_SIGN_STYLE = Automatic;
				DEVELOPMENT_TEAM = MC32WL4XZA;
				INFOPLIST_FILE = "试用WMPlayerTests/Info.plist";
				LD_RUNPATH_SEARCH_PATHS = (
					"$(inherited)",
					"@executable_path/Frameworks",
					"@loader_path/Frameworks",
				);
				PRODUCT_BUNDLE_IDENTIFIER = "https---github.com-GGTechnology.--WMPlayerTests";
				PRODUCT_NAME = "$(TARGET_NAME)";
				TARGETED_DEVICE_FAMILY = "1,2";
				TEST_HOST = "$(BUILT_PRODUCTS_DIR)/试用WMPlayer.app/试用WMPlayer";
			};
			name = Debug;
		};
		23B037052304E6CD002174E6 /* Release */ = {
			isa = XCBuildConfiguration;
			buildSettings = {
				BUNDLE_LOADER = "$(TEST_HOST)";
				CODE_SIGN_STYLE = Automatic;
				DEVELOPMENT_TEAM = MC32WL4XZA;
				INFOPLIST_FILE = "试用WMPlayerTests/Info.plist";
				LD_RUNPATH_SEARCH_PATHS = (
					"$(inherited)",
					"@executable_path/Frameworks",
					"@loader_path/Frameworks",
				);
				PRODUCT_BUNDLE_IDENTIFIER = "https---github.com-GGTechnology.--WMPlayerTests";
				PRODUCT_NAME = "$(TARGET_NAME)";
				TARGETED_DEVICE_FAMILY = "1,2";
				TEST_HOST = "$(BUILT_PRODUCTS_DIR)/试用WMPlayer.app/试用WMPlayer";
			};
			name = Release;
		};
		23B037072304E6CD002174E6 /* Debug */ = {
			isa = XCBuildConfiguration;
			buildSettings = {
				CODE_SIGN_STYLE = Automatic;
				DEVELOPMENT_TEAM = MC32WL4XZA;
				INFOPLIST_FILE = "试用WMPlayerUITests/Info.plist";
				LD_RUNPATH_SEARCH_PATHS = (
					"$(inherited)",
					"@executable_path/Frameworks",
					"@loader_path/Frameworks",
				);
				PRODUCT_BUNDLE_IDENTIFIER = "https---github.com-GGTechnology.--WMPlayerUITests";
				PRODUCT_NAME = "$(TARGET_NAME)";
				TARGETED_DEVICE_FAMILY = "1,2";
				TEST_TARGET_NAME = "试用WMPlayer";
			};
			name = Debug;
		};
		23B037082304E6CD002174E6 /* Release */ = {
			isa = XCBuildConfiguration;
			buildSettings = {
				CODE_SIGN_STYLE = Automatic;
				DEVELOPMENT_TEAM = MC32WL4XZA;
				INFOPLIST_FILE = "试用WMPlayerUITests/Info.plist";
				LD_RUNPATH_SEARCH_PATHS = (
					"$(inherited)",
					"@executable_path/Frameworks",
					"@loader_path/Frameworks",
				);
				PRODUCT_BUNDLE_IDENTIFIER = "https---github.com-GGTechnology.--WMPlayerUITests";
				PRODUCT_NAME = "$(TARGET_NAME)";
				TARGETED_DEVICE_FAMILY = "1,2";
				TEST_TARGET_NAME = "试用WMPlayer";
			};
			name = Release;
		};
/* End XCBuildConfiguration section */

/* Begin XCConfigurationList section */
		23B036CF2304E6CC002174E6 /* Build configuration list for PBXProject "试用WMPlayer" */ = {
			isa = XCConfigurationList;
			buildConfigurations = (
				23B036FE2304E6CD002174E6 /* Debug */,
				23B036FF2304E6CD002174E6 /* Release */,
			);
			defaultConfigurationIsVisible = 0;
			defaultConfigurationName = Release;
		};
		23B037002304E6CD002174E6 /* Build configuration list for PBXNativeTarget "试用WMPlayer" */ = {
			isa = XCConfigurationList;
			buildConfigurations = (
				23B037012304E6CD002174E6 /* Debug */,
				23B037022304E6CD002174E6 /* Release */,
			);
			defaultConfigurationIsVisible = 0;
			defaultConfigurationName = Release;
		};
		23B037032304E6CD002174E6 /* Build configuration list for PBXNativeTarget "试用WMPlayerTests" */ = {
			isa = XCConfigurationList;
			buildConfigurations = (
				23B037042304E6CD002174E6 /* Debug */,
				23B037052304E6CD002174E6 /* Release */,
			);
			defaultConfigurationIsVisible = 0;
			defaultConfigurationName = Release;
		};
		23B037062304E6CD002174E6 /* Build configuration list for PBXNativeTarget "试用WMPlayerUITests" */ = {
			isa = XCConfigurationList;
			buildConfigurations = (
				23B037072304E6CD002174E6 /* Debug */,
				23B037082304E6CD002174E6 /* Release */,
			);
			defaultConfigurationIsVisible = 0;
			defaultConfigurationName = Release;
		};
/* End XCConfigurationList section */
	};
	rootObject = 23B036CC2304E6CC002174E6 /* Project object */;
}
