// !$*UTF8*$!
{
	archiveVersion = 1;
	classes = {
	};
	objectVersion = 50;
	objects = {

/* Begin PBXBuildFile section */
		234FF1D224C7E5C7000D48AA /* AppDelegate.m in Sources */ = {isa = PBXBuildFile; fileRef = 234FF1D124C7E5C7000D48AA /* AppDelegate.m */; };
		234FF1D524C7E5C7000D48AA /* SceneDelegate.m in Sources */ = {isa = PBXBuildFile; fileRef = 234FF1D424C7E5C7000D48AA /* SceneDelegate.m */; };
		234FF1D824C7E5C7000D48AA /* ViewController.m in Sources */ = {isa = PBXBuildFile; fileRef = 234FF1D724C7E5C7000D48AA /* ViewController.m */; };
		234FF1DB24C7E5C7000D48AA /* Main.storyboard in Resources */ = {isa = PBXBuildFile; fileRef = 234FF1D924C7E5C7000D48AA /* Main.storyboard */; };
		234FF1DD24C7E5CA000D48AA /* Assets.xcassets in Resources */ = {isa = PBXBuildFile; fileRef = 234FF1DC24C7E5CA000D48AA /* Assets.xcassets */; };
		234FF1E024C7E5CA000D48AA /* LaunchScreen.storyboard in Resources */ = {isa = PBXBuildFile; fileRef = 234FF1DE24C7E5CA000D48AA /* LaunchScreen.storyboard */; };
		234FF1E324C7E5CA000D48AA /* main.m in Sources */ = {isa = PBXBuildFile; fileRef = 234FF1E224C7E5CA000D48AA /* main.m */; };
		234FF1ED24C7E5CA000D48AA /* ____Tests.m in Sources */ = {isa = PBXBuildFile; fileRef = 234FF1EC24C7E5CA000D48AA /* ____Tests.m */; };
		234FF1F824C7E5CA000D48AA /* ____UITests.m in Sources */ = {isa = PBXBuildFile; fileRef = 234FF1F724C7E5CA000D48AA /* ____UITests.m */; };
		234FF20724C811B2000D48AA /* A_Button.m in Sources */ = {isa = PBXBuildFile; fileRef = 234FF20624C811B2000D48AA /* A_Button.m */; };
/* End PBXBuildFile section */

/* Begin PBXContainerItemProxy section */
		234FF1E924C7E5CA000D48AA /* PBXContainerItemProxy */ = {
			isa = PBXContainerItemProxy;
			containerPortal = 234FF1C524C7E5C7000D48AA /* Project object */;
			proxyType = 1;
			remoteGlobalIDString = 234FF1CC24C7E5C7000D48AA;
			remoteInfo = "高斯模糊";
		};
		234FF1F424C7E5CA000D48AA /* PBXContainerItemProxy */ = {
			isa = PBXContainerItemProxy;
			containerPortal = 234FF1C524C7E5C7000D48AA /* Project object */;
			proxyType = 1;
			remoteGlobalIDString = 234FF1CC24C7E5C7000D48AA;
			remoteInfo = "高斯模糊";
		};
/* End PBXContainerItemProxy section */

/* Begin PBXFileReference section */
		234FF1CD24C7E5C7000D48AA /* 高斯模糊.app */ = {isa = PBXFileReference; explicitFileType = wrapper.application; includeInIndex = 0; path = "高斯模糊.app"; sourceTree = BUILT_PRODUCTS_DIR; };
		234FF1D024C7E5C7000D48AA /* AppDelegate.h */ = {isa = PBXFileReference; lastKnownFileType = sourcecode.c.h; path = AppDelegate.h; sourceTree = "<group>"; };
		234FF1D124C7E5C7000D48AA /* AppDelegate.m */ = {isa = PBXFileReference; lastKnownFileType = sourcecode.c.objc; path = AppDelegate.m; sourceTree = "<group>"; };
		234FF1D324C7E5C7000D48AA /* SceneDelegate.h */ = {isa = PBXFileReference; lastKnownFileType = sourcecode.c.h; path = SceneDelegate.h; sourceTree = "<group>"; };
		234FF1D424C7E5C7000D48AA /* SceneDelegate.m */ = {isa = PBXFileReference; lastKnownFileType = sourcecode.c.objc; path = SceneDelegate.m; sourceTree = "<group>"; };
		234FF1D624C7E5C7000D48AA /* ViewController.h */ = {isa = PBXFileReference; lastKnownFileType = sourcecode.c.h; path = ViewController.h; sourceTree = "<group>"; };
		234FF1D724C7E5C7000D48AA /* ViewController.m */ = {isa = PBXFileReference; lastKnownFileType = sourcecode.c.objc; path = ViewController.m; sourceTree = "<group>"; };
		234FF1DA24C7E5C7000D48AA /* Base */ = {isa = PBXFileReference; lastKnownFileType = file.storyboard; name = Base; path = Base.lproj/Main.storyboard; sourceTree = "<group>"; };
		234FF1DC24C7E5CA000D48AA /* Assets.xcassets */ = {isa = PBXFileReference; lastKnownFileType = folder.assetcatalog; path = Assets.xcassets; sourceTree = "<group>"; };
		234FF1DF24C7E5CA000D48AA /* Base */ = {isa = PBXFileReference; lastKnownFileType = file.storyboard; name = Base; path = Base.lproj/LaunchScreen.storyboard; sourceTree = "<group>"; };
		234FF1E124C7E5CA000D48AA /* Info.plist */ = {isa = PBXFileReference; lastKnownFileType = text.plist.xml; path = Info.plist; sourceTree = "<group>"; };
		234FF1E224C7E5CA000D48AA /* main.m */ = {isa = PBXFileReference; lastKnownFileType = sourcecode.c.objc; path = main.m; sourceTree = "<group>"; };
		234FF1E824C7E5CA000D48AA /* 高斯模糊Tests.xctest */ = {isa = PBXFileReference; explicitFileType = wrapper.cfbundle; includeInIndex = 0; path = "高斯模糊Tests.xctest"; sourceTree = BUILT_PRODUCTS_DIR; };
		234FF1EC24C7E5CA000D48AA /* ____Tests.m */ = {isa = PBXFileReference; lastKnownFileType = sourcecode.c.objc; path = "____Tests.m"; sourceTree = "<group>"; };
		234FF1EE24C7E5CA000D48AA /* Info.plist */ = {isa = PBXFileReference; lastKnownFileType = text.plist.xml; path = Info.plist; sourceTree = "<group>"; };
		234FF1F324C7E5CA000D48AA /* 高斯模糊UITests.xctest */ = {isa = PBXFileReference; explicitFileType = wrapper.cfbundle; includeInIndex = 0; path = "高斯模糊UITests.xctest"; sourceTree = BUILT_PRODUCTS_DIR; };
		234FF1F724C7E5CA000D48AA /* ____UITests.m */ = {isa = PBXFileReference; lastKnownFileType = sourcecode.c.objc; path = "____UITests.m"; sourceTree = "<group>"; };
		234FF1F924C7E5CA000D48AA /* Info.plist */ = {isa = PBXFileReference; lastKnownFileType = text.plist.xml; path = Info.plist; sourceTree = "<group>"; };
		234FF20524C811B2000D48AA /* A_Button.h */ = {isa = PBXFileReference; lastKnownFileType = sourcecode.c.h; path = A_Button.h; sourceTree = "<group>"; };
		234FF20624C811B2000D48AA /* A_Button.m */ = {isa = PBXFileReference; lastKnownFileType = sourcecode.c.objc; path = A_Button.m; sourceTree = "<group>"; };
/* End PBXFileReference section */

/* Begin PBXFrameworksBuildPhase section */
		234FF1CA24C7E5C7000D48AA /* Frameworks */ = {
			isa = PBXFrameworksBuildPhase;
			buildActionMask = 2147483647;
			files = (
			);
			runOnlyForDeploymentPostprocessing = 0;
		};
		234FF1E524C7E5CA000D48AA /* Frameworks */ = {
			isa = PBXFrameworksBuildPhase;
			buildActionMask = 2147483647;
			files = (
			);
			runOnlyForDeploymentPostprocessing = 0;
		};
		234FF1F024C7E5CA000D48AA /* Frameworks */ = {
			isa = PBXFrameworksBuildPhase;
			buildActionMask = 2147483647;
			files = (
			);
			runOnlyForDeploymentPostprocessing = 0;
		};
/* End PBXFrameworksBuildPhase section */

/* Begin PBXGroup section */
		234FF1C424C7E5C7000D48AA = {
			isa = PBXGroup;
			children = (
				234FF1CF24C7E5C7000D48AA /* 高斯模糊 */,
				234FF1EB24C7E5CA000D48AA /* 高斯模糊Tests */,
				234FF1F624C7E5CA000D48AA /* 高斯模糊UITests */,
				234FF1CE24C7E5C7000D48AA /* Products */,
			);
			sourceTree = "<group>";
		};
		234FF1CE24C7E5C7000D48AA /* Products */ = {
			isa = PBXGroup;
			children = (
				234FF1CD24C7E5C7000D48AA /* 高斯模糊.app */,
				234FF1E824C7E5CA000D48AA /* 高斯模糊Tests.xctest */,
				234FF1F324C7E5CA000D48AA /* 高斯模糊UITests.xctest */,
			);
			name = Products;
			sourceTree = "<group>";
		};
		234FF1CF24C7E5C7000D48AA /* 高斯模糊 */ = {
			isa = PBXGroup;
			children = (
				234FF1D024C7E5C7000D48AA /* AppDelegate.h */,
				234FF1D124C7E5C7000D48AA /* AppDelegate.m */,
				234FF1D324C7E5C7000D48AA /* SceneDelegate.h */,
				234FF1D424C7E5C7000D48AA /* SceneDelegate.m */,
				234FF1D624C7E5C7000D48AA /* ViewController.h */,
				234FF1D724C7E5C7000D48AA /* ViewController.m */,
				234FF1D924C7E5C7000D48AA /* Main.storyboard */,
				234FF1DC24C7E5CA000D48AA /* Assets.xcassets */,
				234FF1DE24C7E5CA000D48AA /* LaunchScreen.storyboard */,
				234FF1E124C7E5CA000D48AA /* Info.plist */,
				234FF1E224C7E5CA000D48AA /* main.m */,
				234FF20524C811B2000D48AA /* A_Button.h */,
				234FF20624C811B2000D48AA /* A_Button.m */,
			);
			path = "高斯模糊";
			sourceTree = "<group>";
		};
		234FF1EB24C7E5CA000D48AA /* 高斯模糊Tests */ = {
			isa = PBXGroup;
			children = (
				234FF1EC24C7E5CA000D48AA /* ____Tests.m */,
				234FF1EE24C7E5CA000D48AA /* Info.plist */,
			);
			path = "高斯模糊Tests";
			sourceTree = "<group>";
		};
		234FF1F624C7E5CA000D48AA /* 高斯模糊UITests */ = {
			isa = PBXGroup;
			children = (
				234FF1F724C7E5CA000D48AA /* ____UITests.m */,
				234FF1F924C7E5CA000D48AA /* Info.plist */,
			);
			path = "高斯模糊UITests";
			sourceTree = "<group>";
		};
/* End PBXGroup section */

/* Begin PBXNativeTarget section */
		234FF1CC24C7E5C7000D48AA /* 高斯模糊 */ = {
			isa = PBXNativeTarget;
			buildConfigurationList = 234FF1FC24C7E5CA000D48AA /* Build configuration list for PBXNativeTarget "高斯模糊" */;
			buildPhases = (
				234FF1C924C7E5C7000D48AA /* Sources */,
				234FF1CA24C7E5C7000D48AA /* Frameworks */,
				234FF1CB24C7E5C7000D48AA /* Resources */,
			);
			buildRules = (
			);
			dependencies = (
			);
			name = "高斯模糊";
			productName = "高斯模糊";
			productReference = 234FF1CD24C7E5C7000D48AA /* 高斯模糊.app */;
			productType = "com.apple.product-type.application";
		};
		234FF1E724C7E5CA000D48AA /* 高斯模糊Tests */ = {
			isa = PBXNativeTarget;
			buildConfigurationList = 234FF1FF24C7E5CA000D48AA /* Build configuration list for PBXNativeTarget "高斯模糊Tests" */;
			buildPhases = (
				234FF1E424C7E5CA000D48AA /* Sources */,
				234FF1E524C7E5CA000D48AA /* Frameworks */,
				234FF1E624C7E5CA000D48AA /* Resources */,
			);
			buildRules = (
			);
			dependencies = (
				234FF1EA24C7E5CA000D48AA /* PBXTargetDependency */,
			);
			name = "高斯模糊Tests";
			productName = "高斯模糊Tests";
			productReference = 234FF1E824C7E5CA000D48AA /* 高斯模糊Tests.xctest */;
			productType = "com.apple.product-type.bundle.unit-test";
		};
		234FF1F224C7E5CA000D48AA /* 高斯模糊UITests */ = {
			isa = PBXNativeTarget;
			buildConfigurationList = 234FF20224C7E5CA000D48AA /* Build configuration list for PBXNativeTarget "高斯模糊UITests" */;
			buildPhases = (
				234FF1EF24C7E5CA000D48AA /* Sources */,
				234FF1F024C7E5CA000D48AA /* Frameworks */,
				234FF1F124C7E5CA000D48AA /* Resources */,
			);
			buildRules = (
			);
			dependencies = (
				234FF1F524C7E5CA000D48AA /* PBXTargetDependency */,
			);
			name = "高斯模糊UITests";
			productName = "高斯模糊UITests";
			productReference = 234FF1F324C7E5CA000D48AA /* 高斯模糊UITests.xctest */;
			productType = "com.apple.product-type.bundle.ui-testing";
		};
/* End PBXNativeTarget section */

/* Begin PBXProject section */
		234FF1C524C7E5C7000D48AA /* Project object */ = {
			isa = PBXProject;
			attributes = {
				LastUpgradeCheck = 1130;
				ORGANIZATIONNAME = lvguangda;
				TargetAttributes = {
					234FF1CC24C7E5C7000D48AA = {
						CreatedOnToolsVersion = 11.3;
					};
					234FF1E724C7E5CA000D48AA = {
						CreatedOnToolsVersion = 11.3;
						TestTargetID = 234FF1CC24C7E5C7000D48AA;
					};
					234FF1F224C7E5CA000D48AA = {
						CreatedOnToolsVersion = 11.3;
						TestTargetID = 234FF1CC24C7E5C7000D48AA;
					};
				};
			};
			buildConfigurationList = 234FF1C824C7E5C7000D48AA /* Build configuration list for PBXProject "高斯模糊" */;
			compatibilityVersion = "Xcode 9.3";
			developmentRegion = en;
			hasScannedForEncodings = 0;
			knownRegions = (
				en,
				Base,
			);
			mainGroup = 234FF1C424C7E5C7000D48AA;
			productRefGroup = 234FF1CE24C7E5C7000D48AA /* Products */;
			projectDirPath = "";
			projectRoot = "";
			targets = (
				234FF1CC24C7E5C7000D48AA /* 高斯模糊 */,
				234FF1E724C7E5CA000D48AA /* 高斯模糊Tests */,
				234FF1F224C7E5CA000D48AA /* 高斯模糊UITests */,
			);
		};
/* End PBXProject section */

/* Begin PBXResourcesBuildPhase section */
		234FF1CB24C7E5C7000D48AA /* Resources */ = {
			isa = PBXResourcesBuildPhase;
			buildActionMask = 2147483647;
			files = (
				234FF1E024C7E5CA000D48AA /* LaunchScreen.storyboard in Resources */,
				234FF1DD24C7E5CA000D48AA /* Assets.xcassets in Resources */,
				234FF1DB24C7E5C7000D48AA /* Main.storyboard in Resources */,
			);
			runOnlyForDeploymentPostprocessing = 0;
		};
		234FF1E624C7E5CA000D48AA /* Resources */ = {
			isa = PBXResourcesBuildPhase;
			buildActionMask = 2147483647;
			files = (
			);
			runOnlyForDeploymentPostprocessing = 0;
		};
		234FF1F124C7E5CA000D48AA /* Resources */ = {
			isa = PBXResourcesBuildPhase;
			buildActionMask = 2147483647;
			files = (
			);
			runOnlyForDeploymentPostprocessing = 0;
		};
/* End PBXResourcesBuildPhase section */

/* Begin PBXSourcesBuildPhase section */
		234FF1C924C7E5C7000D48AA /* Sources */ = {
			isa = PBXSourcesBuildPhase;
			buildActionMask = 2147483647;
			files = (
				234FF1D824C7E5C7000D48AA /* ViewController.m in Sources */,
				234FF1D224C7E5C7000D48AA /* AppDelegate.m in Sources */,
				234FF1E324C7E5CA000D48AA /* main.m in Sources */,
				234FF20724C811B2000D48AA /* A_Button.m in Sources */,
				234FF1D524C7E5C7000D48AA /* SceneDelegate.m in Sources */,
			);
			runOnlyForDeploymentPostprocessing = 0;
		};
		234FF1E424C7E5CA000D48AA /* Sources */ = {
			isa = PBXSourcesBuildPhase;
			buildActionMask = 2147483647;
			files = (
				234FF1ED24C7E5CA000D48AA /* ____Tests.m in Sources */,
			);
			runOnlyForDeploymentPostprocessing = 0;
		};
		234FF1EF24C7E5CA000D48AA /* Sources */ = {
			isa = PBXSourcesBuildPhase;
			buildActionMask = 2147483647;
			files = (
				234FF1F824C7E5CA000D48AA /* ____UITests.m in Sources */,
			);
			runOnlyForDeploymentPostprocessing = 0;
		};
/* End PBXSourcesBuildPhase section */

/* Begin PBXTargetDependency section */
		234FF1EA24C7E5CA000D48AA /* PBXTargetDependency */ = {
			isa = PBXTargetDependency;
			target = 234FF1CC24C7E5C7000D48AA /* 高斯模糊 */;
			targetProxy = 234FF1E924C7E5CA000D48AA /* PBXContainerItemProxy */;
		};
		234FF1F524C7E5CA000D48AA /* PBXTargetDependency */ = {
			isa = PBXTargetDependency;
			target = 234FF1CC24C7E5C7000D48AA /* 高斯模糊 */;
			targetProxy = 234FF1F424C7E5CA000D48AA /* PBXContainerItemProxy */;
		};
/* End PBXTargetDependency section */

/* Begin PBXVariantGroup section */
		234FF1D924C7E5C7000D48AA /* Main.storyboard */ = {
			isa = PBXVariantGroup;
			children = (
				234FF1DA24C7E5C7000D48AA /* Base */,
			);
			name = Main.storyboard;
			sourceTree = "<group>";
		};
		234FF1DE24C7E5CA000D48AA /* LaunchScreen.storyboard */ = {
			isa = PBXVariantGroup;
			children = (
				234FF1DF24C7E5CA000D48AA /* Base */,
			);
			name = LaunchScreen.storyboard;
			sourceTree = "<group>";
		};
/* End PBXVariantGroup section */

/* Begin XCBuildConfiguration section */
		234FF1FA24C7E5CA000D48AA /* Debug */ = {
			isa = XCBuildConfiguration;
			buildSettings = {
				ALWAYS_SEARCH_USER_PATHS = NO;
				CLANG_ANALYZER_NONNULL = YES;
				CLANG_ANALYZER_NUMBER_OBJECT_CONVERSION = YES_AGGRESSIVE;
				CLANG_CXX_LANGUAGE_STANDARD = "gnu++14";
				CLANG_CXX_LIBRARY = "libc++";
				CLANG_ENABLE_MODULES = YES;
				CLANG_ENABLE_OBJC_ARC = YES;
				CLANG_ENABLE_OBJC_WEAK = YES;
				CLANG_WARN_BLOCK_CAPTURE_AUTORELEASING = YES;
				CLANG_WARN_BOOL_CONVERSION = YES;
				CLANG_WARN_COMMA = YES;
				CLANG_WARN_CONSTANT_CONVERSION = YES;
				CLANG_WARN_DEPRECATED_OBJC_IMPLEMENTATIONS = YES;
				CLANG_WARN_DIRECT_OBJC_ISA_USAGE = YES_ERROR;
				CLANG_WARN_DOCUMENTATION_COMMENTS = YES;
				CLANG_WARN_EMPTY_BODY = YES;
				CLANG_WARN_ENUM_CONVERSION = YES;
				CLANG_WARN_INFINITE_RECURSION = YES;
				CLANG_WARN_INT_CONVERSION = YES;
				CLANG_WARN_NON_LITERAL_NULL_CONVERSION = YES;
				CLANG_WARN_OBJC_IMPLICIT_RETAIN_SELF = YES;
				CLANG_WARN_OBJC_LITERAL_CONVERSION = YES;
				CLANG_WARN_OBJC_ROOT_CLASS = YES_ERROR;
				CLANG_WARN_RANGE_LOOP_ANALYSIS = YES;
				CLANG_WARN_STRICT_PROTOTYPES = YES;
				CLANG_WARN_SUSPICIOUS_MOVE = YES;
				CLANG_WARN_UNGUARDED_AVAILABILITY = YES_AGGRESSIVE;
				CLANG_WARN_UNREACHABLE_CODE = YES;
				CLANG_WARN__DUPLICATE_METHOD_MATCH = YES;
				COPY_PHASE_STRIP = NO;
				DEBUG_INFORMATION_FORMAT = dwarf;
				ENABLE_STRICT_OBJC_MSGSEND = YES;
				ENABLE_TESTABILITY = YES;
				GCC_C_LANGUAGE_STANDARD = gnu11;
				GCC_DYNAMIC_NO_PIC = NO;
				GCC_NO_COMMON_BLOCKS = YES;
				GCC_OPTIMIZATION_LEVEL = 0;
				GCC_PREPROCESSOR_DEFINITIONS = (
					"DEBUG=1",
					"$(inherited)",
				);
				GCC_WARN_64_TO_32_BIT_CONVERSION = YES;
				GCC_WARN_ABOUT_RETURN_TYPE = YES_ERROR;
				GCC_WARN_UNDECLARED_SELECTOR = YES;
				GCC_WARN_UNINITIALIZED_AUTOS = YES_AGGRESSIVE;
				GCC_WARN_UNUSED_FUNCTION = YES;
				GCC_WARN_UNUSED_VARIABLE = YES;
				IPHONEOS_DEPLOYMENT_TARGET = 13.5;
				MTL_ENABLE_DEBUG_INFO = INCLUDE_SOURCE;
				MTL_FAST_MATH = YES;
				ONLY_ACTIVE_ARCH = YES;
				SDKROOT = iphoneos;
			};
			name = Debug;
		};
		234FF1FB24C7E5CA000D48AA /* Release */ = {
			isa = XCBuildConfiguration;
			buildSettings = {
				ALWAYS_SEARCH_USER_PATHS = NO;
				CLANG_ANALYZER_NONNULL = YES;
				CLANG_ANALYZER_NUMBER_OBJECT_CONVERSION = YES_AGGRESSIVE;
				CLANG_CXX_LANGUAGE_STANDARD = "gnu++14";
				CLANG_CXX_LIBRARY = "libc++";
				CLANG_ENABLE_MODULES = YES;
				CLANG_ENABLE_OBJC_ARC = YES;
				CLANG_ENABLE_OBJC_WEAK = YES;
				CLANG_WARN_BLOCK_CAPTURE_AUTORELEASING = YES;
				CLANG_WARN_BOOL_CONVERSION = YES;
				CLANG_WARN_COMMA = YES;
				CLANG_WARN_CONSTANT_CONVERSION = YES;
				CLANG_WARN_DEPRECATED_OBJC_IMPLEMENTATIONS = YES;
				CLANG_WARN_DIRECT_OBJC_ISA_USAGE = YES_ERROR;
				CLANG_WARN_DOCUMENTATION_COMMENTS = YES;
				CLANG_WARN_EMPTY_BODY = YES;
				CLANG_WARN_ENUM_CONVERSION = YES;
				CLANG_WARN_INFINITE_RECURSION = YES;
				CLANG_WARN_INT_CONVERSION = YES;
				CLANG_WARN_NON_LITERAL_NULL_CONVERSION = YES;
				CLANG_WARN_OBJC_IMPLICIT_RETAIN_SELF = YES;
				CLANG_WARN_OBJC_LITERAL_CONVERSION = YES;
				CLANG_WARN_OBJC_ROOT_CLASS = YES_ERROR;
				CLANG_WARN_RANGE_LOOP_ANALYSIS = YES;
				CLANG_WARN_STRICT_PROTOTYPES = YES;
				CLANG_WARN_SUSPICIOUS_MOVE = YES;
				CLANG_WARN_UNGUARDED_AVAILABILITY = YES_AGGRESSIVE;
				CLANG_WARN_UNREACHABLE_CODE = YES;
				CLANG_WARN__DUPLICATE_METHOD_MATCH = YES;
				COPY_PHASE_STRIP = NO;
				DEBUG_INFORMATION_FORMAT = "dwarf-with-dsym";
				ENABLE_NS_ASSERTIONS = NO;
				ENABLE_STRICT_OBJC_MSGSEND = YES;
				GCC_C_LANGUAGE_STANDARD = gnu11;
				GCC_NO_COMMON_BLOCKS = YES;
				GCC_WARN_64_TO_32_BIT_CONVERSION = YES;
				GCC_WARN_ABOUT_RETURN_TYPE = YES_ERROR;
				GCC_WARN_UNDECLARED_SELECTOR = YES;
				GCC_WARN_UNINITIALIZED_AUTOS = YES_AGGRESSIVE;
				GCC_WARN_UNUSED_FUNCTION = YES;
				GCC_WARN_UNUSED_VARIABLE = YES;
				IPHONEOS_DEPLOYMENT_TARGET = 13.5;
				MTL_ENABLE_DEBUG_INFO = NO;
				MTL_FAST_MATH = YES;
				SDKROOT = iphoneos;
				VALIDATE_PRODUCT = YES;
			};
			name = Release;
		};
		234FF1FD24C7E5CA000D48AA /* Debug */ = {
			isa = XCBuildConfiguration;
			buildSettings = {
				ASSETCATALOG_COMPILER_APPICON_NAME = AppIcon;
				CODE_SIGN_STYLE = Automatic;
				DEVELOPMENT_TEAM = MC32WL4XZA;
				INFOPLIST_FILE = "高斯模糊/Info.plist";
				IPHONEOS_DEPLOYMENT_TARGET = 13.2;
				LD_RUNPATH_SEARCH_PATHS = (
					"$(inherited)",
					"@executable_path/Frameworks",
				);
				PRODUCT_BUNDLE_IDENTIFIER = "com.vmei.vmei.----";
				PRODUCT_NAME = "$(TARGET_NAME)";
				TARGETED_DEVICE_FAMILY = "1,2";
			};
			name = Debug;
		};
		234FF1FE24C7E5CA000D48AA /* Release */ = {
			isa = XCBuildConfiguration;
			buildSettings = {
				ASSETCATALOG_COMPILER_APPICON_NAME = AppIcon;
				CODE_SIGN_STYLE = Automatic;
				DEVELOPMENT_TEAM = MC32WL4XZA;
				INFOPLIST_FILE = "高斯模糊/Info.plist";
				IPHONEOS_DEPLOYMENT_TARGET = 13.2;
				LD_RUNPATH_SEARCH_PATHS = (
					"$(inherited)",
					"@executable_path/Frameworks",
				);
				PRODUCT_BUNDLE_IDENTIFIER = "com.vmei.vmei.----";
				PRODUCT_NAME = "$(TARGET_NAME)";
				TARGETED_DEVICE_FAMILY = "1,2";
			};
			name = Release;
		};
		234FF20024C7E5CA000D48AA /* Debug */ = {
			isa = XCBuildConfiguration;
			buildSettings = {
				BUNDLE_LOADER = "$(TEST_HOST)";
				CODE_SIGN_STYLE = Automatic;
				DEVELOPMENT_TEAM = MC32WL4XZA;
				INFOPLIST_FILE = "高斯模糊Tests/Info.plist";
				IPHONEOS_DEPLOYMENT_TARGET = 13.5;
				LD_RUNPATH_SEARCH_PATHS = (
					"$(inherited)",
					"@executable_path/Frameworks",
					"@loader_path/Frameworks",
				);
				PRODUCT_BUNDLE_IDENTIFIER = "com.vmei.vmei.----Tests";
				PRODUCT_NAME = "$(TARGET_NAME)";
				TARGETED_DEVICE_FAMILY = "1,2";
				TEST_HOST = "$(BUILT_PRODUCTS_DIR)/高斯模糊.app/高斯模糊";
			};
			name = Debug;
		};
		234FF20124C7E5CA000D48AA /* Release */ = {
			isa = XCBuildConfiguration;
			buildSettings = {
				BUNDLE_LOADER = "$(TEST_HOST)";
				CODE_SIGN_STYLE = Automatic;
				DEVELOPMENT_TEAM = MC32WL4XZA;
				INFOPLIST_FILE = "高斯模糊Tests/Info.plist";
				IPHONEOS_DEPLOYMENT_TARGET = 13.5;
				LD_RUNPATH_SEARCH_PATHS = (
					"$(inherited)",
					"@executable_path/Frameworks",
					"@loader_path/Frameworks",
				);
				PRODUCT_BUNDLE_IDENTIFIER = "com.vmei.vmei.----Tests";
				PRODUCT_NAME = "$(TARGET_NAME)";
				TARGETED_DEVICE_FAMILY = "1,2";
				TEST_HOST = "$(BUILT_PRODUCTS_DIR)/高斯模糊.app/高斯模糊";
			};
			name = Release;
		};
		234FF20324C7E5CA000D48AA /* Debug */ = {
			isa = XCBuildConfiguration;
			buildSettings = {
				CODE_SIGN_STYLE = Automatic;
				DEVELOPMENT_TEAM = MC32WL4XZA;
				INFOPLIST_FILE = "高斯模糊UITests/Info.plist";
				LD_RUNPATH_SEARCH_PATHS = (
					"$(inherited)",
					"@executable_path/Frameworks",
					"@loader_path/Frameworks",
				);
				PRODUCT_BUNDLE_IDENTIFIER = "com.vmei.vmei.----UITests";
				PRODUCT_NAME = "$(TARGET_NAME)";
				TARGETED_DEVICE_FAMILY = "1,2";
				TEST_TARGET_NAME = "高斯模糊";
			};
			name = Debug;
		};
		234FF20424C7E5CA000D48AA /* Release */ = {
			isa = XCBuildConfiguration;
			buildSettings = {
				CODE_SIGN_STYLE = Automatic;
				DEVELOPMENT_TEAM = MC32WL4XZA;
				INFOPLIST_FILE = "高斯模糊UITests/Info.plist";
				LD_RUNPATH_SEARCH_PATHS = (
					"$(inherited)",
					"@executable_path/Frameworks",
					"@loader_path/Frameworks",
				);
				PRODUCT_BUNDLE_IDENTIFIER = "com.vmei.vmei.----UITests";
				PRODUCT_NAME = "$(TARGET_NAME)";
				TARGETED_DEVICE_FAMILY = "1,2";
				TEST_TARGET_NAME = "高斯模糊";
			};
			name = Release;
		};
/* End XCBuildConfiguration section */

/* Begin XCConfigurationList section */
		234FF1C824C7E5C7000D48AA /* Build configuration list for PBXProject "高斯模糊" */ = {
			isa = XCConfigurationList;
			buildConfigurations = (
				234FF1FA24C7E5CA000D48AA /* Debug */,
				234FF1FB24C7E5CA000D48AA /* Release */,
			);
			defaultConfigurationIsVisible = 0;
			defaultConfigurationName = Release;
		};
		234FF1FC24C7E5CA000D48AA /* Build configuration list for PBXNativeTarget "高斯模糊" */ = {
			isa = XCConfigurationList;
			buildConfigurations = (
				234FF1FD24C7E5CA000D48AA /* Debug */,
				234FF1FE24C7E5CA000D48AA /* Release */,
			);
			defaultConfigurationIsVisible = 0;
			defaultConfigurationName = Release;
		};
		234FF1FF24C7E5CA000D48AA /* Build configuration list for PBXNativeTarget "高斯模糊Tests" */ = {
			isa = XCConfigurationList;
			buildConfigurations = (
				234FF20024C7E5CA000D48AA /* Debug */,
				234FF20124C7E5CA000D48AA /* Release */,
			);
			defaultConfigurationIsVisible = 0;
			defaultConfigurationName = Release;
		};
		234FF20224C7E5CA000D48AA /* Build configuration list for PBXNativeTarget "高斯模糊UITests" */ = {
			isa = XCConfigurationList;
			buildConfigurations = (
				234FF20324C7E5CA000D48AA /* Debug */,
				234FF20424C7E5CA000D48AA /* Release */,
			);
			defaultConfigurationIsVisible = 0;
			defaultConfigurationName = Release;
		};
/* End XCConfigurationList section */
	};
	rootObject = 234FF1C524C7E5C7000D48AA /* Project object */;
}
