// !$*UTF8*$!
{
	archiveVersion = 1;
	classes = {
	};
	objectVersion = 50;
	objects = {

/* Begin PBXBuildFile section */
		2344FA80237BE50E009FA140 /* AppDelegate.m in Sources */ = {isa = PBXBuildFile; fileRef = 2344FA7F237BE50E009FA140 /* AppDelegate.m */; };
		2344FA83237BE50E009FA140 /* SceneDelegate.m in Sources */ = {isa = PBXBuildFile; fileRef = 2344FA82237BE50E009FA140 /* SceneDelegate.m */; };
		2344FA86237BE50E009FA140 /* ViewController.m in Sources */ = {isa = PBXBuildFile; fileRef = 2344FA85237BE50E009FA140 /* ViewController.m */; };
		2344FA89237BE50E009FA140 /* Main.storyboard in Resources */ = {isa = PBXBuildFile; fileRef = 2344FA87237BE50E009FA140 /* Main.storyboard */; };
		2344FA8B237BE510009FA140 /* Assets.xcassets in Resources */ = {isa = PBXBuildFile; fileRef = 2344FA8A237BE510009FA140 /* Assets.xcassets */; };
		2344FA8E237BE510009FA140 /* LaunchScreen.storyboard in Resources */ = {isa = PBXBuildFile; fileRef = 2344FA8C237BE510009FA140 /* LaunchScreen.storyboard */; };
		2344FA91237BE510009FA140 /* main.m in Sources */ = {isa = PBXBuildFile; fileRef = 2344FA90237BE510009FA140 /* main.m */; };
		2344FA9B237BE510009FA140 /* iOS____IDFATests.m in Sources */ = {isa = PBXBuildFile; fileRef = 2344FA9A237BE510009FA140 /* iOS____IDFATests.m */; };
		2344FAA6237BE510009FA140 /* iOS____IDFAUITests.m in Sources */ = {isa = PBXBuildFile; fileRef = 2344FAA5237BE510009FA140 /* iOS____IDFAUITests.m */; };
		2344FAB5237BE53E009FA140 /* AdSupport.framework in Frameworks */ = {isa = PBXBuildFile; fileRef = 2344FAB4237BE53E009FA140 /* AdSupport.framework */; };
/* End PBXBuildFile section */

/* Begin PBXContainerItemProxy section */
		2344FA97237BE510009FA140 /* PBXContainerItemProxy */ = {
			isa = PBXContainerItemProxy;
			containerPortal = 2344FA73237BE50E009FA140 /* Project object */;
			proxyType = 1;
			remoteGlobalIDString = 2344FA7A237BE50E009FA140;
			remoteInfo = "iOS如何获取IDFA";
		};
		2344FAA2237BE510009FA140 /* PBXContainerItemProxy */ = {
			isa = PBXContainerItemProxy;
			containerPortal = 2344FA73237BE50E009FA140 /* Project object */;
			proxyType = 1;
			remoteGlobalIDString = 2344FA7A237BE50E009FA140;
			remoteInfo = "iOS如何获取IDFA";
		};
/* End PBXContainerItemProxy section */

/* Begin PBXFileReference section */
		2344FA7B237BE50E009FA140 /* iOS如何获取IDFA.app */ = {isa = PBXFileReference; explicitFileType = wrapper.application; includeInIndex = 0; path = "iOS如何获取IDFA.app"; sourceTree = BUILT_PRODUCTS_DIR; };
		2344FA7E237BE50E009FA140 /* AppDelegate.h */ = {isa = PBXFileReference; lastKnownFileType = sourcecode.c.h; path = AppDelegate.h; sourceTree = "<group>"; };
		2344FA7F237BE50E009FA140 /* AppDelegate.m */ = {isa = PBXFileReference; lastKnownFileType = sourcecode.c.objc; path = AppDelegate.m; sourceTree = "<group>"; };
		2344FA81237BE50E009FA140 /* SceneDelegate.h */ = {isa = PBXFileReference; lastKnownFileType = sourcecode.c.h; path = SceneDelegate.h; sourceTree = "<group>"; };
		2344FA82237BE50E009FA140 /* SceneDelegate.m */ = {isa = PBXFileReference; lastKnownFileType = sourcecode.c.objc; path = SceneDelegate.m; sourceTree = "<group>"; };
		2344FA84237BE50E009FA140 /* ViewController.h */ = {isa = PBXFileReference; lastKnownFileType = sourcecode.c.h; path = ViewController.h; sourceTree = "<group>"; };
		2344FA85237BE50E009FA140 /* ViewController.m */ = {isa = PBXFileReference; lastKnownFileType = sourcecode.c.objc; path = ViewController.m; sourceTree = "<group>"; };
		2344FA88237BE50E009FA140 /* Base */ = {isa = PBXFileReference; lastKnownFileType = file.storyboard; name = Base; path = Base.lproj/Main.storyboard; sourceTree = "<group>"; };
		2344FA8A237BE510009FA140 /* Assets.xcassets */ = {isa = PBXFileReference; lastKnownFileType = folder.assetcatalog; path = Assets.xcassets; sourceTree = "<group>"; };
		2344FA8D237BE510009FA140 /* Base */ = {isa = PBXFileReference; lastKnownFileType = file.storyboard; name = Base; path = Base.lproj/LaunchScreen.storyboard; sourceTree = "<group>"; };
		2344FA8F237BE510009FA140 /* Info.plist */ = {isa = PBXFileReference; lastKnownFileType = text.plist.xml; path = Info.plist; sourceTree = "<group>"; };
		2344FA90237BE510009FA140 /* main.m */ = {isa = PBXFileReference; lastKnownFileType = sourcecode.c.objc; path = main.m; sourceTree = "<group>"; };
		2344FA96237BE510009FA140 /* iOS如何获取IDFATests.xctest */ = {isa = PBXFileReference; explicitFileType = wrapper.cfbundle; includeInIndex = 0; path = "iOS如何获取IDFATests.xctest"; sourceTree = BUILT_PRODUCTS_DIR; };
		2344FA9A237BE510009FA140 /* iOS____IDFATests.m */ = {isa = PBXFileReference; lastKnownFileType = sourcecode.c.objc; path = "iOS____IDFATests.m"; sourceTree = "<group>"; };
		2344FA9C237BE510009FA140 /* Info.plist */ = {isa = PBXFileReference; lastKnownFileType = text.plist.xml; path = Info.plist; sourceTree = "<group>"; };
		2344FAA1237BE510009FA140 /* iOS如何获取IDFAUITests.xctest */ = {isa = PBXFileReference; explicitFileType = wrapper.cfbundle; includeInIndex = 0; path = "iOS如何获取IDFAUITests.xctest"; sourceTree = BUILT_PRODUCTS_DIR; };
		2344FAA5237BE510009FA140 /* iOS____IDFAUITests.m */ = {isa = PBXFileReference; lastKnownFileType = sourcecode.c.objc; path = "iOS____IDFAUITests.m"; sourceTree = "<group>"; };
		2344FAA7237BE510009FA140 /* Info.plist */ = {isa = PBXFileReference; lastKnownFileType = text.plist.xml; path = Info.plist; sourceTree = "<group>"; };
		2344FAB4237BE53E009FA140 /* AdSupport.framework */ = {isa = PBXFileReference; lastKnownFileType = wrapper.framework; name = AdSupport.framework; path = System/Library/Frameworks/AdSupport.framework; sourceTree = SDKROOT; };
/* End PBXFileReference section */

/* Begin PBXFrameworksBuildPhase section */
		2344FA78237BE50E009FA140 /* Frameworks */ = {
			isa = PBXFrameworksBuildPhase;
			buildActionMask = 2147483647;
			files = (
				2344FAB5237BE53E009FA140 /* AdSupport.framework in Frameworks */,
			);
			runOnlyForDeploymentPostprocessing = 0;
		};
		2344FA93237BE510009FA140 /* Frameworks */ = {
			isa = PBXFrameworksBuildPhase;
			buildActionMask = 2147483647;
			files = (
			);
			runOnlyForDeploymentPostprocessing = 0;
		};
		2344FA9E237BE510009FA140 /* Frameworks */ = {
			isa = PBXFrameworksBuildPhase;
			buildActionMask = 2147483647;
			files = (
			);
			runOnlyForDeploymentPostprocessing = 0;
		};
/* End PBXFrameworksBuildPhase section */

/* Begin PBXGroup section */
		2344FA72237BE50E009FA140 = {
			isa = PBXGroup;
			children = (
				2344FA7D237BE50E009FA140 /* iOS如何获取IDFA */,
				2344FA99237BE510009FA140 /* iOS如何获取IDFATests */,
				2344FAA4237BE510009FA140 /* iOS如何获取IDFAUITests */,
				2344FA7C237BE50E009FA140 /* Products */,
				2344FAB3237BE53D009FA140 /* Frameworks */,
			);
			sourceTree = "<group>";
		};
		2344FA7C237BE50E009FA140 /* Products */ = {
			isa = PBXGroup;
			children = (
				2344FA7B237BE50E009FA140 /* iOS如何获取IDFA.app */,
				2344FA96237BE510009FA140 /* iOS如何获取IDFATests.xctest */,
				2344FAA1237BE510009FA140 /* iOS如何获取IDFAUITests.xctest */,
			);
			name = Products;
			sourceTree = "<group>";
		};
		2344FA7D237BE50E009FA140 /* iOS如何获取IDFA */ = {
			isa = PBXGroup;
			children = (
				2344FA7E237BE50E009FA140 /* AppDelegate.h */,
				2344FA7F237BE50E009FA140 /* AppDelegate.m */,
				2344FA81237BE50E009FA140 /* SceneDelegate.h */,
				2344FA82237BE50E009FA140 /* SceneDelegate.m */,
				2344FA84237BE50E009FA140 /* ViewController.h */,
				2344FA85237BE50E009FA140 /* ViewController.m */,
				2344FA87237BE50E009FA140 /* Main.storyboard */,
				2344FA8A237BE510009FA140 /* Assets.xcassets */,
				2344FA8C237BE510009FA140 /* LaunchScreen.storyboard */,
				2344FA8F237BE510009FA140 /* Info.plist */,
				2344FA90237BE510009FA140 /* main.m */,
			);
			path = "iOS如何获取IDFA";
			sourceTree = "<group>";
		};
		2344FA99237BE510009FA140 /* iOS如何获取IDFATests */ = {
			isa = PBXGroup;
			children = (
				2344FA9A237BE510009FA140 /* iOS____IDFATests.m */,
				2344FA9C237BE510009FA140 /* Info.plist */,
			);
			path = "iOS如何获取IDFATests";
			sourceTree = "<group>";
		};
		2344FAA4237BE510009FA140 /* iOS如何获取IDFAUITests */ = {
			isa = PBXGroup;
			children = (
				2344FAA5237BE510009FA140 /* iOS____IDFAUITests.m */,
				2344FAA7237BE510009FA140 /* Info.plist */,
			);
			path = "iOS如何获取IDFAUITests";
			sourceTree = "<group>";
		};
		2344FAB3237BE53D009FA140 /* Frameworks */ = {
			isa = PBXGroup;
			children = (
				2344FAB4237BE53E009FA140 /* AdSupport.framework */,
			);
			name = Frameworks;
			sourceTree = "<group>";
		};
/* End PBXGroup section */

/* Begin PBXNativeTarget section */
		2344FA7A237BE50E009FA140 /* iOS如何获取IDFA */ = {
			isa = PBXNativeTarget;
			buildConfigurationList = 2344FAAA237BE510009FA140 /* Build configuration list for PBXNativeTarget "iOS如何获取IDFA" */;
			buildPhases = (
				2344FA77237BE50E009FA140 /* Sources */,
				2344FA78237BE50E009FA140 /* Frameworks */,
				2344FA79237BE50E009FA140 /* Resources */,
			);
			buildRules = (
			);
			dependencies = (
			);
			name = "iOS如何获取IDFA";
			productName = "iOS如何获取IDFA";
			productReference = 2344FA7B237BE50E009FA140 /* iOS如何获取IDFA.app */;
			productType = "com.apple.product-type.application";
		};
		2344FA95237BE510009FA140 /* iOS如何获取IDFATests */ = {
			isa = PBXNativeTarget;
			buildConfigurationList = 2344FAAD237BE510009FA140 /* Build configuration list for PBXNativeTarget "iOS如何获取IDFATests" */;
			buildPhases = (
				2344FA92237BE510009FA140 /* Sources */,
				2344FA93237BE510009FA140 /* Frameworks */,
				2344FA94237BE510009FA140 /* Resources */,
			);
			buildRules = (
			);
			dependencies = (
				2344FA98237BE510009FA140 /* PBXTargetDependency */,
			);
			name = "iOS如何获取IDFATests";
			productName = "iOS如何获取IDFATests";
			productReference = 2344FA96237BE510009FA140 /* iOS如何获取IDFATests.xctest */;
			productType = "com.apple.product-type.bundle.unit-test";
		};
		2344FAA0237BE510009FA140 /* iOS如何获取IDFAUITests */ = {
			isa = PBXNativeTarget;
			buildConfigurationList = 2344FAB0237BE510009FA140 /* Build configuration list for PBXNativeTarget "iOS如何获取IDFAUITests" */;
			buildPhases = (
				2344FA9D237BE510009FA140 /* Sources */,
				2344FA9E237BE510009FA140 /* Frameworks */,
				2344FA9F237BE510009FA140 /* Resources */,
			);
			buildRules = (
			);
			dependencies = (
				2344FAA3237BE510009FA140 /* PBXTargetDependency */,
			);
			name = "iOS如何获取IDFAUITests";
			productName = "iOS如何获取IDFAUITests";
			productReference = 2344FAA1237BE510009FA140 /* iOS如何获取IDFAUITests.xctest */;
			productType = "com.apple.product-type.bundle.ui-testing";
		};
/* End PBXNativeTarget section */

/* Begin PBXProject section */
		2344FA73237BE50E009FA140 /* Project object */ = {
			isa = PBXProject;
			attributes = {
				LastUpgradeCheck = 1110;
				ORGANIZATIONNAME = "https://github.com/GGTechnology";
				TargetAttributes = {
					2344FA7A237BE50E009FA140 = {
						CreatedOnToolsVersion = 11.1;
					};
					2344FA95237BE510009FA140 = {
						CreatedOnToolsVersion = 11.1;
						TestTargetID = 2344FA7A237BE50E009FA140;
					};
					2344FAA0237BE510009FA140 = {
						CreatedOnToolsVersion = 11.1;
						TestTargetID = 2344FA7A237BE50E009FA140;
					};
				};
			};
			buildConfigurationList = 2344FA76237BE50E009FA140 /* Build configuration list for PBXProject "iOS如何获取IDFA" */;
			compatibilityVersion = "Xcode 9.3";
			developmentRegion = en;
			hasScannedForEncodings = 0;
			knownRegions = (
				en,
				Base,
			);
			mainGroup = 2344FA72237BE50E009FA140;
			productRefGroup = 2344FA7C237BE50E009FA140 /* Products */;
			projectDirPath = "";
			projectRoot = "";
			targets = (
				2344FA7A237BE50E009FA140 /* iOS如何获取IDFA */,
				2344FA95237BE510009FA140 /* iOS如何获取IDFATests */,
				2344FAA0237BE510009FA140 /* iOS如何获取IDFAUITests */,
			);
		};
/* End PBXProject section */

/* Begin PBXResourcesBuildPhase section */
		2344FA79237BE50E009FA140 /* Resources */ = {
			isa = PBXResourcesBuildPhase;
			buildActionMask = 2147483647;
			files = (
				2344FA8E237BE510009FA140 /* LaunchScreen.storyboard in Resources */,
				2344FA8B237BE510009FA140 /* Assets.xcassets in Resources */,
				2344FA89237BE50E009FA140 /* Main.storyboard in Resources */,
			);
			runOnlyForDeploymentPostprocessing = 0;
		};
		2344FA94237BE510009FA140 /* Resources */ = {
			isa = PBXResourcesBuildPhase;
			buildActionMask = 2147483647;
			files = (
			);
			runOnlyForDeploymentPostprocessing = 0;
		};
		2344FA9F237BE510009FA140 /* Resources */ = {
			isa = PBXResourcesBuildPhase;
			buildActionMask = 2147483647;
			files = (
			);
			runOnlyForDeploymentPostprocessing = 0;
		};
/* End PBXResourcesBuildPhase section */

/* Begin PBXSourcesBuildPhase section */
		2344FA77237BE50E009FA140 /* Sources */ = {
			isa = PBXSourcesBuildPhase;
			buildActionMask = 2147483647;
			files = (
				2344FA86237BE50E009FA140 /* ViewController.m in Sources */,
				2344FA80237BE50E009FA140 /* AppDelegate.m in Sources */,
				2344FA91237BE510009FA140 /* main.m in Sources */,
				2344FA83237BE50E009FA140 /* SceneDelegate.m in Sources */,
			);
			runOnlyForDeploymentPostprocessing = 0;
		};
		2344FA92237BE510009FA140 /* Sources */ = {
			isa = PBXSourcesBuildPhase;
			buildActionMask = 2147483647;
			files = (
				2344FA9B237BE510009FA140 /* iOS____IDFATests.m in Sources */,
			);
			runOnlyForDeploymentPostprocessing = 0;
		};
		2344FA9D237BE510009FA140 /* Sources */ = {
			isa = PBXSourcesBuildPhase;
			buildActionMask = 2147483647;
			files = (
				2344FAA6237BE510009FA140 /* iOS____IDFAUITests.m in Sources */,
			);
			runOnlyForDeploymentPostprocessing = 0;
		};
/* End PBXSourcesBuildPhase section */

/* Begin PBXTargetDependency section */
		2344FA98237BE510009FA140 /* PBXTargetDependency */ = {
			isa = PBXTargetDependency;
			target = 2344FA7A237BE50E009FA140 /* iOS如何获取IDFA */;
			targetProxy = 2344FA97237BE510009FA140 /* PBXContainerItemProxy */;
		};
		2344FAA3237BE510009FA140 /* PBXTargetDependency */ = {
			isa = PBXTargetDependency;
			target = 2344FA7A237BE50E009FA140 /* iOS如何获取IDFA */;
			targetProxy = 2344FAA2237BE510009FA140 /* PBXContainerItemProxy */;
		};
/* End PBXTargetDependency section */

/* Begin PBXVariantGroup section */
		2344FA87237BE50E009FA140 /* Main.storyboard */ = {
			isa = PBXVariantGroup;
			children = (
				2344FA88237BE50E009FA140 /* Base */,
			);
			name = Main.storyboard;
			sourceTree = "<group>";
		};
		2344FA8C237BE510009FA140 /* LaunchScreen.storyboard */ = {
			isa = PBXVariantGroup;
			children = (
				2344FA8D237BE510009FA140 /* Base */,
			);
			name = LaunchScreen.storyboard;
			sourceTree = "<group>";
		};
/* End PBXVariantGroup section */

/* Begin XCBuildConfiguration section */
		2344FAA8237BE510009FA140 /* Debug */ = {
			isa = XCBuildConfiguration;
			buildSettings = {
				ALWAYS_SEARCH_USER_PATHS = NO;
				CLANG_ANALYZER_NONNULL = YES;
				CLANG_ANALYZER_NUMBER_OBJECT_CONVERSION = YES_AGGRESSIVE;
				CLANG_CXX_LANGUAGE_STANDARD = "gnu++14";
				CLANG_CXX_LIBRARY = "libc++";
				CLANG_ENABLE_MODULES = YES;
				CLANG_ENABLE_OBJC_ARC = YES;
				CLANG_ENABLE_OBJC_WEAK = YES;
				CLANG_WARN_BLOCK_CAPTURE_AUTORELEASING = YES;
				CLANG_WARN_BOOL_CONVERSION = YES;
				CLANG_WARN_COMMA = YES;
				CLANG_WARN_CONSTANT_CONVERSION = YES;
				CLANG_WARN_DEPRECATED_OBJC_IMPLEMENTATIONS = YES;
				CLANG_WARN_DIRECT_OBJC_ISA_USAGE = YES_ERROR;
				CLANG_WARN_DOCUMENTATION_COMMENTS = YES;
				CLANG_WARN_EMPTY_BODY = YES;
				CLANG_WARN_ENUM_CONVERSION = YES;
				CLANG_WARN_INFINITE_RECURSION = YES;
				CLANG_WARN_INT_CONVERSION = YES;
				CLANG_WARN_NON_LITERAL_NULL_CONVERSION = YES;
				CLANG_WARN_OBJC_IMPLICIT_RETAIN_SELF = YES;
				CLANG_WARN_OBJC_LITERAL_CONVERSION = YES;
				CLANG_WARN_OBJC_ROOT_CLASS = YES_ERROR;
				CLANG_WARN_RANGE_LOOP_ANALYSIS = YES;
				CLANG_WARN_STRICT_PROTOTYPES = YES;
				CLANG_WARN_SUSPICIOUS_MOVE = YES;
				CLANG_WARN_UNGUARDED_AVAILABILITY = YES_AGGRESSIVE;
				CLANG_WARN_UNREACHABLE_CODE = YES;
				CLANG_WARN__DUPLICATE_METHOD_MATCH = YES;
				COPY_PHASE_STRIP = NO;
				DEBUG_INFORMATION_FORMAT = dwarf;
				ENABLE_STRICT_OBJC_MSGSEND = YES;
				ENABLE_TESTABILITY = YES;
				GCC_C_LANGUAGE_STANDARD = gnu11;
				GCC_DYNAMIC_NO_PIC = NO;
				GCC_NO_COMMON_BLOCKS = YES;
				GCC_OPTIMIZATION_LEVEL = 0;
				GCC_PREPROCESSOR_DEFINITIONS = (
					"DEBUG=1",
					"$(inherited)",
				);
				GCC_WARN_64_TO_32_BIT_CONVERSION = YES;
				GCC_WARN_ABOUT_RETURN_TYPE = YES_ERROR;
				GCC_WARN_UNDECLARED_SELECTOR = YES;
				GCC_WARN_UNINITIALIZED_AUTOS = YES_AGGRESSIVE;
				GCC_WARN_UNUSED_FUNCTION = YES;
				GCC_WARN_UNUSED_VARIABLE = YES;
				IPHONEOS_DEPLOYMENT_TARGET = 13.1;
				MTL_ENABLE_DEBUG_INFO = INCLUDE_SOURCE;
				MTL_FAST_MATH = YES;
				ONLY_ACTIVE_ARCH = YES;
				SDKROOT = iphoneos;
			};
			name = Debug;
		};
		2344FAA9237BE510009FA140 /* Release */ = {
			isa = XCBuildConfiguration;
			buildSettings = {
				ALWAYS_SEARCH_USER_PATHS = NO;
				CLANG_ANALYZER_NONNULL = YES;
				CLANG_ANALYZER_NUMBER_OBJECT_CONVERSION = YES_AGGRESSIVE;
				CLANG_CXX_LANGUAGE_STANDARD = "gnu++14";
				CLANG_CXX_LIBRARY = "libc++";
				CLANG_ENABLE_MODULES = YES;
				CLANG_ENABLE_OBJC_ARC = YES;
				CLANG_ENABLE_OBJC_WEAK = YES;
				CLANG_WARN_BLOCK_CAPTURE_AUTORELEASING = YES;
				CLANG_WARN_BOOL_CONVERSION = YES;
				CLANG_WARN_COMMA = YES;
				CLANG_WARN_CONSTANT_CONVERSION = YES;
				CLANG_WARN_DEPRECATED_OBJC_IMPLEMENTATIONS = YES;
				CLANG_WARN_DIRECT_OBJC_ISA_USAGE = YES_ERROR;
				CLANG_WARN_DOCUMENTATION_COMMENTS = YES;
				CLANG_WARN_EMPTY_BODY = YES;
				CLANG_WARN_ENUM_CONVERSION = YES;
				CLANG_WARN_INFINITE_RECURSION = YES;
				CLANG_WARN_INT_CONVERSION = YES;
				CLANG_WARN_NON_LITERAL_NULL_CONVERSION = YES;
				CLANG_WARN_OBJC_IMPLICIT_RETAIN_SELF = YES;
				CLANG_WARN_OBJC_LITERAL_CONVERSION = YES;
				CLANG_WARN_OBJC_ROOT_CLASS = YES_ERROR;
				CLANG_WARN_RANGE_LOOP_ANALYSIS = YES;
				CLANG_WARN_STRICT_PROTOTYPES = YES;
				CLANG_WARN_SUSPICIOUS_MOVE = YES;
				CLANG_WARN_UNGUARDED_AVAILABILITY = YES_AGGRESSIVE;
				CLANG_WARN_UNREACHABLE_CODE = YES;
				CLANG_WARN__DUPLICATE_METHOD_MATCH = YES;
				COPY_PHASE_STRIP = NO;
				DEBUG_INFORMATION_FORMAT = "dwarf-with-dsym";
				ENABLE_NS_ASSERTIONS = NO;
				ENABLE_STRICT_OBJC_MSGSEND = YES;
				GCC_C_LANGUAGE_STANDARD = gnu11;
				GCC_NO_COMMON_BLOCKS = YES;
				GCC_WARN_64_TO_32_BIT_CONVERSION = YES;
				GCC_WARN_ABOUT_RETURN_TYPE = YES_ERROR;
				GCC_WARN_UNDECLARED_SELECTOR = YES;
				GCC_WARN_UNINITIALIZED_AUTOS = YES_AGGRESSIVE;
				GCC_WARN_UNUSED_FUNCTION = YES;
				GCC_WARN_UNUSED_VARIABLE = YES;
				IPHONEOS_DEPLOYMENT_TARGET = 13.1;
				MTL_ENABLE_DEBUG_INFO = NO;
				MTL_FAST_MATH = YES;
				SDKROOT = iphoneos;
				VALIDATE_PRODUCT = YES;
			};
			name = Release;
		};
		2344FAAB237BE510009FA140 /* Debug */ = {
			isa = XCBuildConfiguration;
			buildSettings = {
				ASSETCATALOG_COMPILER_APPICON_NAME = AppIcon;
				CODE_SIGN_STYLE = Automatic;
				DEVELOPMENT_TEAM = MC32WL4XZA;
				INFOPLIST_FILE = "iOS如何获取IDFA/Info.plist";
				LD_RUNPATH_SEARCH_PATHS = (
					"$(inherited)",
					"@executable_path/Frameworks",
				);
				PRODUCT_BUNDLE_IDENTIFIER = "https---github.com-GGTechnology.iOS----IDFA";
				PRODUCT_NAME = "$(TARGET_NAME)";
				TARGETED_DEVICE_FAMILY = "1,2";
			};
			name = Debug;
		};
		2344FAAC237BE510009FA140 /* Release */ = {
			isa = XCBuildConfiguration;
			buildSettings = {
				ASSETCATALOG_COMPILER_APPICON_NAME = AppIcon;
				CODE_SIGN_STYLE = Automatic;
				DEVELOPMENT_TEAM = MC32WL4XZA;
				INFOPLIST_FILE = "iOS如何获取IDFA/Info.plist";
				LD_RUNPATH_SEARCH_PATHS = (
					"$(inherited)",
					"@executable_path/Frameworks",
				);
				PRODUCT_BUNDLE_IDENTIFIER = "https---github.com-GGTechnology.iOS----IDFA";
				PRODUCT_NAME = "$(TARGET_NAME)";
				TARGETED_DEVICE_FAMILY = "1,2";
			};
			name = Release;
		};
		2344FAAE237BE510009FA140 /* Debug */ = {
			isa = XCBuildConfiguration;
			buildSettings = {
				BUNDLE_LOADER = "$(TEST_HOST)";
				CODE_SIGN_STYLE = Automatic;
				DEVELOPMENT_TEAM = MC32WL4XZA;
				INFOPLIST_FILE = "iOS如何获取IDFATests/Info.plist";
				IPHONEOS_DEPLOYMENT_TARGET = 13.1;
				LD_RUNPATH_SEARCH_PATHS = (
					"$(inherited)",
					"@executable_path/Frameworks",
					"@loader_path/Frameworks",
				);
				PRODUCT_BUNDLE_IDENTIFIER = "https---github.com-GGTechnology.iOS----IDFATests";
				PRODUCT_NAME = "$(TARGET_NAME)";
				TARGETED_DEVICE_FAMILY = "1,2";
				TEST_HOST = "$(BUILT_PRODUCTS_DIR)/iOS如何获取IDFA.app/iOS如何获取IDFA";
			};
			name = Debug;
		};
		2344FAAF237BE510009FA140 /* Release */ = {
			isa = XCBuildConfiguration;
			buildSettings = {
				BUNDLE_LOADER = "$(TEST_HOST)";
				CODE_SIGN_STYLE = Automatic;
				DEVELOPMENT_TEAM = MC32WL4XZA;
				INFOPLIST_FILE = "iOS如何获取IDFATests/Info.plist";
				IPHONEOS_DEPLOYMENT_TARGET = 13.1;
				LD_RUNPATH_SEARCH_PATHS = (
					"$(inherited)",
					"@executable_path/Frameworks",
					"@loader_path/Frameworks",
				);
				PRODUCT_BUNDLE_IDENTIFIER = "https---github.com-GGTechnology.iOS----IDFATests";
				PRODUCT_NAME = "$(TARGET_NAME)";
				TARGETED_DEVICE_FAMILY = "1,2";
				TEST_HOST = "$(BUILT_PRODUCTS_DIR)/iOS如何获取IDFA.app/iOS如何获取IDFA";
			};
			name = Release;
		};
		2344FAB1237BE510009FA140 /* Debug */ = {
			isa = XCBuildConfiguration;
			buildSettings = {
				CODE_SIGN_STYLE = Automatic;
				DEVELOPMENT_TEAM = MC32WL4XZA;
				INFOPLIST_FILE = "iOS如何获取IDFAUITests/Info.plist";
				LD_RUNPATH_SEARCH_PATHS = (
					"$(inherited)",
					"@executable_path/Frameworks",
					"@loader_path/Frameworks",
				);
				PRODUCT_BUNDLE_IDENTIFIER = "https---github.com-GGTechnology.iOS----IDFAUITests";
				PRODUCT_NAME = "$(TARGET_NAME)";
				TARGETED_DEVICE_FAMILY = "1,2";
				TEST_TARGET_NAME = "iOS如何获取IDFA";
			};
			name = Debug;
		};
		2344FAB2237BE510009FA140 /* Release */ = {
			isa = XCBuildConfiguration;
			buildSettings = {
				CODE_SIGN_STYLE = Automatic;
				DEVELOPMENT_TEAM = MC32WL4XZA;
				INFOPLIST_FILE = "iOS如何获取IDFAUITests/Info.plist";
				LD_RUNPATH_SEARCH_PATHS = (
					"$(inherited)",
					"@executable_path/Frameworks",
					"@loader_path/Frameworks",
				);
				PRODUCT_BUNDLE_IDENTIFIER = "https---github.com-GGTechnology.iOS----IDFAUITests";
				PRODUCT_NAME = "$(TARGET_NAME)";
				TARGETED_DEVICE_FAMILY = "1,2";
				TEST_TARGET_NAME = "iOS如何获取IDFA";
			};
			name = Release;
		};
/* End XCBuildConfiguration section */

/* Begin XCConfigurationList section */
		2344FA76237BE50E009FA140 /* Build configuration list for PBXProject "iOS如何获取IDFA" */ = {
			isa = XCConfigurationList;
			buildConfigurations = (
				2344FAA8237BE510009FA140 /* Debug */,
				2344FAA9237BE510009FA140 /* Release */,
			);
			defaultConfigurationIsVisible = 0;
			defaultConfigurationName = Release;
		};
		2344FAAA237BE510009FA140 /* Build configuration list for PBXNativeTarget "iOS如何获取IDFA" */ = {
			isa = XCConfigurationList;
			buildConfigurations = (
				2344FAAB237BE510009FA140 /* Debug */,
				2344FAAC237BE510009FA140 /* Release */,
			);
			defaultConfigurationIsVisible = 0;
			defaultConfigurationName = Release;
		};
		2344FAAD237BE510009FA140 /* Build configuration list for PBXNativeTarget "iOS如何获取IDFATests" */ = {
			isa = XCConfigurationList;
			buildConfigurations = (
				2344FAAE237BE510009FA140 /* Debug */,
				2344FAAF237BE510009FA140 /* Release */,
			);
			defaultConfigurationIsVisible = 0;
			defaultConfigurationName = Release;
		};
		2344FAB0237BE510009FA140 /* Build configuration list for PBXNativeTarget "iOS如何获取IDFAUITests" */ = {
			isa = XCConfigurationList;
			buildConfigurations = (
				2344FAB1237BE510009FA140 /* Debug */,
				2344FAB2237BE510009FA140 /* Release */,
			);
			defaultConfigurationIsVisible = 0;
			defaultConfigurationName = Release;
		};
/* End XCConfigurationList section */
	};
	rootObject = 2344FA73237BE50E009FA140 /* Project object */;
}
