// !$*UTF8*$!
{
	archiveVersion = 1;
	classes = {
	};
	objectVersion = 50;
	objects = {

/* Begin PBXBuildFile section */
		2351F943238FB31500F34899 /* AppDelegate.m in Sources */ = {isa = PBXBuildFile; fileRef = 2351F942238FB31500F34899 /* AppDelegate.m */; };
		2351F946238FB31500F34899 /* SceneDelegate.m in Sources */ = {isa = PBXBuildFile; fileRef = 2351F945238FB31500F34899 /* SceneDelegate.m */; };
		2351F949238FB31500F34899 /* ViewController.m in Sources */ = {isa = PBXBuildFile; fileRef = 2351F948238FB31500F34899 /* ViewController.m */; };
		2351F94C238FB31500F34899 /* Main.storyboard in Resources */ = {isa = PBXBuildFile; fileRef = 2351F94A238FB31500F34899 /* Main.storyboard */; };
		2351F94E238FB31800F34899 /* Assets.xcassets in Resources */ = {isa = PBXBuildFile; fileRef = 2351F94D238FB31800F34899 /* Assets.xcassets */; };
		2351F951238FB31800F34899 /* LaunchScreen.storyboard in Resources */ = {isa = PBXBuildFile; fileRef = 2351F94F238FB31800F34899 /* LaunchScreen.storyboard */; };
		2351F954238FB31800F34899 /* main.m in Sources */ = {isa = PBXBuildFile; fileRef = 2351F953238FB31800F34899 /* main.m */; };
		2351F95E238FB31800F34899 /* GCD__TestTests.m in Sources */ = {isa = PBXBuildFile; fileRef = 2351F95D238FB31800F34899 /* GCD__TestTests.m */; };
		2351F969238FB31800F34899 /* GCD__TestUITests.m in Sources */ = {isa = PBXBuildFile; fileRef = 2351F968238FB31800F34899 /* GCD__TestUITests.m */; };
		2351F978238FB32D00F34899 /* BC.m in Sources */ = {isa = PBXBuildFile; fileRef = 2351F977238FB32D00F34899 /* BC.m */; };
		2351F9C42391375400F34899 /* VC1.m in Sources */ = {isa = PBXBuildFile; fileRef = 2351F9C32391375400F34899 /* VC1.m */; };
		2351F9C72391377500F34899 /* VC2.m in Sources */ = {isa = PBXBuildFile; fileRef = 2351F9C62391377500F34899 /* VC2.m */; };
		2351F9CA2391378300F34899 /* VC3.m in Sources */ = {isa = PBXBuildFile; fileRef = 2351F9C92391378300F34899 /* VC3.m */; };
		2351F9CD2391378D00F34899 /* VC4.m in Sources */ = {isa = PBXBuildFile; fileRef = 2351F9CC2391378D00F34899 /* VC4.m */; };
		23FEBC5423ADEEE100DFB0DA /* VC5.m in Sources */ = {isa = PBXBuildFile; fileRef = 23FEBC5323ADEEE100DFB0DA /* VC5.m */; };
		23FEBC5723ADEEEC00DFB0DA /* VC6.m in Sources */ = {isa = PBXBuildFile; fileRef = 23FEBC5623ADEEEC00DFB0DA /* VC6.m */; };
/* End PBXBuildFile section */

/* Begin PBXContainerItemProxy section */
		2351F95A238FB31800F34899 /* PBXContainerItemProxy */ = {
			isa = PBXContainerItemProxy;
			containerPortal = 2351F936238FB31400F34899 /* Project object */;
			proxyType = 1;
			remoteGlobalIDString = 2351F93D238FB31500F34899;
			remoteInfo = "GCD详细Test";
		};
		2351F965238FB31800F34899 /* PBXContainerItemProxy */ = {
			isa = PBXContainerItemProxy;
			containerPortal = 2351F936238FB31400F34899 /* Project object */;
			proxyType = 1;
			remoteGlobalIDString = 2351F93D238FB31500F34899;
			remoteInfo = "GCD详细Test";
		};
/* End PBXContainerItemProxy section */

/* Begin PBXFileReference section */
		2351F93E238FB31500F34899 /* GCD详细Test.app */ = {isa = PBXFileReference; explicitFileType = wrapper.application; includeInIndex = 0; path = "GCD详细Test.app"; sourceTree = BUILT_PRODUCTS_DIR; };
		2351F941238FB31500F34899 /* AppDelegate.h */ = {isa = PBXFileReference; lastKnownFileType = sourcecode.c.h; path = AppDelegate.h; sourceTree = "<group>"; };
		2351F942238FB31500F34899 /* AppDelegate.m */ = {isa = PBXFileReference; lastKnownFileType = sourcecode.c.objc; path = AppDelegate.m; sourceTree = "<group>"; };
		2351F944238FB31500F34899 /* SceneDelegate.h */ = {isa = PBXFileReference; lastKnownFileType = sourcecode.c.h; path = SceneDelegate.h; sourceTree = "<group>"; };
		2351F945238FB31500F34899 /* SceneDelegate.m */ = {isa = PBXFileReference; lastKnownFileType = sourcecode.c.objc; path = SceneDelegate.m; sourceTree = "<group>"; };
		2351F947238FB31500F34899 /* ViewController.h */ = {isa = PBXFileReference; lastKnownFileType = sourcecode.c.h; path = ViewController.h; sourceTree = "<group>"; };
		2351F948238FB31500F34899 /* ViewController.m */ = {isa = PBXFileReference; lastKnownFileType = sourcecode.c.objc; path = ViewController.m; sourceTree = "<group>"; };
		2351F94B238FB31500F34899 /* Base */ = {isa = PBXFileReference; lastKnownFileType = file.storyboard; name = Base; path = Base.lproj/Main.storyboard; sourceTree = "<group>"; };
		2351F94D238FB31800F34899 /* Assets.xcassets */ = {isa = PBXFileReference; lastKnownFileType = folder.assetcatalog; path = Assets.xcassets; sourceTree = "<group>"; };
		2351F950238FB31800F34899 /* Base */ = {isa = PBXFileReference; lastKnownFileType = file.storyboard; name = Base; path = Base.lproj/LaunchScreen.storyboard; sourceTree = "<group>"; };
		2351F952238FB31800F34899 /* Info.plist */ = {isa = PBXFileReference; lastKnownFileType = text.plist.xml; path = Info.plist; sourceTree = "<group>"; };
		2351F953238FB31800F34899 /* main.m */ = {isa = PBXFileReference; lastKnownFileType = sourcecode.c.objc; path = main.m; sourceTree = "<group>"; };
		2351F959238FB31800F34899 /* GCD详细TestTests.xctest */ = {isa = PBXFileReference; explicitFileType = wrapper.cfbundle; includeInIndex = 0; path = "GCD详细TestTests.xctest"; sourceTree = BUILT_PRODUCTS_DIR; };
		2351F95D238FB31800F34899 /* GCD__TestTests.m */ = {isa = PBXFileReference; lastKnownFileType = sourcecode.c.objc; path = GCD__TestTests.m; sourceTree = "<group>"; };
		2351F95F238FB31800F34899 /* Info.plist */ = {isa = PBXFileReference; lastKnownFileType = text.plist.xml; path = Info.plist; sourceTree = "<group>"; };
		2351F964238FB31800F34899 /* GCD详细TestUITests.xctest */ = {isa = PBXFileReference; explicitFileType = wrapper.cfbundle; includeInIndex = 0; path = "GCD详细TestUITests.xctest"; sourceTree = BUILT_PRODUCTS_DIR; };
		2351F968238FB31800F34899 /* GCD__TestUITests.m */ = {isa = PBXFileReference; lastKnownFileType = sourcecode.c.objc; path = GCD__TestUITests.m; sourceTree = "<group>"; };
		2351F96A238FB31800F34899 /* Info.plist */ = {isa = PBXFileReference; lastKnownFileType = text.plist.xml; path = Info.plist; sourceTree = "<group>"; };
		2351F976238FB32D00F34899 /* BC.h */ = {isa = PBXFileReference; lastKnownFileType = sourcecode.c.h; path = BC.h; sourceTree = "<group>"; };
		2351F977238FB32D00F34899 /* BC.m */ = {isa = PBXFileReference; lastKnownFileType = sourcecode.c.objc; path = BC.m; sourceTree = "<group>"; };
		2351F9C22391375400F34899 /* VC1.h */ = {isa = PBXFileReference; lastKnownFileType = sourcecode.c.h; path = VC1.h; sourceTree = "<group>"; };
		2351F9C32391375400F34899 /* VC1.m */ = {isa = PBXFileReference; lastKnownFileType = sourcecode.c.objc; path = VC1.m; sourceTree = "<group>"; };
		2351F9C52391377500F34899 /* VC2.h */ = {isa = PBXFileReference; lastKnownFileType = sourcecode.c.h; path = VC2.h; sourceTree = "<group>"; };
		2351F9C62391377500F34899 /* VC2.m */ = {isa = PBXFileReference; lastKnownFileType = sourcecode.c.objc; path = VC2.m; sourceTree = "<group>"; };
		2351F9C82391378300F34899 /* VC3.h */ = {isa = PBXFileReference; lastKnownFileType = sourcecode.c.h; path = VC3.h; sourceTree = "<group>"; };
		2351F9C92391378300F34899 /* VC3.m */ = {isa = PBXFileReference; lastKnownFileType = sourcecode.c.objc; path = VC3.m; sourceTree = "<group>"; };
		2351F9CB2391378D00F34899 /* VC4.h */ = {isa = PBXFileReference; lastKnownFileType = sourcecode.c.h; path = VC4.h; sourceTree = "<group>"; };
		2351F9CC2391378D00F34899 /* VC4.m */ = {isa = PBXFileReference; lastKnownFileType = sourcecode.c.objc; path = VC4.m; sourceTree = "<group>"; };
		23FEBC5223ADEEE100DFB0DA /* VC5.h */ = {isa = PBXFileReference; lastKnownFileType = sourcecode.c.h; path = VC5.h; sourceTree = "<group>"; };
		23FEBC5323ADEEE100DFB0DA /* VC5.m */ = {isa = PBXFileReference; lastKnownFileType = sourcecode.c.objc; path = VC5.m; sourceTree = "<group>"; };
		23FEBC5523ADEEEC00DFB0DA /* VC6.h */ = {isa = PBXFileReference; lastKnownFileType = sourcecode.c.h; path = VC6.h; sourceTree = "<group>"; };
		23FEBC5623ADEEEC00DFB0DA /* VC6.m */ = {isa = PBXFileReference; lastKnownFileType = sourcecode.c.objc; path = VC6.m; sourceTree = "<group>"; };
/* End PBXFileReference section */

/* Begin PBXFrameworksBuildPhase section */
		2351F93B238FB31500F34899 /* Frameworks */ = {
			isa = PBXFrameworksBuildPhase;
			buildActionMask = 2147483647;
			files = (
			);
			runOnlyForDeploymentPostprocessing = 0;
		};
		2351F956238FB31800F34899 /* Frameworks */ = {
			isa = PBXFrameworksBuildPhase;
			buildActionMask = 2147483647;
			files = (
			);
			runOnlyForDeploymentPostprocessing = 0;
		};
		2351F961238FB31800F34899 /* Frameworks */ = {
			isa = PBXFrameworksBuildPhase;
			buildActionMask = 2147483647;
			files = (
			);
			runOnlyForDeploymentPostprocessing = 0;
		};
/* End PBXFrameworksBuildPhase section */

/* Begin PBXGroup section */
		2351F935238FB31400F34899 = {
			isa = PBXGroup;
			children = (
				2351F940238FB31500F34899 /* GCD详细Test */,
				2351F95C238FB31800F34899 /* GCD详细TestTests */,
				2351F967238FB31800F34899 /* GCD详细TestUITests */,
				2351F93F238FB31500F34899 /* Products */,
			);
			sourceTree = "<group>";
		};
		2351F93F238FB31500F34899 /* Products */ = {
			isa = PBXGroup;
			children = (
				2351F93E238FB31500F34899 /* GCD详细Test.app */,
				2351F959238FB31800F34899 /* GCD详细TestTests.xctest */,
				2351F964238FB31800F34899 /* GCD详细TestUITests.xctest */,
			);
			name = Products;
			sourceTree = "<group>";
		};
		2351F940238FB31500F34899 /* GCD详细Test */ = {
			isa = PBXGroup;
			children = (
				2351F97D238FB36100F34899 /* System */,
				2351F979238FB33F00F34899 /* 1、同步执行 + 并发队列 */,
				2351F97A238FB34400F34899 /* 2、异步执行 + 并发队列 */,
				2351F97B238FB34A00F34899 /* 3、同步执行 + 串行队列 */,
				2351F97C238FB34E00F34899 /* 4、异步执行 + 串行队列 */,
				23FEBC5023ADEEBE00DFB0DA /* 5、同步执行 + 主队列 */,
				23FEBC5123ADEEC500DFB0DA /* 6、异步执行 + 主队列 */,
				2351F948238FB31500F34899 /* ViewController.m */,
			);
			path = "GCD详细Test";
			sourceTree = "<group>";
		};
		2351F95C238FB31800F34899 /* GCD详细TestTests */ = {
			isa = PBXGroup;
			children = (
				2351F95D238FB31800F34899 /* GCD__TestTests.m */,
				2351F95F238FB31800F34899 /* Info.plist */,
			);
			path = "GCD详细TestTests";
			sourceTree = "<group>";
		};
		2351F967238FB31800F34899 /* GCD详细TestUITests */ = {
			isa = PBXGroup;
			children = (
				2351F968238FB31800F34899 /* GCD__TestUITests.m */,
				2351F96A238FB31800F34899 /* Info.plist */,
			);
			path = "GCD详细TestUITests";
			sourceTree = "<group>";
		};
		2351F979238FB33F00F34899 /* 1、同步执行 + 并发队列 */ = {
			isa = PBXGroup;
			children = (
				2351F9C22391375400F34899 /* VC1.h */,
				2351F9C32391375400F34899 /* VC1.m */,
			);
			path = "1、同步执行 + 并发队列";
			sourceTree = "<group>";
		};
		2351F97A238FB34400F34899 /* 2、异步执行 + 并发队列 */ = {
			isa = PBXGroup;
			children = (
				2351F9C52391377500F34899 /* VC2.h */,
				2351F9C62391377500F34899 /* VC2.m */,
			);
			path = "2、异步执行 + 并发队列";
			sourceTree = "<group>";
		};
		2351F97B238FB34A00F34899 /* 3、同步执行 + 串行队列 */ = {
			isa = PBXGroup;
			children = (
				2351F9C82391378300F34899 /* VC3.h */,
				2351F9C92391378300F34899 /* VC3.m */,
			);
			path = "3、同步执行 + 串行队列";
			sourceTree = "<group>";
		};
		2351F97C238FB34E00F34899 /* 4、异步执行 + 串行队列 */ = {
			isa = PBXGroup;
			children = (
				2351F9CB2391378D00F34899 /* VC4.h */,
				2351F9CC2391378D00F34899 /* VC4.m */,
			);
			path = "4、异步执行 + 串行队列";
			sourceTree = "<group>";
		};
		2351F97D238FB36100F34899 /* System */ = {
			isa = PBXGroup;
			children = (
				2351F952238FB31800F34899 /* Info.plist */,
				2351F941238FB31500F34899 /* AppDelegate.h */,
				2351F942238FB31500F34899 /* AppDelegate.m */,
				2351F944238FB31500F34899 /* SceneDelegate.h */,
				2351F945238FB31500F34899 /* SceneDelegate.m */,
				2351F947238FB31500F34899 /* ViewController.h */,
				2351F94A238FB31500F34899 /* Main.storyboard */,
				2351F94D238FB31800F34899 /* Assets.xcassets */,
				2351F94F238FB31800F34899 /* LaunchScreen.storyboard */,
				2351F953238FB31800F34899 /* main.m */,
				2351F976238FB32D00F34899 /* BC.h */,
				2351F977238FB32D00F34899 /* BC.m */,
			);
			path = System;
			sourceTree = "<group>";
		};
		23FEBC5023ADEEBE00DFB0DA /* 5、同步执行 + 主队列 */ = {
			isa = PBXGroup;
			children = (
				23FEBC5223ADEEE100DFB0DA /* VC5.h */,
				23FEBC5323ADEEE100DFB0DA /* VC5.m */,
			);
			path = "5、同步执行 + 主队列";
			sourceTree = "<group>";
		};
		23FEBC5123ADEEC500DFB0DA /* 6、异步执行 + 主队列 */ = {
			isa = PBXGroup;
			children = (
				23FEBC5523ADEEEC00DFB0DA /* VC6.h */,
				23FEBC5623ADEEEC00DFB0DA /* VC6.m */,
			);
			path = "6、异步执行 + 主队列";
			sourceTree = "<group>";
		};
/* End PBXGroup section */

/* Begin PBXNativeTarget section */
		2351F93D238FB31500F34899 /* GCD详细Test */ = {
			isa = PBXNativeTarget;
			buildConfigurationList = 2351F96D238FB31800F34899 /* Build configuration list for PBXNativeTarget "GCD详细Test" */;
			buildPhases = (
				2351F93A238FB31500F34899 /* Sources */,
				2351F93B238FB31500F34899 /* Frameworks */,
				2351F93C238FB31500F34899 /* Resources */,
			);
			buildRules = (
			);
			dependencies = (
			);
			name = "GCD详细Test";
			productName = "GCD详细Test";
			productReference = 2351F93E238FB31500F34899 /* GCD详细Test.app */;
			productType = "com.apple.product-type.application";
		};
		2351F958238FB31800F34899 /* GCD详细TestTests */ = {
			isa = PBXNativeTarget;
			buildConfigurationList = 2351F970238FB31800F34899 /* Build configuration list for PBXNativeTarget "GCD详细TestTests" */;
			buildPhases = (
				2351F955238FB31800F34899 /* Sources */,
				2351F956238FB31800F34899 /* Frameworks */,
				2351F957238FB31800F34899 /* Resources */,
			);
			buildRules = (
			);
			dependencies = (
				2351F95B238FB31800F34899 /* PBXTargetDependency */,
			);
			name = "GCD详细TestTests";
			productName = "GCD详细TestTests";
			productReference = 2351F959238FB31800F34899 /* GCD详细TestTests.xctest */;
			productType = "com.apple.product-type.bundle.unit-test";
		};
		2351F963238FB31800F34899 /* GCD详细TestUITests */ = {
			isa = PBXNativeTarget;
			buildConfigurationList = 2351F973238FB31800F34899 /* Build configuration list for PBXNativeTarget "GCD详细TestUITests" */;
			buildPhases = (
				2351F960238FB31800F34899 /* Sources */,
				2351F961238FB31800F34899 /* Frameworks */,
				2351F962238FB31800F34899 /* Resources */,
			);
			buildRules = (
			);
			dependencies = (
				2351F966238FB31800F34899 /* PBXTargetDependency */,
			);
			name = "GCD详细TestUITests";
			productName = "GCD详细TestUITests";
			productReference = 2351F964238FB31800F34899 /* GCD详细TestUITests.xctest */;
			productType = "com.apple.product-type.bundle.ui-testing";
		};
/* End PBXNativeTarget section */

/* Begin PBXProject section */
		2351F936238FB31400F34899 /* Project object */ = {
			isa = PBXProject;
			attributes = {
				LastUpgradeCheck = 1120;
				ORGANIZATIONNAME = "https://github.com/GGTechnology";
				TargetAttributes = {
					2351F93D238FB31500F34899 = {
						CreatedOnToolsVersion = 11.2.1;
					};
					2351F958238FB31800F34899 = {
						CreatedOnToolsVersion = 11.2.1;
						TestTargetID = 2351F93D238FB31500F34899;
					};
					2351F963238FB31800F34899 = {
						CreatedOnToolsVersion = 11.2.1;
						TestTargetID = 2351F93D238FB31500F34899;
					};
				};
			};
			buildConfigurationList = 2351F939238FB31400F34899 /* Build configuration list for PBXProject "GCD详细Test" */;
			compatibilityVersion = "Xcode 9.3";
			developmentRegion = en;
			hasScannedForEncodings = 0;
			knownRegions = (
				en,
				Base,
			);
			mainGroup = 2351F935238FB31400F34899;
			productRefGroup = 2351F93F238FB31500F34899 /* Products */;
			projectDirPath = "";
			projectRoot = "";
			targets = (
				2351F93D238FB31500F34899 /* GCD详细Test */,
				2351F958238FB31800F34899 /* GCD详细TestTests */,
				2351F963238FB31800F34899 /* GCD详细TestUITests */,
			);
		};
/* End PBXProject section */

/* Begin PBXResourcesBuildPhase section */
		2351F93C238FB31500F34899 /* Resources */ = {
			isa = PBXResourcesBuildPhase;
			buildActionMask = 2147483647;
			files = (
				2351F951238FB31800F34899 /* LaunchScreen.storyboard in Resources */,
				2351F94E238FB31800F34899 /* Assets.xcassets in Resources */,
				2351F94C238FB31500F34899 /* Main.storyboard in Resources */,
			);
			runOnlyForDeploymentPostprocessing = 0;
		};
		2351F957238FB31800F34899 /* Resources */ = {
			isa = PBXResourcesBuildPhase;
			buildActionMask = 2147483647;
			files = (
			);
			runOnlyForDeploymentPostprocessing = 0;
		};
		2351F962238FB31800F34899 /* Resources */ = {
			isa = PBXResourcesBuildPhase;
			buildActionMask = 2147483647;
			files = (
			);
			runOnlyForDeploymentPostprocessing = 0;
		};
/* End PBXResourcesBuildPhase section */

/* Begin PBXSourcesBuildPhase section */
		2351F93A238FB31500F34899 /* Sources */ = {
			isa = PBXSourcesBuildPhase;
			buildActionMask = 2147483647;
			files = (
				23FEBC5723ADEEEC00DFB0DA /* VC6.m in Sources */,
				23FEBC5423ADEEE100DFB0DA /* VC5.m in Sources */,
				2351F9C42391375400F34899 /* VC1.m in Sources */,
				2351F949238FB31500F34899 /* ViewController.m in Sources */,
				2351F9C72391377500F34899 /* VC2.m in Sources */,
				2351F9CD2391378D00F34899 /* VC4.m in Sources */,
				2351F943238FB31500F34899 /* AppDelegate.m in Sources */,
				2351F9CA2391378300F34899 /* VC3.m in Sources */,
				2351F954238FB31800F34899 /* main.m in Sources */,
				2351F946238FB31500F34899 /* SceneDelegate.m in Sources */,
				2351F978238FB32D00F34899 /* BC.m in Sources */,
			);
			runOnlyForDeploymentPostprocessing = 0;
		};
		2351F955238FB31800F34899 /* Sources */ = {
			isa = PBXSourcesBuildPhase;
			buildActionMask = 2147483647;
			files = (
				2351F95E238FB31800F34899 /* GCD__TestTests.m in Sources */,
			);
			runOnlyForDeploymentPostprocessing = 0;
		};
		2351F960238FB31800F34899 /* Sources */ = {
			isa = PBXSourcesBuildPhase;
			buildActionMask = 2147483647;
			files = (
				2351F969238FB31800F34899 /* GCD__TestUITests.m in Sources */,
			);
			runOnlyForDeploymentPostprocessing = 0;
		};
/* End PBXSourcesBuildPhase section */

/* Begin PBXTargetDependency section */
		2351F95B238FB31800F34899 /* PBXTargetDependency */ = {
			isa = PBXTargetDependency;
			target = 2351F93D238FB31500F34899 /* GCD详细Test */;
			targetProxy = 2351F95A238FB31800F34899 /* PBXContainerItemProxy */;
		};
		2351F966238FB31800F34899 /* PBXTargetDependency */ = {
			isa = PBXTargetDependency;
			target = 2351F93D238FB31500F34899 /* GCD详细Test */;
			targetProxy = 2351F965238FB31800F34899 /* PBXContainerItemProxy */;
		};
/* End PBXTargetDependency section */

/* Begin PBXVariantGroup section */
		2351F94A238FB31500F34899 /* Main.storyboard */ = {
			isa = PBXVariantGroup;
			children = (
				2351F94B238FB31500F34899 /* Base */,
			);
			name = Main.storyboard;
			sourceTree = "<group>";
		};
		2351F94F238FB31800F34899 /* LaunchScreen.storyboard */ = {
			isa = PBXVariantGroup;
			children = (
				2351F950238FB31800F34899 /* Base */,
			);
			name = LaunchScreen.storyboard;
			sourceTree = "<group>";
		};
/* End PBXVariantGroup section */

/* Begin XCBuildConfiguration section */
		2351F96B238FB31800F34899 /* Debug */ = {
			isa = XCBuildConfiguration;
			buildSettings = {
				ALWAYS_SEARCH_USER_PATHS = NO;
				CLANG_ANALYZER_NONNULL = YES;
				CLANG_ANALYZER_NUMBER_OBJECT_CONVERSION = YES_AGGRESSIVE;
				CLANG_CXX_LANGUAGE_STANDARD = "gnu++14";
				CLANG_CXX_LIBRARY = "libc++";
				CLANG_ENABLE_MODULES = YES;
				CLANG_ENABLE_OBJC_ARC = YES;
				CLANG_ENABLE_OBJC_WEAK = YES;
				CLANG_WARN_BLOCK_CAPTURE_AUTORELEASING = YES;
				CLANG_WARN_BOOL_CONVERSION = YES;
				CLANG_WARN_COMMA = YES;
				CLANG_WARN_CONSTANT_CONVERSION = YES;
				CLANG_WARN_DEPRECATED_OBJC_IMPLEMENTATIONS = YES;
				CLANG_WARN_DIRECT_OBJC_ISA_USAGE = YES_ERROR;
				CLANG_WARN_DOCUMENTATION_COMMENTS = YES;
				CLANG_WARN_EMPTY_BODY = YES;
				CLANG_WARN_ENUM_CONVERSION = YES;
				CLANG_WARN_INFINITE_RECURSION = YES;
				CLANG_WARN_INT_CONVERSION = YES;
				CLANG_WARN_NON_LITERAL_NULL_CONVERSION = YES;
				CLANG_WARN_OBJC_IMPLICIT_RETAIN_SELF = YES;
				CLANG_WARN_OBJC_LITERAL_CONVERSION = YES;
				CLANG_WARN_OBJC_ROOT_CLASS = YES_ERROR;
				CLANG_WARN_RANGE_LOOP_ANALYSIS = YES;
				CLANG_WARN_STRICT_PROTOTYPES = YES;
				CLANG_WARN_SUSPICIOUS_MOVE = YES;
				CLANG_WARN_UNGUARDED_AVAILABILITY = YES_AGGRESSIVE;
				CLANG_WARN_UNREACHABLE_CODE = YES;
				CLANG_WARN__DUPLICATE_METHOD_MATCH = YES;
				COPY_PHASE_STRIP = NO;
				DEBUG_INFORMATION_FORMAT = dwarf;
				ENABLE_STRICT_OBJC_MSGSEND = YES;
				ENABLE_TESTABILITY = YES;
				GCC_C_LANGUAGE_STANDARD = gnu11;
				GCC_DYNAMIC_NO_PIC = NO;
				GCC_NO_COMMON_BLOCKS = YES;
				GCC_OPTIMIZATION_LEVEL = 0;
				GCC_PREPROCESSOR_DEFINITIONS = (
					"DEBUG=1",
					"$(inherited)",
				);
				GCC_WARN_64_TO_32_BIT_CONVERSION = YES;
				GCC_WARN_ABOUT_RETURN_TYPE = YES_ERROR;
				GCC_WARN_UNDECLARED_SELECTOR = YES;
				GCC_WARN_UNINITIALIZED_AUTOS = YES_AGGRESSIVE;
				GCC_WARN_UNUSED_FUNCTION = YES;
				GCC_WARN_UNUSED_VARIABLE = YES;
				IPHONEOS_DEPLOYMENT_TARGET = 13.2;
				MTL_ENABLE_DEBUG_INFO = INCLUDE_SOURCE;
				MTL_FAST_MATH = YES;
				ONLY_ACTIVE_ARCH = YES;
				SDKROOT = iphoneos;
			};
			name = Debug;
		};
		2351F96C238FB31800F34899 /* Release */ = {
			isa = XCBuildConfiguration;
			buildSettings = {
				ALWAYS_SEARCH_USER_PATHS = NO;
				CLANG_ANALYZER_NONNULL = YES;
				CLANG_ANALYZER_NUMBER_OBJECT_CONVERSION = YES_AGGRESSIVE;
				CLANG_CXX_LANGUAGE_STANDARD = "gnu++14";
				CLANG_CXX_LIBRARY = "libc++";
				CLANG_ENABLE_MODULES = YES;
				CLANG_ENABLE_OBJC_ARC = YES;
				CLANG_ENABLE_OBJC_WEAK = YES;
				CLANG_WARN_BLOCK_CAPTURE_AUTORELEASING = YES;
				CLANG_WARN_BOOL_CONVERSION = YES;
				CLANG_WARN_COMMA = YES;
				CLANG_WARN_CONSTANT_CONVERSION = YES;
				CLANG_WARN_DEPRECATED_OBJC_IMPLEMENTATIONS = YES;
				CLANG_WARN_DIRECT_OBJC_ISA_USAGE = YES_ERROR;
				CLANG_WARN_DOCUMENTATION_COMMENTS = YES;
				CLANG_WARN_EMPTY_BODY = YES;
				CLANG_WARN_ENUM_CONVERSION = YES;
				CLANG_WARN_INFINITE_RECURSION = YES;
				CLANG_WARN_INT_CONVERSION = YES;
				CLANG_WARN_NON_LITERAL_NULL_CONVERSION = YES;
				CLANG_WARN_OBJC_IMPLICIT_RETAIN_SELF = YES;
				CLANG_WARN_OBJC_LITERAL_CONVERSION = YES;
				CLANG_WARN_OBJC_ROOT_CLASS = YES_ERROR;
				CLANG_WARN_RANGE_LOOP_ANALYSIS = YES;
				CLANG_WARN_STRICT_PROTOTYPES = YES;
				CLANG_WARN_SUSPICIOUS_MOVE = YES;
				CLANG_WARN_UNGUARDED_AVAILABILITY = YES_AGGRESSIVE;
				CLANG_WARN_UNREACHABLE_CODE = YES;
				CLANG_WARN__DUPLICATE_METHOD_MATCH = YES;
				COPY_PHASE_STRIP = NO;
				DEBUG_INFORMATION_FORMAT = "dwarf-with-dsym";
				ENABLE_NS_ASSERTIONS = NO;
				ENABLE_STRICT_OBJC_MSGSEND = YES;
				GCC_C_LANGUAGE_STANDARD = gnu11;
				GCC_NO_COMMON_BLOCKS = YES;
				GCC_WARN_64_TO_32_BIT_CONVERSION = YES;
				GCC_WARN_ABOUT_RETURN_TYPE = YES_ERROR;
				GCC_WARN_UNDECLARED_SELECTOR = YES;
				GCC_WARN_UNINITIALIZED_AUTOS = YES_AGGRESSIVE;
				GCC_WARN_UNUSED_FUNCTION = YES;
				GCC_WARN_UNUSED_VARIABLE = YES;
				IPHONEOS_DEPLOYMENT_TARGET = 13.2;
				MTL_ENABLE_DEBUG_INFO = NO;
				MTL_FAST_MATH = YES;
				SDKROOT = iphoneos;
				VALIDATE_PRODUCT = YES;
			};
			name = Release;
		};
		2351F96E238FB31800F34899 /* Debug */ = {
			isa = XCBuildConfiguration;
			buildSettings = {
				ASSETCATALOG_COMPILER_APPICON_NAME = AppIcon;
				CODE_SIGN_STYLE = Automatic;
				DEVELOPMENT_TEAM = MC32WL4XZA;
				INFOPLIST_FILE = "GCD详细Test/System/Info.plist";
				IPHONEOS_DEPLOYMENT_TARGET = 10.0;
				LD_RUNPATH_SEARCH_PATHS = (
					"$(inherited)",
					"@executable_path/Frameworks",
				);
				PRODUCT_BUNDLE_IDENTIFIER = "https---github.com-GGTechnology.GCD--Test";
				PRODUCT_NAME = "$(TARGET_NAME)";
				TARGETED_DEVICE_FAMILY = "1,2";
			};
			name = Debug;
		};
		2351F96F238FB31800F34899 /* Release */ = {
			isa = XCBuildConfiguration;
			buildSettings = {
				ASSETCATALOG_COMPILER_APPICON_NAME = AppIcon;
				CODE_SIGN_STYLE = Automatic;
				DEVELOPMENT_TEAM = MC32WL4XZA;
				INFOPLIST_FILE = "GCD详细Test/System/Info.plist";
				IPHONEOS_DEPLOYMENT_TARGET = 10.0;
				LD_RUNPATH_SEARCH_PATHS = (
					"$(inherited)",
					"@executable_path/Frameworks",
				);
				PRODUCT_BUNDLE_IDENTIFIER = "https---github.com-GGTechnology.GCD--Test";
				PRODUCT_NAME = "$(TARGET_NAME)";
				TARGETED_DEVICE_FAMILY = "1,2";
			};
			name = Release;
		};
		2351F971238FB31800F34899 /* Debug */ = {
			isa = XCBuildConfiguration;
			buildSettings = {
				BUNDLE_LOADER = "$(TEST_HOST)";
				CODE_SIGN_STYLE = Automatic;
				DEVELOPMENT_TEAM = MC32WL4XZA;
				INFOPLIST_FILE = "GCD详细TestTests/Info.plist";
				IPHONEOS_DEPLOYMENT_TARGET = 13.2;
				LD_RUNPATH_SEARCH_PATHS = (
					"$(inherited)",
					"@executable_path/Frameworks",
					"@loader_path/Frameworks",
				);
				PRODUCT_BUNDLE_IDENTIFIER = "https---github.com-GGTechnology.GCD--TestTests";
				PRODUCT_NAME = "$(TARGET_NAME)";
				TARGETED_DEVICE_FAMILY = "1,2";
				TEST_HOST = "$(BUILT_PRODUCTS_DIR)/GCD详细Test.app/GCD详细Test";
			};
			name = Debug;
		};
		2351F972238FB31800F34899 /* Release */ = {
			isa = XCBuildConfiguration;
			buildSettings = {
				BUNDLE_LOADER = "$(TEST_HOST)";
				CODE_SIGN_STYLE = Automatic;
				DEVELOPMENT_TEAM = MC32WL4XZA;
				INFOPLIST_FILE = "GCD详细TestTests/Info.plist";
				IPHONEOS_DEPLOYMENT_TARGET = 13.2;
				LD_RUNPATH_SEARCH_PATHS = (
					"$(inherited)",
					"@executable_path/Frameworks",
					"@loader_path/Frameworks",
				);
				PRODUCT_BUNDLE_IDENTIFIER = "https---github.com-GGTechnology.GCD--TestTests";
				PRODUCT_NAME = "$(TARGET_NAME)";
				TARGETED_DEVICE_FAMILY = "1,2";
				TEST_HOST = "$(BUILT_PRODUCTS_DIR)/GCD详细Test.app/GCD详细Test";
			};
			name = Release;
		};
		2351F974238FB31800F34899 /* Debug */ = {
			isa = XCBuildConfiguration;
			buildSettings = {
				CODE_SIGN_STYLE = Automatic;
				DEVELOPMENT_TEAM = MC32WL4XZA;
				INFOPLIST_FILE = "GCD详细TestUITests/Info.plist";
				LD_RUNPATH_SEARCH_PATHS = (
					"$(inherited)",
					"@executable_path/Frameworks",
					"@loader_path/Frameworks",
				);
				PRODUCT_BUNDLE_IDENTIFIER = "https---github.com-GGTechnology.GCD--TestUITests";
				PRODUCT_NAME = "$(TARGET_NAME)";
				TARGETED_DEVICE_FAMILY = "1,2";
				TEST_TARGET_NAME = "GCD详细Test";
			};
			name = Debug;
		};
		2351F975238FB31800F34899 /* Release */ = {
			isa = XCBuildConfiguration;
			buildSettings = {
				CODE_SIGN_STYLE = Automatic;
				DEVELOPMENT_TEAM = MC32WL4XZA;
				INFOPLIST_FILE = "GCD详细TestUITests/Info.plist";
				LD_RUNPATH_SEARCH_PATHS = (
					"$(inherited)",
					"@executable_path/Frameworks",
					"@loader_path/Frameworks",
				);
				PRODUCT_BUNDLE_IDENTIFIER = "https---github.com-GGTechnology.GCD--TestUITests";
				PRODUCT_NAME = "$(TARGET_NAME)";
				TARGETED_DEVICE_FAMILY = "1,2";
				TEST_TARGET_NAME = "GCD详细Test";
			};
			name = Release;
		};
/* End XCBuildConfiguration section */

/* Begin XCConfigurationList section */
		2351F939238FB31400F34899 /* Build configuration list for PBXProject "GCD详细Test" */ = {
			isa = XCConfigurationList;
			buildConfigurations = (
				2351F96B238FB31800F34899 /* Debug */,
				2351F96C238FB31800F34899 /* Release */,
			);
			defaultConfigurationIsVisible = 0;
			defaultConfigurationName = Release;
		};
		2351F96D238FB31800F34899 /* Build configuration list for PBXNativeTarget "GCD详细Test" */ = {
			isa = XCConfigurationList;
			buildConfigurations = (
				2351F96E238FB31800F34899 /* Debug */,
				2351F96F238FB31800F34899 /* Release */,
			);
			defaultConfigurationIsVisible = 0;
			defaultConfigurationName = Release;
		};
		2351F970238FB31800F34899 /* Build configuration list for PBXNativeTarget "GCD详细TestTests" */ = {
			isa = XCConfigurationList;
			buildConfigurations = (
				2351F971238FB31800F34899 /* Debug */,
				2351F972238FB31800F34899 /* Release */,
			);
			defaultConfigurationIsVisible = 0;
			defaultConfigurationName = Release;
		};
		2351F973238FB31800F34899 /* Build configuration list for PBXNativeTarget "GCD详细TestUITests" */ = {
			isa = XCConfigurationList;
			buildConfigurations = (
				2351F974238FB31800F34899 /* Debug */,
				2351F975238FB31800F34899 /* Release */,
			);
			defaultConfigurationIsVisible = 0;
			defaultConfigurationName = Release;
		};
/* End XCConfigurationList section */
	};
	rootObject = 2351F936238FB31400F34899 /* Project object */;
}
