// !$*UTF8*$!
{
	archiveVersion = 1;
	classes = {
	};
	objectVersion = 50;
	objects = {

/* Begin PBXBuildFile section */
		A977B27E23EC04640052DF95 /* AppDelegate.m in Sources */ = {isa = PBXBuildFile; fileRef = A977B27D23EC04640052DF95 /* AppDelegate.m */; };
		A977B28123EC04640052DF95 /* SceneDelegate.m in Sources */ = {isa = PBXBuildFile; fileRef = A977B28023EC04640052DF95 /* SceneDelegate.m */; };
		A977B28423EC04640052DF95 /* ViewController.m in Sources */ = {isa = PBXBuildFile; fileRef = A977B28323EC04640052DF95 /* ViewController.m */; };
		A977B28723EC04640052DF95 /* Main.storyboard in Resources */ = {isa = PBXBuildFile; fileRef = A977B28523EC04640052DF95 /* Main.storyboard */; };
		A977B28923EC04690052DF95 /* Assets.xcassets in Resources */ = {isa = PBXBuildFile; fileRef = A977B28823EC04690052DF95 /* Assets.xcassets */; };
		A977B28C23EC04690052DF95 /* LaunchScreen.storyboard in Resources */ = {isa = PBXBuildFile; fileRef = A977B28A23EC04690052DF95 /* LaunchScreen.storyboard */; };
		A977B28F23EC04690052DF95 /* main.m in Sources */ = {isa = PBXBuildFile; fileRef = A977B28E23EC04690052DF95 /* main.m */; };
		A977B29923EC046A0052DF95 /* __UIButton______Tests.m in Sources */ = {isa = PBXBuildFile; fileRef = A977B29823EC046A0052DF95 /* __UIButton______Tests.m */; };
		A977B2A423EC046A0052DF95 /* __UIButton______UITests.m in Sources */ = {isa = PBXBuildFile; fileRef = A977B2A323EC046A0052DF95 /* __UIButton______UITests.m */; };
		A977B2B423EC09B30052DF95 /* UIButton+LGDUIButtonExtension.m in Sources */ = {isa = PBXBuildFile; fileRef = A977B2B323EC09B30052DF95 /* UIButton+LGDUIButtonExtension.m */; };
/* End PBXBuildFile section */

/* Begin PBXContainerItemProxy section */
		A977B29523EC046A0052DF95 /* PBXContainerItemProxy */ = {
			isa = PBXContainerItemProxy;
			containerPortal = A977B27123EC04640052DF95 /* Project object */;
			proxyType = 1;
			remoteGlobalIDString = A977B27823EC04640052DF95;
			remoteInfo = "防止UIButton连续重复点击";
		};
		A977B2A023EC046A0052DF95 /* PBXContainerItemProxy */ = {
			isa = PBXContainerItemProxy;
			containerPortal = A977B27123EC04640052DF95 /* Project object */;
			proxyType = 1;
			remoteGlobalIDString = A977B27823EC04640052DF95;
			remoteInfo = "防止UIButton连续重复点击";
		};
/* End PBXContainerItemProxy section */

/* Begin PBXFileReference section */
		A977B27923EC04640052DF95 /* 防止UIButton连续重复点击.app */ = {isa = PBXFileReference; explicitFileType = wrapper.application; includeInIndex = 0; path = "防止UIButton连续重复点击.app"; sourceTree = BUILT_PRODUCTS_DIR; };
		A977B27C23EC04640052DF95 /* AppDelegate.h */ = {isa = PBXFileReference; lastKnownFileType = sourcecode.c.h; path = AppDelegate.h; sourceTree = "<group>"; };
		A977B27D23EC04640052DF95 /* AppDelegate.m */ = {isa = PBXFileReference; lastKnownFileType = sourcecode.c.objc; path = AppDelegate.m; sourceTree = "<group>"; };
		A977B27F23EC04640052DF95 /* SceneDelegate.h */ = {isa = PBXFileReference; lastKnownFileType = sourcecode.c.h; path = SceneDelegate.h; sourceTree = "<group>"; };
		A977B28023EC04640052DF95 /* SceneDelegate.m */ = {isa = PBXFileReference; lastKnownFileType = sourcecode.c.objc; path = SceneDelegate.m; sourceTree = "<group>"; };
		A977B28223EC04640052DF95 /* ViewController.h */ = {isa = PBXFileReference; lastKnownFileType = sourcecode.c.h; path = ViewController.h; sourceTree = "<group>"; };
		A977B28323EC04640052DF95 /* ViewController.m */ = {isa = PBXFileReference; lastKnownFileType = sourcecode.c.objc; path = ViewController.m; sourceTree = "<group>"; };
		A977B28623EC04640052DF95 /* Base */ = {isa = PBXFileReference; lastKnownFileType = file.storyboard; name = Base; path = Base.lproj/Main.storyboard; sourceTree = "<group>"; };
		A977B28823EC04690052DF95 /* Assets.xcassets */ = {isa = PBXFileReference; lastKnownFileType = folder.assetcatalog; path = Assets.xcassets; sourceTree = "<group>"; };
		A977B28B23EC04690052DF95 /* Base */ = {isa = PBXFileReference; lastKnownFileType = file.storyboard; name = Base; path = Base.lproj/LaunchScreen.storyboard; sourceTree = "<group>"; };
		A977B28D23EC04690052DF95 /* Info.plist */ = {isa = PBXFileReference; lastKnownFileType = text.plist.xml; path = Info.plist; sourceTree = "<group>"; };
		A977B28E23EC04690052DF95 /* main.m */ = {isa = PBXFileReference; lastKnownFileType = sourcecode.c.objc; path = main.m; sourceTree = "<group>"; };
		A977B29423EC046A0052DF95 /* 防止UIButton连续重复点击Tests.xctest */ = {isa = PBXFileReference; explicitFileType = wrapper.cfbundle; includeInIndex = 0; path = "防止UIButton连续重复点击Tests.xctest"; sourceTree = BUILT_PRODUCTS_DIR; };
		A977B29823EC046A0052DF95 /* __UIButton______Tests.m */ = {isa = PBXFileReference; lastKnownFileType = sourcecode.c.objc; path = "__UIButton______Tests.m"; sourceTree = "<group>"; };
		A977B29A23EC046A0052DF95 /* Info.plist */ = {isa = PBXFileReference; lastKnownFileType = text.plist.xml; path = Info.plist; sourceTree = "<group>"; };
		A977B29F23EC046A0052DF95 /* 防止UIButton连续重复点击UITests.xctest */ = {isa = PBXFileReference; explicitFileType = wrapper.cfbundle; includeInIndex = 0; path = "防止UIButton连续重复点击UITests.xctest"; sourceTree = BUILT_PRODUCTS_DIR; };
		A977B2A323EC046A0052DF95 /* __UIButton______UITests.m */ = {isa = PBXFileReference; lastKnownFileType = sourcecode.c.objc; path = "__UIButton______UITests.m"; sourceTree = "<group>"; };
		A977B2A523EC046A0052DF95 /* Info.plist */ = {isa = PBXFileReference; lastKnownFileType = text.plist.xml; path = Info.plist; sourceTree = "<group>"; };
		A977B2B223EC09B30052DF95 /* UIButton+LGDUIButtonExtension.h */ = {isa = PBXFileReference; lastKnownFileType = sourcecode.c.h; path = "UIButton+LGDUIButtonExtension.h"; sourceTree = "<group>"; };
		A977B2B323EC09B30052DF95 /* UIButton+LGDUIButtonExtension.m */ = {isa = PBXFileReference; lastKnownFileType = sourcecode.c.objc; path = "UIButton+LGDUIButtonExtension.m"; sourceTree = "<group>"; };
/* End PBXFileReference section */

/* Begin PBXFrameworksBuildPhase section */
		A977B27623EC04640052DF95 /* Frameworks */ = {
			isa = PBXFrameworksBuildPhase;
			buildActionMask = 2147483647;
			files = (
			);
			runOnlyForDeploymentPostprocessing = 0;
		};
		A977B29123EC046A0052DF95 /* Frameworks */ = {
			isa = PBXFrameworksBuildPhase;
			buildActionMask = 2147483647;
			files = (
			);
			runOnlyForDeploymentPostprocessing = 0;
		};
		A977B29C23EC046A0052DF95 /* Frameworks */ = {
			isa = PBXFrameworksBuildPhase;
			buildActionMask = 2147483647;
			files = (
			);
			runOnlyForDeploymentPostprocessing = 0;
		};
/* End PBXFrameworksBuildPhase section */

/* Begin PBXGroup section */
		A977B27023EC04640052DF95 = {
			isa = PBXGroup;
			children = (
				A977B27B23EC04640052DF95 /* 防止UIButton连续重复点击 */,
				A977B29723EC046A0052DF95 /* 防止UIButton连续重复点击Tests */,
				A977B2A223EC046A0052DF95 /* 防止UIButton连续重复点击UITests */,
				A977B27A23EC04640052DF95 /* Products */,
			);
			sourceTree = "<group>";
		};
		A977B27A23EC04640052DF95 /* Products */ = {
			isa = PBXGroup;
			children = (
				A977B27923EC04640052DF95 /* 防止UIButton连续重复点击.app */,
				A977B29423EC046A0052DF95 /* 防止UIButton连续重复点击Tests.xctest */,
				A977B29F23EC046A0052DF95 /* 防止UIButton连续重复点击UITests.xctest */,
			);
			name = Products;
			sourceTree = "<group>";
		};
		A977B27B23EC04640052DF95 /* 防止UIButton连续重复点击 */ = {
			isa = PBXGroup;
			children = (
				A977B27C23EC04640052DF95 /* AppDelegate.h */,
				A977B27D23EC04640052DF95 /* AppDelegate.m */,
				A977B27F23EC04640052DF95 /* SceneDelegate.h */,
				A977B28023EC04640052DF95 /* SceneDelegate.m */,
				A977B28223EC04640052DF95 /* ViewController.h */,
				A977B28323EC04640052DF95 /* ViewController.m */,
				A977B28523EC04640052DF95 /* Main.storyboard */,
				A977B28823EC04690052DF95 /* Assets.xcassets */,
				A977B28A23EC04690052DF95 /* LaunchScreen.storyboard */,
				A977B28D23EC04690052DF95 /* Info.plist */,
				A977B28E23EC04690052DF95 /* main.m */,
				A977B2B223EC09B30052DF95 /* UIButton+LGDUIButtonExtension.h */,
				A977B2B323EC09B30052DF95 /* UIButton+LGDUIButtonExtension.m */,
			);
			path = "防止UIButton连续重复点击";
			sourceTree = "<group>";
		};
		A977B29723EC046A0052DF95 /* 防止UIButton连续重复点击Tests */ = {
			isa = PBXGroup;
			children = (
				A977B29823EC046A0052DF95 /* __UIButton______Tests.m */,
				A977B29A23EC046A0052DF95 /* Info.plist */,
			);
			path = "防止UIButton连续重复点击Tests";
			sourceTree = "<group>";
		};
		A977B2A223EC046A0052DF95 /* 防止UIButton连续重复点击UITests */ = {
			isa = PBXGroup;
			children = (
				A977B2A323EC046A0052DF95 /* __UIButton______UITests.m */,
				A977B2A523EC046A0052DF95 /* Info.plist */,
			);
			path = "防止UIButton连续重复点击UITests";
			sourceTree = "<group>";
		};
/* End PBXGroup section */

/* Begin PBXNativeTarget section */
		A977B27823EC04640052DF95 /* 防止UIButton连续重复点击 */ = {
			isa = PBXNativeTarget;
			buildConfigurationList = A977B2A823EC046A0052DF95 /* Build configuration list for PBXNativeTarget "防止UIButton连续重复点击" */;
			buildPhases = (
				A977B27523EC04640052DF95 /* Sources */,
				A977B27623EC04640052DF95 /* Frameworks */,
				A977B27723EC04640052DF95 /* Resources */,
			);
			buildRules = (
			);
			dependencies = (
			);
			name = "防止UIButton连续重复点击";
			productName = "防止UIButton连续重复点击";
			productReference = A977B27923EC04640052DF95 /* 防止UIButton连续重复点击.app */;
			productType = "com.apple.product-type.application";
		};
		A977B29323EC046A0052DF95 /* 防止UIButton连续重复点击Tests */ = {
			isa = PBXNativeTarget;
			buildConfigurationList = A977B2AB23EC046A0052DF95 /* Build configuration list for PBXNativeTarget "防止UIButton连续重复点击Tests" */;
			buildPhases = (
				A977B29023EC046A0052DF95 /* Sources */,
				A977B29123EC046A0052DF95 /* Frameworks */,
				A977B29223EC046A0052DF95 /* Resources */,
			);
			buildRules = (
			);
			dependencies = (
				A977B29623EC046A0052DF95 /* PBXTargetDependency */,
			);
			name = "防止UIButton连续重复点击Tests";
			productName = "防止UIButton连续重复点击Tests";
			productReference = A977B29423EC046A0052DF95 /* 防止UIButton连续重复点击Tests.xctest */;
			productType = "com.apple.product-type.bundle.unit-test";
		};
		A977B29E23EC046A0052DF95 /* 防止UIButton连续重复点击UITests */ = {
			isa = PBXNativeTarget;
			buildConfigurationList = A977B2AE23EC046A0052DF95 /* Build configuration list for PBXNativeTarget "防止UIButton连续重复点击UITests" */;
			buildPhases = (
				A977B29B23EC046A0052DF95 /* Sources */,
				A977B29C23EC046A0052DF95 /* Frameworks */,
				A977B29D23EC046A0052DF95 /* Resources */,
			);
			buildRules = (
			);
			dependencies = (
				A977B2A123EC046A0052DF95 /* PBXTargetDependency */,
			);
			name = "防止UIButton连续重复点击UITests";
			productName = "防止UIButton连续重复点击UITests";
			productReference = A977B29F23EC046A0052DF95 /* 防止UIButton连续重复点击UITests.xctest */;
			productType = "com.apple.product-type.bundle.ui-testing";
		};
/* End PBXNativeTarget section */

/* Begin PBXProject section */
		A977B27123EC04640052DF95 /* Project object */ = {
			isa = PBXProject;
			attributes = {
				LastUpgradeCheck = 1130;
				ORGANIZATIONNAME = shijunnian;
				TargetAttributes = {
					A977B27823EC04640052DF95 = {
						CreatedOnToolsVersion = 11.3;
					};
					A977B29323EC046A0052DF95 = {
						CreatedOnToolsVersion = 11.3;
						TestTargetID = A977B27823EC04640052DF95;
					};
					A977B29E23EC046A0052DF95 = {
						CreatedOnToolsVersion = 11.3;
						TestTargetID = A977B27823EC04640052DF95;
					};
				};
			};
			buildConfigurationList = A977B27423EC04640052DF95 /* Build configuration list for PBXProject "防止UIButton连续重复点击" */;
			compatibilityVersion = "Xcode 9.3";
			developmentRegion = en;
			hasScannedForEncodings = 0;
			knownRegions = (
				en,
				Base,
			);
			mainGroup = A977B27023EC04640052DF95;
			productRefGroup = A977B27A23EC04640052DF95 /* Products */;
			projectDirPath = "";
			projectRoot = "";
			targets = (
				A977B27823EC04640052DF95 /* 防止UIButton连续重复点击 */,
				A977B29323EC046A0052DF95 /* 防止UIButton连续重复点击Tests */,
				A977B29E23EC046A0052DF95 /* 防止UIButton连续重复点击UITests */,
			);
		};
/* End PBXProject section */

/* Begin PBXResourcesBuildPhase section */
		A977B27723EC04640052DF95 /* Resources */ = {
			isa = PBXResourcesBuildPhase;
			buildActionMask = 2147483647;
			files = (
				A977B28C23EC04690052DF95 /* LaunchScreen.storyboard in Resources */,
				A977B28923EC04690052DF95 /* Assets.xcassets in Resources */,
				A977B28723EC04640052DF95 /* Main.storyboard in Resources */,
			);
			runOnlyForDeploymentPostprocessing = 0;
		};
		A977B29223EC046A0052DF95 /* Resources */ = {
			isa = PBXResourcesBuildPhase;
			buildActionMask = 2147483647;
			files = (
			);
			runOnlyForDeploymentPostprocessing = 0;
		};
		A977B29D23EC046A0052DF95 /* Resources */ = {
			isa = PBXResourcesBuildPhase;
			buildActionMask = 2147483647;
			files = (
			);
			runOnlyForDeploymentPostprocessing = 0;
		};
/* End PBXResourcesBuildPhase section */

/* Begin PBXSourcesBuildPhase section */
		A977B27523EC04640052DF95 /* Sources */ = {
			isa = PBXSourcesBuildPhase;
			buildActionMask = 2147483647;
			files = (
				A977B2B423EC09B30052DF95 /* UIButton+LGDUIButtonExtension.m in Sources */,
				A977B28423EC04640052DF95 /* ViewController.m in Sources */,
				A977B27E23EC04640052DF95 /* AppDelegate.m in Sources */,
				A977B28F23EC04690052DF95 /* main.m in Sources */,
				A977B28123EC04640052DF95 /* SceneDelegate.m in Sources */,
			);
			runOnlyForDeploymentPostprocessing = 0;
		};
		A977B29023EC046A0052DF95 /* Sources */ = {
			isa = PBXSourcesBuildPhase;
			buildActionMask = 2147483647;
			files = (
				A977B29923EC046A0052DF95 /* __UIButton______Tests.m in Sources */,
			);
			runOnlyForDeploymentPostprocessing = 0;
		};
		A977B29B23EC046A0052DF95 /* Sources */ = {
			isa = PBXSourcesBuildPhase;
			buildActionMask = 2147483647;
			files = (
				A977B2A423EC046A0052DF95 /* __UIButton______UITests.m in Sources */,
			);
			runOnlyForDeploymentPostprocessing = 0;
		};
/* End PBXSourcesBuildPhase section */

/* Begin PBXTargetDependency section */
		A977B29623EC046A0052DF95 /* PBXTargetDependency */ = {
			isa = PBXTargetDependency;
			target = A977B27823EC04640052DF95 /* 防止UIButton连续重复点击 */;
			targetProxy = A977B29523EC046A0052DF95 /* PBXContainerItemProxy */;
		};
		A977B2A123EC046A0052DF95 /* PBXTargetDependency */ = {
			isa = PBXTargetDependency;
			target = A977B27823EC04640052DF95 /* 防止UIButton连续重复点击 */;
			targetProxy = A977B2A023EC046A0052DF95 /* PBXContainerItemProxy */;
		};
/* End PBXTargetDependency section */

/* Begin PBXVariantGroup section */
		A977B28523EC04640052DF95 /* Main.storyboard */ = {
			isa = PBXVariantGroup;
			children = (
				A977B28623EC04640052DF95 /* Base */,
			);
			name = Main.storyboard;
			sourceTree = "<group>";
		};
		A977B28A23EC04690052DF95 /* LaunchScreen.storyboard */ = {
			isa = PBXVariantGroup;
			children = (
				A977B28B23EC04690052DF95 /* Base */,
			);
			name = LaunchScreen.storyboard;
			sourceTree = "<group>";
		};
/* End PBXVariantGroup section */

/* Begin XCBuildConfiguration section */
		A977B2A623EC046A0052DF95 /* Debug */ = {
			isa = XCBuildConfiguration;
			buildSettings = {
				ALWAYS_SEARCH_USER_PATHS = NO;
				CLANG_ANALYZER_NONNULL = YES;
				CLANG_ANALYZER_NUMBER_OBJECT_CONVERSION = YES_AGGRESSIVE;
				CLANG_CXX_LANGUAGE_STANDARD = "gnu++14";
				CLANG_CXX_LIBRARY = "libc++";
				CLANG_ENABLE_MODULES = YES;
				CLANG_ENABLE_OBJC_ARC = YES;
				CLANG_ENABLE_OBJC_WEAK = YES;
				CLANG_WARN_BLOCK_CAPTURE_AUTORELEASING = YES;
				CLANG_WARN_BOOL_CONVERSION = YES;
				CLANG_WARN_COMMA = YES;
				CLANG_WARN_CONSTANT_CONVERSION = YES;
				CLANG_WARN_DEPRECATED_OBJC_IMPLEMENTATIONS = YES;
				CLANG_WARN_DIRECT_OBJC_ISA_USAGE = YES_ERROR;
				CLANG_WARN_DOCUMENTATION_COMMENTS = YES;
				CLANG_WARN_EMPTY_BODY = YES;
				CLANG_WARN_ENUM_CONVERSION = YES;
				CLANG_WARN_INFINITE_RECURSION = YES;
				CLANG_WARN_INT_CONVERSION = YES;
				CLANG_WARN_NON_LITERAL_NULL_CONVERSION = YES;
				CLANG_WARN_OBJC_IMPLICIT_RETAIN_SELF = YES;
				CLANG_WARN_OBJC_LITERAL_CONVERSION = YES;
				CLANG_WARN_OBJC_ROOT_CLASS = YES_ERROR;
				CLANG_WARN_RANGE_LOOP_ANALYSIS = YES;
				CLANG_WARN_STRICT_PROTOTYPES = YES;
				CLANG_WARN_SUSPICIOUS_MOVE = YES;
				CLANG_WARN_UNGUARDED_AVAILABILITY = YES_AGGRESSIVE;
				CLANG_WARN_UNREACHABLE_CODE = YES;
				CLANG_WARN__DUPLICATE_METHOD_MATCH = YES;
				COPY_PHASE_STRIP = NO;
				DEBUG_INFORMATION_FORMAT = dwarf;
				ENABLE_STRICT_OBJC_MSGSEND = YES;
				ENABLE_TESTABILITY = YES;
				GCC_C_LANGUAGE_STANDARD = gnu11;
				GCC_DYNAMIC_NO_PIC = NO;
				GCC_NO_COMMON_BLOCKS = YES;
				GCC_OPTIMIZATION_LEVEL = 0;
				GCC_PREPROCESSOR_DEFINITIONS = (
					"DEBUG=1",
					"$(inherited)",
				);
				GCC_WARN_64_TO_32_BIT_CONVERSION = YES;
				GCC_WARN_ABOUT_RETURN_TYPE = YES_ERROR;
				GCC_WARN_UNDECLARED_SELECTOR = YES;
				GCC_WARN_UNINITIALIZED_AUTOS = YES_AGGRESSIVE;
				GCC_WARN_UNUSED_FUNCTION = YES;
				GCC_WARN_UNUSED_VARIABLE = YES;
				IPHONEOS_DEPLOYMENT_TARGET = 13.2;
				MTL_ENABLE_DEBUG_INFO = INCLUDE_SOURCE;
				MTL_FAST_MATH = YES;
				ONLY_ACTIVE_ARCH = YES;
				SDKROOT = iphoneos;
			};
			name = Debug;
		};
		A977B2A723EC046A0052DF95 /* Release */ = {
			isa = XCBuildConfiguration;
			buildSettings = {
				ALWAYS_SEARCH_USER_PATHS = NO;
				CLANG_ANALYZER_NONNULL = YES;
				CLANG_ANALYZER_NUMBER_OBJECT_CONVERSION = YES_AGGRESSIVE;
				CLANG_CXX_LANGUAGE_STANDARD = "gnu++14";
				CLANG_CXX_LIBRARY = "libc++";
				CLANG_ENABLE_MODULES = YES;
				CLANG_ENABLE_OBJC_ARC = YES;
				CLANG_ENABLE_OBJC_WEAK = YES;
				CLANG_WARN_BLOCK_CAPTURE_AUTORELEASING = YES;
				CLANG_WARN_BOOL_CONVERSION = YES;
				CLANG_WARN_COMMA = YES;
				CLANG_WARN_CONSTANT_CONVERSION = YES;
				CLANG_WARN_DEPRECATED_OBJC_IMPLEMENTATIONS = YES;
				CLANG_WARN_DIRECT_OBJC_ISA_USAGE = YES_ERROR;
				CLANG_WARN_DOCUMENTATION_COMMENTS = YES;
				CLANG_WARN_EMPTY_BODY = YES;
				CLANG_WARN_ENUM_CONVERSION = YES;
				CLANG_WARN_INFINITE_RECURSION = YES;
				CLANG_WARN_INT_CONVERSION = YES;
				CLANG_WARN_NON_LITERAL_NULL_CONVERSION = YES;
				CLANG_WARN_OBJC_IMPLICIT_RETAIN_SELF = YES;
				CLANG_WARN_OBJC_LITERAL_CONVERSION = YES;
				CLANG_WARN_OBJC_ROOT_CLASS = YES_ERROR;
				CLANG_WARN_RANGE_LOOP_ANALYSIS = YES;
				CLANG_WARN_STRICT_PROTOTYPES = YES;
				CLANG_WARN_SUSPICIOUS_MOVE = YES;
				CLANG_WARN_UNGUARDED_AVAILABILITY = YES_AGGRESSIVE;
				CLANG_WARN_UNREACHABLE_CODE = YES;
				CLANG_WARN__DUPLICATE_METHOD_MATCH = YES;
				COPY_PHASE_STRIP = NO;
				DEBUG_INFORMATION_FORMAT = "dwarf-with-dsym";
				ENABLE_NS_ASSERTIONS = NO;
				ENABLE_STRICT_OBJC_MSGSEND = YES;
				GCC_C_LANGUAGE_STANDARD = gnu11;
				GCC_NO_COMMON_BLOCKS = YES;
				GCC_WARN_64_TO_32_BIT_CONVERSION = YES;
				GCC_WARN_ABOUT_RETURN_TYPE = YES_ERROR;
				GCC_WARN_UNDECLARED_SELECTOR = YES;
				GCC_WARN_UNINITIALIZED_AUTOS = YES_AGGRESSIVE;
				GCC_WARN_UNUSED_FUNCTION = YES;
				GCC_WARN_UNUSED_VARIABLE = YES;
				IPHONEOS_DEPLOYMENT_TARGET = 13.2;
				MTL_ENABLE_DEBUG_INFO = NO;
				MTL_FAST_MATH = YES;
				SDKROOT = iphoneos;
				VALIDATE_PRODUCT = YES;
			};
			name = Release;
		};
		A977B2A923EC046A0052DF95 /* Debug */ = {
			isa = XCBuildConfiguration;
			buildSettings = {
				ASSETCATALOG_COMPILER_APPICON_NAME = AppIcon;
				CODE_SIGN_STYLE = Automatic;
				DEVELOPMENT_TEAM = MC32WL4XZA;
				INFOPLIST_FILE = "防止UIButton连续重复点击/Info.plist";
				LD_RUNPATH_SEARCH_PATHS = (
					"$(inherited)",
					"@executable_path/Frameworks",
				);
				PRODUCT_BUNDLE_IDENTIFIER = "com.--UIButton------";
				PRODUCT_NAME = "$(TARGET_NAME)";
				TARGETED_DEVICE_FAMILY = "1,2";
			};
			name = Debug;
		};
		A977B2AA23EC046A0052DF95 /* Release */ = {
			isa = XCBuildConfiguration;
			buildSettings = {
				ASSETCATALOG_COMPILER_APPICON_NAME = AppIcon;
				CODE_SIGN_STYLE = Automatic;
				DEVELOPMENT_TEAM = MC32WL4XZA;
				INFOPLIST_FILE = "防止UIButton连续重复点击/Info.plist";
				LD_RUNPATH_SEARCH_PATHS = (
					"$(inherited)",
					"@executable_path/Frameworks",
				);
				PRODUCT_BUNDLE_IDENTIFIER = "com.--UIButton------";
				PRODUCT_NAME = "$(TARGET_NAME)";
				TARGETED_DEVICE_FAMILY = "1,2";
			};
			name = Release;
		};
		A977B2AC23EC046A0052DF95 /* Debug */ = {
			isa = XCBuildConfiguration;
			buildSettings = {
				BUNDLE_LOADER = "$(TEST_HOST)";
				CODE_SIGN_STYLE = Automatic;
				DEVELOPMENT_TEAM = MC32WL4XZA;
				INFOPLIST_FILE = "防止UIButton连续重复点击Tests/Info.plist";
				IPHONEOS_DEPLOYMENT_TARGET = 13.2;
				LD_RUNPATH_SEARCH_PATHS = (
					"$(inherited)",
					"@executable_path/Frameworks",
					"@loader_path/Frameworks",
				);
				PRODUCT_BUNDLE_IDENTIFIER = "com.--UIButton------Tests";
				PRODUCT_NAME = "$(TARGET_NAME)";
				TARGETED_DEVICE_FAMILY = "1,2";
				TEST_HOST = "$(BUILT_PRODUCTS_DIR)/防止UIButton连续重复点击.app/防止UIButton连续重复点击";
			};
			name = Debug;
		};
		A977B2AD23EC046A0052DF95 /* Release */ = {
			isa = XCBuildConfiguration;
			buildSettings = {
				BUNDLE_LOADER = "$(TEST_HOST)";
				CODE_SIGN_STYLE = Automatic;
				DEVELOPMENT_TEAM = MC32WL4XZA;
				INFOPLIST_FILE = "防止UIButton连续重复点击Tests/Info.plist";
				IPHONEOS_DEPLOYMENT_TARGET = 13.2;
				LD_RUNPATH_SEARCH_PATHS = (
					"$(inherited)",
					"@executable_path/Frameworks",
					"@loader_path/Frameworks",
				);
				PRODUCT_BUNDLE_IDENTIFIER = "com.--UIButton------Tests";
				PRODUCT_NAME = "$(TARGET_NAME)";
				TARGETED_DEVICE_FAMILY = "1,2";
				TEST_HOST = "$(BUILT_PRODUCTS_DIR)/防止UIButton连续重复点击.app/防止UIButton连续重复点击";
			};
			name = Release;
		};
		A977B2AF23EC046A0052DF95 /* Debug */ = {
			isa = XCBuildConfiguration;
			buildSettings = {
				CODE_SIGN_STYLE = Automatic;
				DEVELOPMENT_TEAM = MC32WL4XZA;
				INFOPLIST_FILE = "防止UIButton连续重复点击UITests/Info.plist";
				LD_RUNPATH_SEARCH_PATHS = (
					"$(inherited)",
					"@executable_path/Frameworks",
					"@loader_path/Frameworks",
				);
				PRODUCT_BUNDLE_IDENTIFIER = "com.--UIButton------UITests";
				PRODUCT_NAME = "$(TARGET_NAME)";
				TARGETED_DEVICE_FAMILY = "1,2";
				TEST_TARGET_NAME = "防止UIButton连续重复点击";
			};
			name = Debug;
		};
		A977B2B023EC046A0052DF95 /* Release */ = {
			isa = XCBuildConfiguration;
			buildSettings = {
				CODE_SIGN_STYLE = Automatic;
				DEVELOPMENT_TEAM = MC32WL4XZA;
				INFOPLIST_FILE = "防止UIButton连续重复点击UITests/Info.plist";
				LD_RUNPATH_SEARCH_PATHS = (
					"$(inherited)",
					"@executable_path/Frameworks",
					"@loader_path/Frameworks",
				);
				PRODUCT_BUNDLE_IDENTIFIER = "com.--UIButton------UITests";
				PRODUCT_NAME = "$(TARGET_NAME)";
				TARGETED_DEVICE_FAMILY = "1,2";
				TEST_TARGET_NAME = "防止UIButton连续重复点击";
			};
			name = Release;
		};
/* End XCBuildConfiguration section */

/* Begin XCConfigurationList section */
		A977B27423EC04640052DF95 /* Build configuration list for PBXProject "防止UIButton连续重复点击" */ = {
			isa = XCConfigurationList;
			buildConfigurations = (
				A977B2A623EC046A0052DF95 /* Debug */,
				A977B2A723EC046A0052DF95 /* Release */,
			);
			defaultConfigurationIsVisible = 0;
			defaultConfigurationName = Release;
		};
		A977B2A823EC046A0052DF95 /* Build configuration list for PBXNativeTarget "防止UIButton连续重复点击" */ = {
			isa = XCConfigurationList;
			buildConfigurations = (
				A977B2A923EC046A0052DF95 /* Debug */,
				A977B2AA23EC046A0052DF95 /* Release */,
			);
			defaultConfigurationIsVisible = 0;
			defaultConfigurationName = Release;
		};
		A977B2AB23EC046A0052DF95 /* Build configuration list for PBXNativeTarget "防止UIButton连续重复点击Tests" */ = {
			isa = XCConfigurationList;
			buildConfigurations = (
				A977B2AC23EC046A0052DF95 /* Debug */,
				A977B2AD23EC046A0052DF95 /* Release */,
			);
			defaultConfigurationIsVisible = 0;
			defaultConfigurationName = Release;
		};
		A977B2AE23EC046A0052DF95 /* Build configuration list for PBXNativeTarget "防止UIButton连续重复点击UITests" */ = {
			isa = XCConfigurationList;
			buildConfigurations = (
				A977B2AF23EC046A0052DF95 /* Debug */,
				A977B2B023EC046A0052DF95 /* Release */,
			);
			defaultConfigurationIsVisible = 0;
			defaultConfigurationName = Release;
		};
/* End XCConfigurationList section */
	};
	rootObject = A977B27123EC04640052DF95 /* Project object */;
}
